
Microsoft Visual Studio Solution File, Format Version 12.00
# Visual Studio 2012
Project("{FAE04EC0-301F-11D3-BF4B-00C04F79EFBC}") = "Hydra", "Hydra\Hydra.csproj", "{38E6867F-8C1C-4FBB-8E83-9F50A7F96E54}"
EndProject
Project("{FAE04EC0-301F-11D3-BF4B-00C04F79EFBC}") = "Hydra.Unity", "Hydra.Unity\Hydra.Unity.csproj", "{9ED80C67-F60F-4CD5-A1C8-DF4B8913E69A}"
EndProject
Project("{FAE04EC0-301F-11D3-BF4B-00C04F79EFBC}") = "Hydra.Unity.Test", "Hydra.Unity.Test\Hydra.Unity.Test.csproj", "{12A3BC58-9915-496B-A9C5-D43DD56A1CF2}"
EndProject
Project("{FAE04EC0-301F-11D3-BF4B-00C04F79EFBC}") = "Hydra.Infrastructure", "Hydra.Infrastructure\Hydra.Infrastructure.csproj", "{DA9F1B57-18BD-451F-A3FA-7D149849A8BD}"
EndProject
Project("{FAE04EC0-301F-11D3-BF4B-00C04F79EFBC}") = "Hydra.Infrastructure.Test", "Hydra.Infrastructure.Test\Hydra.Infrastructure.Test.csproj", "{D1C66A40-34A0-4469-882F-6AAC542E17B1}"
EndProject
Project("{2150E333-8FDC-42A3-9474-1A3956D46DE8}") = "Solution Items", "Solution Items", "{5A85E038-D7CC-441D-86A2-5F4DB46F22F8}"
	ProjectSection(SolutionItems) = preProject
		clean.bat = clean.bat
		CommonFiles\GlobalAssemblyVersion.cs = CommonFiles\GlobalAssemblyVersion.cs
		Hydra.msbuild = Hydra.msbuild
		CommonFiles\Hydra.targets = CommonFiles\Hydra.targets
	EndProjectSection
EndProject
Project("{FAE04EC0-301F-11D3-BF4B-00C04F79EFBC}") = "Hydra.Test", "Hydra.Test\Hydra.Test.csproj", "{3D90F012-58D9-4DC7-B72E-282E5859EE08}"
EndProject
Project("{2150E333-8FDC-42A3-9474-1A3956D46DE8}") = "99 Tests", "99 Tests", "{514BA452-29A0-46B4-83F0-C2308EFEAF24}"
EndProject
Project("{2150E333-8FDC-42A3-9474-1A3956D46DE8}") = "10 Application", "10 Application", "{AA32BD2B-218F-43A1-B556-ACD0E83CE105}"
EndProject
Project("{2150E333-8FDC-42A3-9474-1A3956D46DE8}") = "50 Themes", "50 Themes", "{4F9CD390-11F1-4F07-A60C-8DB73817538F}"
EndProject
Project("{FAE04EC0-301F-11D3-BF4B-00C04F79EFBC}") = "Hydra.Theming.Blue", "Hydra.Theming.Blue\Hydra.Theming.Blue.csproj", "{4DEDE7A4-387F-49D7-8C16-60C81CE68E6E}"
EndProject
Project("{FAE04EC0-301F-11D3-BF4B-00C04F79EFBC}") = "Hydra.Theming.Green", "Hydra.Theming.Green\Hydra.Theming.Green.csproj", "{2516F964-664E-4093-ABAF-2AD588253A01}"
EndProject
Project("{FAE04EC0-301F-11D3-BF4B-00C04F79EFBC}") = "Hydra.Import", "Hydra.Import\Hydra.Import.csproj", "{1A25F022-39AC-44AB-BEA7-58821D4369AC}"
EndProject
Project("{FAE04EC0-301F-11D3-BF4B-00C04F79EFBC}") = "Hydra.Import.Test", "Hydra.Import.Test\Hydra.Import.Test.csproj", "{86879670-6765-4989-B890-21225370F8F8}"
EndProject
Project("{FAE04EC0-301F-11D3-BF4B-00C04F79EFBC}") = "Hydra.TestTools", "Hydra.TestTools\Hydra.TestTools.csproj", "{F026B613-38EB-4CAA-9909-042F2364D258}"
EndProject
Project("{2150E333-8FDC-42A3-9474-1A3956D46DE8}") = "20 Jobs", "20 Jobs", "{99EF3AC0-0F62-4C4C-8276-1683A3964E16}"
EndProject
Project("{FAE04EC0-301F-11D3-BF4B-00C04F79EFBC}") = "Hydra.Jobs.Client", "Hydra.Jobs.Client\Hydra.Jobs.Client.csproj", "{142991E5-4D24-42E8-BF52-14DA01764D2A}"
EndProject
Project("{FAE04EC0-301F-11D3-BF4B-00C04F79EFBC}") = "Hydra.Jobs.Server", "Hydra.Jobs.Server\Hydra.Jobs.Server.csproj", "{7566E165-F577-437B-9FC1-D4E5C1770075}"
EndProject
Project("{FAE04EC0-301F-11D3-BF4B-00C04F79EFBC}") = "Hydra.Jobs", "Hydra.Jobs\Hydra.Jobs.csproj", "{80DAA91F-9C90-42FC-B60A-D584AF31DB65}"
EndProject
Project("{FAE04EC0-301F-11D3-BF4B-00C04F79EFBC}") = "Hydra.Jobs.Test", "Hydra.Jobs.Test\Hydra.Jobs.Test.csproj", "{C80711D9-767A-454E-8C06-B19C5859D7CA}"
EndProject
Global
	GlobalSection(SolutionConfigurationPlatforms) = preSolution
		Debug|Any CPU = Debug|Any CPU
		Release|Any CPU = Release|Any CPU
	EndGlobalSection
	GlobalSection(ProjectConfigurationPlatforms) = postSolution
		{38E6867F-8C1C-4FBB-8E83-9F50A7F96E54}.Debug|Any CPU.ActiveCfg = Debug|Any CPU
		{38E6867F-8C1C-4FBB-8E83-9F50A7F96E54}.Debug|Any CPU.Build.0 = Debug|Any CPU
		{38E6867F-8C1C-4FBB-8E83-9F50A7F96E54}.Release|Any CPU.ActiveCfg = Release|Any CPU
		{38E6867F-8C1C-4FBB-8E83-9F50A7F96E54}.Release|Any CPU.Build.0 = Release|Any CPU
		{9ED80C67-F60F-4CD5-A1C8-DF4B8913E69A}.Debug|Any CPU.ActiveCfg = Debug|Any CPU
		{9ED80C67-F60F-4CD5-A1C8-DF4B8913E69A}.Debug|Any CPU.Build.0 = Debug|Any CPU
		{9ED80C67-F60F-4CD5-A1C8-DF4B8913E69A}.Release|Any CPU.ActiveCfg = Release|Any CPU
		{9ED80C67-F60F-4CD5-A1C8-DF4B8913E69A}.Release|Any CPU.Build.0 = Release|Any CPU
		{12A3BC58-9915-496B-A9C5-D43DD56A1CF2}.Debug|Any CPU.ActiveCfg = Debug|Any CPU
		{12A3BC58-9915-496B-A9C5-D43DD56A1CF2}.Debug|Any CPU.Build.0 = Debug|Any CPU
		{12A3BC58-9915-496B-A9C5-D43DD56A1CF2}.Release|Any CPU.ActiveCfg = Release|Any CPU
		{12A3BC58-9915-496B-A9C5-D43DD56A1CF2}.Release|Any CPU.Build.0 = Release|Any CPU
		{DA9F1B57-18BD-451F-A3FA-7D149849A8BD}.Debug|Any CPU.ActiveCfg = Debug|Any CPU
		{DA9F1B57-18BD-451F-A3FA-7D149849A8BD}.Debug|Any CPU.Build.0 = Debug|Any CPU
		{DA9F1B57-18BD-451F-A3FA-7D149849A8BD}.Release|Any CPU.ActiveCfg = Release|Any CPU
		{DA9F1B57-18BD-451F-A3FA-7D149849A8BD}.Release|Any CPU.Build.0 = Release|Any CPU
		{D1C66A40-34A0-4469-882F-6AAC542E17B1}.Debug|Any CPU.ActiveCfg = Debug|Any CPU
		{D1C66A40-34A0-4469-882F-6AAC542E17B1}.Debug|Any CPU.Build.0 = Debug|Any CPU
		{D1C66A40-34A0-4469-882F-6AAC542E17B1}.Release|Any CPU.ActiveCfg = Release|Any CPU
		{D1C66A40-34A0-4469-882F-6AAC542E17B1}.Release|Any CPU.Build.0 = Release|Any CPU
		{3D90F012-58D9-4DC7-B72E-282E5859EE08}.Debug|Any CPU.ActiveCfg = Debug|Any CPU
		{3D90F012-58D9-4DC7-B72E-282E5859EE08}.Debug|Any CPU.Build.0 = Debug|Any CPU
		{3D90F012-58D9-4DC7-B72E-282E5859EE08}.Release|Any CPU.ActiveCfg = Release|Any CPU
		{3D90F012-58D9-4DC7-B72E-282E5859EE08}.Release|Any CPU.Build.0 = Release|Any CPU
		{4DEDE7A4-387F-49D7-8C16-60C81CE68E6E}.Debug|Any CPU.ActiveCfg = Debug|Any CPU
		{4DEDE7A4-387F-49D7-8C16-60C81CE68E6E}.Debug|Any CPU.Build.0 = Debug|Any CPU
		{4DEDE7A4-387F-49D7-8C16-60C81CE68E6E}.Release|Any CPU.ActiveCfg = Release|Any CPU
		{4DEDE7A4-387F-49D7-8C16-60C81CE68E6E}.Release|Any CPU.Build.0 = Release|Any CPU
		{2516F964-664E-4093-ABAF-2AD588253A01}.Debug|Any CPU.ActiveCfg = Debug|Any CPU
		{2516F964-664E-4093-ABAF-2AD588253A01}.Debug|Any CPU.Build.0 = Debug|Any CPU
		{2516F964-664E-4093-ABAF-2AD588253A01}.Release|Any CPU.ActiveCfg = Release|Any CPU
		{2516F964-664E-4093-ABAF-2AD588253A01}.Release|Any CPU.Build.0 = Release|Any CPU
		{1A25F022-39AC-44AB-BEA7-58821D4369AC}.Debug|Any CPU.ActiveCfg = Debug|Any CPU
		{1A25F022-39AC-44AB-BEA7-58821D4369AC}.Debug|Any CPU.Build.0 = Debug|Any CPU
		{1A25F022-39AC-44AB-BEA7-58821D4369AC}.Release|Any CPU.ActiveCfg = Release|Any CPU
		{1A25F022-39AC-44AB-BEA7-58821D4369AC}.Release|Any CPU.Build.0 = Release|Any CPU
		{86879670-6765-4989-B890-21225370F8F8}.Debug|Any CPU.ActiveCfg = Debug|Any CPU
		{86879670-6765-4989-B890-21225370F8F8}.Debug|Any CPU.Build.0 = Debug|Any CPU
		{86879670-6765-4989-B890-21225370F8F8}.Release|Any CPU.ActiveCfg = Release|Any CPU
		{86879670-6765-4989-B890-21225370F8F8}.Release|Any CPU.Build.0 = Release|Any CPU
		{F026B613-38EB-4CAA-9909-042F2364D258}.Debug|Any CPU.ActiveCfg = Debug|Any CPU
		{F026B613-38EB-4CAA-9909-042F2364D258}.Debug|Any CPU.Build.0 = Debug|Any CPU
		{F026B613-38EB-4CAA-9909-042F2364D258}.Release|Any CPU.ActiveCfg = Release|Any CPU
		{F026B613-38EB-4CAA-9909-042F2364D258}.Release|Any CPU.Build.0 = Release|Any CPU
		{142991E5-4D24-42E8-BF52-14DA01764D2A}.Debug|Any CPU.ActiveCfg = Debug|Any CPU
		{142991E5-4D24-42E8-BF52-14DA01764D2A}.Debug|Any CPU.Build.0 = Debug|Any CPU
		{142991E5-4D24-42E8-BF52-14DA01764D2A}.Release|Any CPU.ActiveCfg = Release|Any CPU
		{142991E5-4D24-42E8-BF52-14DA01764D2A}.Release|Any CPU.Build.0 = Release|Any CPU
		{7566E165-F577-437B-9FC1-D4E5C1770075}.Debug|Any CPU.ActiveCfg = Debug|Any CPU
		{7566E165-F577-437B-9FC1-D4E5C1770075}.Debug|Any CPU.Build.0 = Debug|Any CPU
		{7566E165-F577-437B-9FC1-D4E5C1770075}.Release|Any CPU.ActiveCfg = Release|Any CPU
		{7566E165-F577-437B-9FC1-D4E5C1770075}.Release|Any CPU.Build.0 = Release|Any CPU
		{80DAA91F-9C90-42FC-B60A-D584AF31DB65}.Debug|Any CPU.ActiveCfg = Debug|Any CPU
		{80DAA91F-9C90-42FC-B60A-D584AF31DB65}.Debug|Any CPU.Build.0 = Debug|Any CPU
		{80DAA91F-9C90-42FC-B60A-D584AF31DB65}.Release|Any CPU.ActiveCfg = Release|Any CPU
		{80DAA91F-9C90-42FC-B60A-D584AF31DB65}.Release|Any CPU.Build.0 = Release|Any CPU
		{C80711D9-767A-454E-8C06-B19C5859D7CA}.Debug|Any CPU.ActiveCfg = Debug|Any CPU
		{C80711D9-767A-454E-8C06-B19C5859D7CA}.Debug|Any CPU.Build.0 = Debug|Any CPU
		{C80711D9-767A-454E-8C06-B19C5859D7CA}.Release|Any CPU.ActiveCfg = Release|Any CPU
		{C80711D9-767A-454E-8C06-B19C5859D7CA}.Release|Any CPU.Build.0 = Release|Any CPU
	EndGlobalSection
	GlobalSection(SolutionProperties) = preSolution
		HideSolutionNode = FALSE
	EndGlobalSection
	GlobalSection(NestedProjects) = preSolution
		{9ED80C67-F60F-4CD5-A1C8-DF4B8913E69A} = {AA32BD2B-218F-43A1-B556-ACD0E83CE105}
		{DA9F1B57-18BD-451F-A3FA-7D149849A8BD} = {AA32BD2B-218F-43A1-B556-ACD0E83CE105}
		{38E6867F-8C1C-4FBB-8E83-9F50A7F96E54} = {AA32BD2B-218F-43A1-B556-ACD0E83CE105}
		{1A25F022-39AC-44AB-BEA7-58821D4369AC} = {AA32BD2B-218F-43A1-B556-ACD0E83CE105}
		{D1C66A40-34A0-4469-882F-6AAC542E17B1} = {514BA452-29A0-46B4-83F0-C2308EFEAF24}
		{3D90F012-58D9-4DC7-B72E-282E5859EE08} = {514BA452-29A0-46B4-83F0-C2308EFEAF24}
		{12A3BC58-9915-496B-A9C5-D43DD56A1CF2} = {514BA452-29A0-46B4-83F0-C2308EFEAF24}
		{86879670-6765-4989-B890-21225370F8F8} = {514BA452-29A0-46B4-83F0-C2308EFEAF24}
		{F026B613-38EB-4CAA-9909-042F2364D258} = {514BA452-29A0-46B4-83F0-C2308EFEAF24}
		{C80711D9-767A-454E-8C06-B19C5859D7CA} = {514BA452-29A0-46B4-83F0-C2308EFEAF24}
		{4DEDE7A4-387F-49D7-8C16-60C81CE68E6E} = {4F9CD390-11F1-4F07-A60C-8DB73817538F}
		{2516F964-664E-4093-ABAF-2AD588253A01} = {4F9CD390-11F1-4F07-A60C-8DB73817538F}
		{142991E5-4D24-42E8-BF52-14DA01764D2A} = {99EF3AC0-0F62-4C4C-8276-1683A3964E16}
		{7566E165-F577-437B-9FC1-D4E5C1770075} = {99EF3AC0-0F62-4C4C-8276-1683A3964E16}
		{80DAA91F-9C90-42FC-B60A-D584AF31DB65} = {99EF3AC0-0F62-4C4C-8276-1683A3964E16}
	EndGlobalSection
EndGlobal
