
Microsoft Visual Studio Solution File, Format Version 12.00
# Visual Studio 14
VisualStudioVersion = 14.0.25420.1
MinimumVisualStudioVersion = 10.0.40219.1
Project("{FAE04EC0-301F-11D3-BF4B-00C04F79EFBC}") = "Janus.TextTemplating", "Janus.TextTemplating\Janus.TextTemplating.csproj", "{37397014-5A10-4782-883B-118CF8665F92}"
EndProject
Project("{FAE04EC0-301F-11D3-BF4B-00C04F79EFBC}") = "Janus.TextTemplating.Test", "Janus.TextTemplating.Test\Janus.TextTemplating.Test.csproj", "{2FE85A01-F79F-4013-B958-F3178975A00B}"
EndProject
Project("{FAE04EC0-301F-11D3-BF4B-00C04F79EFBC}") = "Janus.I18n.Resources", "Janus.I18n.Resources\Janus.I18n.Resources.csproj", "{FA06F90F-F519-4E66-9EE3-4EA2A44CA7AD}"
EndProject
Project("{2150E333-8FDC-42A3-9474-1A3956D46DE8}") = "Solution Items", "Solution Items", "{31E09099-4D3E-4B3D-9F6E-05FACB4C5703}"
	ProjectSection(SolutionItems) = preProject
		Common\Janus.targets = Common\Janus.targets
	EndProjectSection
EndProject
Project("{2150E333-8FDC-42A3-9474-1A3956D46DE8}") = ".nuget", ".nuget", "{22448356-07DD-408F-AE23-238B047604B4}"
	ProjectSection(SolutionItems) = preProject
		.nuget\NuGet.exe = .nuget\NuGet.exe
		.nuget\NuGet.targets = .nuget\NuGet.targets
		.nuget\readme.txt = .nuget\readme.txt
	EndProjectSection
EndProject
Project("{FAE04EC0-301F-11D3-BF4B-00C04F79EFBC}") = "Janus.Versioning", "Janus.Versioning\Janus.Versioning.csproj", "{77750D7F-BECD-4A72-A9A2-040961BBF2AA}"
EndProject
Global
	GlobalSection(SolutionConfigurationPlatforms) = preSolution
		Debug|Any CPU = Debug|Any CPU
		Release|Any CPU = Release|Any CPU
	EndGlobalSection
	GlobalSection(ProjectConfigurationPlatforms) = postSolution
		{37397014-5A10-4782-883B-118CF8665F92}.Debug|Any CPU.ActiveCfg = Debug|Any CPU
		{37397014-5A10-4782-883B-118CF8665F92}.Debug|Any CPU.Build.0 = Debug|Any CPU
		{37397014-5A10-4782-883B-118CF8665F92}.Release|Any CPU.ActiveCfg = Release|Any CPU
		{37397014-5A10-4782-883B-118CF8665F92}.Release|Any CPU.Build.0 = Release|Any CPU
		{2FE85A01-F79F-4013-B958-F3178975A00B}.Debug|Any CPU.ActiveCfg = Debug|Any CPU
		{2FE85A01-F79F-4013-B958-F3178975A00B}.Debug|Any CPU.Build.0 = Debug|Any CPU
		{2FE85A01-F79F-4013-B958-F3178975A00B}.Release|Any CPU.ActiveCfg = Release|Any CPU
		{2FE85A01-F79F-4013-B958-F3178975A00B}.Release|Any CPU.Build.0 = Release|Any CPU
		{FA06F90F-F519-4E66-9EE3-4EA2A44CA7AD}.Debug|Any CPU.ActiveCfg = Debug|Any CPU
		{FA06F90F-F519-4E66-9EE3-4EA2A44CA7AD}.Debug|Any CPU.Build.0 = Debug|Any CPU
		{FA06F90F-F519-4E66-9EE3-4EA2A44CA7AD}.Release|Any CPU.ActiveCfg = Release|Any CPU
		{FA06F90F-F519-4E66-9EE3-4EA2A44CA7AD}.Release|Any CPU.Build.0 = Release|Any CPU
		{77750D7F-BECD-4A72-A9A2-040961BBF2AA}.Debug|Any CPU.ActiveCfg = Debug|Any CPU
		{77750D7F-BECD-4A72-A9A2-040961BBF2AA}.Debug|Any CPU.Build.0 = Debug|Any CPU
		{77750D7F-BECD-4A72-A9A2-040961BBF2AA}.Release|Any CPU.ActiveCfg = Release|Any CPU
		{77750D7F-BECD-4A72-A9A2-040961BBF2AA}.Release|Any CPU.Build.0 = Release|Any CPU
	EndGlobalSection
	GlobalSection(SolutionProperties) = preSolution
		HideSolutionNode = FALSE
	EndGlobalSection
EndGlobal
