
Microsoft Visual Studio Solution File, Format Version 12.00
# Visual Studio 2012
Project("{FAE04EC0-301F-11D3-BF4B-00C04F79EFBC}") = "Cars.I18n", "Cars.I18n\Cars.I18n.csproj", "{36BD55FF-2D1B-4F00-98E9-290B7F3F8947}"
EndProject
Project("{FAE04EC0-301F-11D3-BF4B-00C04F79EFBC}") = "Cars.CodeQuality", "Cars.CodeQuality\Cars.CodeQuality.csproj", "{27E68430-6B4F-4CA3-B141-422A0BE7B9CF}"
EndProject
Project("{FAE04EC0-301F-11D3-BF4B-00C04F79EFBC}") = "Cars.CodeQuality.Test", "Cars.CodeQuality.Test\Cars.CodeQuality.Test.csproj", "{4DEA4CAF-F36D-4A1B-991C-B081A2387BD6}"
EndProject
Global
	GlobalSection(SolutionConfigurationPlatforms) = preSolution
		Debug|Any CPU = Debug|Any CPU
		Release|Any CPU = Release|Any CPU
	EndGlobalSection
	GlobalSection(ProjectConfigurationPlatforms) = postSolution
		{36BD55FF-2D1B-4F00-98E9-290B7F3F8947}.Debug|Any CPU.ActiveCfg = Debug|Any CPU
		{36BD55FF-2D1B-4F00-98E9-290B7F3F8947}.Debug|Any CPU.Build.0 = Debug|Any CPU
		{36BD55FF-2D1B-4F00-98E9-290B7F3F8947}.Release|Any CPU.ActiveCfg = Release|Any CPU
		{36BD55FF-2D1B-4F00-98E9-290B7F3F8947}.Release|Any CPU.Build.0 = Release|Any CPU
		{27E68430-6B4F-4CA3-B141-422A0BE7B9CF}.Debug|Any CPU.ActiveCfg = Debug|Any CPU
		{27E68430-6B4F-4CA3-B141-422A0BE7B9CF}.Debug|Any CPU.Build.0 = Debug|Any CPU
		{27E68430-6B4F-4CA3-B141-422A0BE7B9CF}.Release|Any CPU.ActiveCfg = Release|Any CPU
		{27E68430-6B4F-4CA3-B141-422A0BE7B9CF}.Release|Any CPU.Build.0 = Release|Any CPU
		{4DEA4CAF-F36D-4A1B-991C-B081A2387BD6}.Debug|Any CPU.ActiveCfg = Debug|Any CPU
		{4DEA4CAF-F36D-4A1B-991C-B081A2387BD6}.Debug|Any CPU.Build.0 = Debug|Any CPU
		{4DEA4CAF-F36D-4A1B-991C-B081A2387BD6}.Release|Any CPU.ActiveCfg = Release|Any CPU
		{4DEA4CAF-F36D-4A1B-991C-B081A2387BD6}.Release|Any CPU.Build.0 = Release|Any CPU
	EndGlobalSection
	GlobalSection(SolutionProperties) = preSolution
		HideSolutionNode = FALSE
	EndGlobalSection
EndGlobal
