
Microsoft Visual Studio Solution File, Format Version 11.00
# Visual Studio 2010
Project("{FAE04EC0-301F-11D3-BF4B-00C04F79EFBC}") = "TecX.Common", "TecX.Common\TecX.Common.csproj", "{F749C03B-EC1A-460E-ACF8-05F70AD7512A}"
EndProject
Project("{FAE04EC0-301F-11D3-BF4B-00C04F79EFBC}") = "TecX.Dijkstra", "TecX.Dijkstra\TecX.Dijkstra.csproj", "{0AE2A6AE-A4F8-4DD3-8052-2F2A86E8F122}"
EndProject
Project("{FAE04EC0-301F-11D3-BF4B-00C04F79EFBC}") = "TecX.Dijkstra.Test", "TecX.Dijkstra.Test\TecX.Dijkstra.Test.csproj", "{8F4E4172-4114-45E7-9399-0A2006EC5EBD}"
EndProject
Project("{2150E333-8FDC-42A3-9474-1A3956D46DE8}") = "Solution Items", "Solution Items", "{485F9E12-CBDF-4E64-A836-32D0A1FFB17A}"
	ProjectSection(SolutionItems) = preProject
		Local.testsettings = Local.testsettings
		TecX.Dijkstra.vsmdi = TecX.Dijkstra.vsmdi
		TraceAndTestImpact.testsettings = TraceAndTestImpact.testsettings
	EndProjectSection
EndProject
Project("{FAE04EC0-301F-11D3-BF4B-00C04F79EFBC}") = "TecX.TestTools", "TecX.TestTools\TecX.TestTools.csproj", "{ADA070F7-75E5-4D33-AA48-534C5F8ABDCC}"
EndProject
Project("{FAE04EC0-301F-11D3-BF4B-00C04F79EFBC}") = "TecX.TestTools.Test", "TecX.TestTools.Test\TecX.TestTools.Test.csproj", "{41DA2181-3591-447B-A183-E79D34AA7907}"
EndProject
Global
	GlobalSection(TestCaseManagementSettings) = postSolution
		CategoryFile = TecX.Dijkstra.vsmdi
	EndGlobalSection
	GlobalSection(SolutionConfigurationPlatforms) = preSolution
		Debug|Any CPU = Debug|Any CPU
		Release|Any CPU = Release|Any CPU
	EndGlobalSection
	GlobalSection(ProjectConfigurationPlatforms) = postSolution
		{F749C03B-EC1A-460E-ACF8-05F70AD7512A}.Debug|Any CPU.ActiveCfg = Debug|Any CPU
		{F749C03B-EC1A-460E-ACF8-05F70AD7512A}.Debug|Any CPU.Build.0 = Debug|Any CPU
		{F749C03B-EC1A-460E-ACF8-05F70AD7512A}.Release|Any CPU.ActiveCfg = Release|Any CPU
		{F749C03B-EC1A-460E-ACF8-05F70AD7512A}.Release|Any CPU.Build.0 = Release|Any CPU
		{0AE2A6AE-A4F8-4DD3-8052-2F2A86E8F122}.Debug|Any CPU.ActiveCfg = Debug|Any CPU
		{0AE2A6AE-A4F8-4DD3-8052-2F2A86E8F122}.Debug|Any CPU.Build.0 = Debug|Any CPU
		{0AE2A6AE-A4F8-4DD3-8052-2F2A86E8F122}.Release|Any CPU.ActiveCfg = Release|Any CPU
		{0AE2A6AE-A4F8-4DD3-8052-2F2A86E8F122}.Release|Any CPU.Build.0 = Release|Any CPU
		{8F4E4172-4114-45E7-9399-0A2006EC5EBD}.Debug|Any CPU.ActiveCfg = Debug|Any CPU
		{8F4E4172-4114-45E7-9399-0A2006EC5EBD}.Debug|Any CPU.Build.0 = Debug|Any CPU
		{8F4E4172-4114-45E7-9399-0A2006EC5EBD}.Release|Any CPU.ActiveCfg = Release|Any CPU
		{8F4E4172-4114-45E7-9399-0A2006EC5EBD}.Release|Any CPU.Build.0 = Release|Any CPU
		{ADA070F7-75E5-4D33-AA48-534C5F8ABDCC}.Debug|Any CPU.ActiveCfg = Debug|Any CPU
		{ADA070F7-75E5-4D33-AA48-534C5F8ABDCC}.Debug|Any CPU.Build.0 = Debug|Any CPU
		{ADA070F7-75E5-4D33-AA48-534C5F8ABDCC}.Release|Any CPU.ActiveCfg = Release|Any CPU
		{ADA070F7-75E5-4D33-AA48-534C5F8ABDCC}.Release|Any CPU.Build.0 = Release|Any CPU
		{41DA2181-3591-447B-A183-E79D34AA7907}.Debug|Any CPU.ActiveCfg = Debug|Any CPU
		{41DA2181-3591-447B-A183-E79D34AA7907}.Debug|Any CPU.Build.0 = Debug|Any CPU
		{41DA2181-3591-447B-A183-E79D34AA7907}.Release|Any CPU.ActiveCfg = Release|Any CPU
		{41DA2181-3591-447B-A183-E79D34AA7907}.Release|Any CPU.Build.0 = Release|Any CPU
	EndGlobalSection
	GlobalSection(SolutionProperties) = preSolution
		HideSolutionNode = FALSE
	EndGlobalSection
EndGlobal
