
Microsoft Visual Studio Solution File, Format Version 11.00
# Visual Studio 2010
Project("{FAE04EC0-301F-11D3-BF4B-00C04F79EFBC}") = "TecX.Common", "TecX.Common\TecX.Common.csproj", "{23E54945-0126-43BE-A3FC-5F61AF5BDFF3}"
EndProject
Project("{FAE04EC0-301F-11D3-BF4B-00C04F79EFBC}") = "TecX.Common.Test", "TecX.Common.Test\TecX.Common.Test.csproj", "{20E26EB4-2A50-4D6B-B946-EF7E64F497E8}"
EndProject
Project("{2150E333-8FDC-42A3-9474-1A3956D46DE8}") = "Solution Items", "Solution Items", "{152B0C27-6933-4AD1-8757-0D6C7F087C35}"
	ProjectSection(SolutionItems) = preProject
		CommonFiles\GlobalAssemblyVersion.cs = CommonFiles\GlobalAssemblyVersion.cs
		Local.testsettings = Local.testsettings
		TecX.vsmdi = TecX.vsmdi
		TraceAndTestImpact.testsettings = TraceAndTestImpact.testsettings
	EndProjectSection
EndProject
Project("{2150E333-8FDC-42A3-9474-1A3956D46DE8}") = "01 Common", "01 Common", "{0F6D840F-1B1D-47DF-9007-C725CB01A384}"
EndProject
Project("{2150E333-8FDC-42A3-9474-1A3956D46DE8}") = "99 Tests", "99 Tests", "{3BBD53CF-FD94-413D-B3B8-C2A0D9AAC4DC}"
EndProject
Project("{2150E333-8FDC-42A3-9474-1A3956D46DE8}") = "02 Visual Studio", "02 Visual Studio", "{C02AB11F-1B5F-4803-9B13-5A21000AE5D7}"
EndProject
Project("{2150E333-8FDC-42A3-9474-1A3956D46DE8}") = "03 WCF", "03 WCF", "{E1D2BCBC-4FA7-4B80-B80D-1E2FF04F9EB8}"
EndProject
Project("{2150E333-8FDC-42A3-9474-1A3956D46DE8}") = "04 Geneva", "04 Geneva", "{69923832-7A15-43F7-9842-46EC401E28D4}"
EndProject
Project("{2150E333-8FDC-42A3-9474-1A3956D46DE8}") = "05 Agile", "05 Agile", "{A2ECBC2B-7305-4326-8B33-5F1F45F60FAE}"
EndProject
Project("{FAE04EC0-301F-11D3-BF4B-00C04F79EFBC}") = "TecX.TestTools", "TecX.TestTools\TecX.TestTools.csproj", "{ADA070F7-75E5-4D33-AA48-534C5F8ABDCC}"
EndProject
Project("{FAE04EC0-301F-11D3-BF4B-00C04F79EFBC}") = "TecX.TestTools.Test", "TecX.TestTools.Test\TecX.TestTools.Test.csproj", "{41DA2181-3591-447B-A183-E79D34AA7907}"
EndProject
Project("{FAE04EC0-301F-11D3-BF4B-00C04F79EFBC}") = "TecX.ServiceModel.Unity", "TecX.ServiceModel.Unity\TecX.ServiceModel.Unity.csproj", "{0505E426-7710-4783-8D70-6B6DD1667ADB}"
EndProject
Project("{FAE04EC0-301F-11D3-BF4B-00C04F79EFBC}") = "TecX.ServiceModel.AutoMagic", "TecX.ServiceModel.AutoMagic\TecX.ServiceModel.AutoMagic.csproj", "{DA32E74A-CC64-45F7-8602-C08FC93BF8B7}"
EndProject
Project("{FAE04EC0-301F-11D3-BF4B-00C04F79EFBC}") = "TecX.Agile", "TecX.Agile\TecX.Agile.csproj", "{7E01FCA6-DB43-4A18-A38B-7E4BBF1C0300}"
EndProject
Project("{FAE04EC0-301F-11D3-BF4B-00C04F79EFBC}") = "TecX.Agile.Test", "TecX.Agile.Test\TecX.Agile.Test.csproj", "{16914DD0-5805-4250-879B-26FEB00FA7BD}"
EndProject
Project("{FAE04EC0-301F-11D3-BF4B-00C04F79EFBC}") = "TecX.Common.EntLib", "TecX.Common.EntLib\TecX.Common.EntLib.csproj", "{45BE1494-E6F4-415F-8206-2856FBD28F66}"
EndProject
Project("{FAE04EC0-301F-11D3-BF4B-00C04F79EFBC}") = "TecX.Agile.Data.Json", "TecX.Agile.Data.Json\TecX.Agile.Data.Json.csproj", "{6E05A14A-9374-40FD-B8CA-C33B4108CBDB}"
EndProject
Project("{FAE04EC0-301F-11D3-BF4B-00C04F79EFBC}") = "TecX.Agile.Data.Xml", "TecX.Agile.Data.Xml\TecX.Agile.Data.Xml.csproj", "{7D88B6EE-87D9-4FCC-BC90-91A5A6D7804B}"
EndProject
Project("{FAE04EC0-301F-11D3-BF4B-00C04F79EFBC}") = "TecX.Agile.Data.File", "TecX.Agile.Data.File\TecX.Agile.Data.File.csproj", "{8B37223D-5BE4-482F-B9E1-99D4F40E40BF}"
EndProject
Project("{FAE04EC0-301F-11D3-BF4B-00C04F79EFBC}") = "TecX.Agile.Data.Test", "TecX.Agile.Data.Test\TecX.Agile.Data.Test.csproj", "{FE8DE41C-47CE-4DE5-BDAF-8CCF2F8A854E}"
EndProject
Project("{FAE04EC0-301F-11D3-BF4B-00C04F79EFBC}") = "TecX.Agile.Error", "TecX.Agile.Error\TecX.Agile.Error.csproj", "{24AEC2DE-1132-4FE4-BA35-AD8DE374DB74}"
EndProject
Project("{FAE04EC0-301F-11D3-BF4B-00C04F79EFBC}") = "TecX.Agile.Data", "TecX.Agile.Data\TecX.Agile.Data.csproj", "{5A6CB6EB-7298-40B9-91FD-0378798D8F7C}"
EndProject
Project("{2150E333-8FDC-42A3-9474-1A3956D46DE8}") = "98 Test Tools", "98 Test Tools", "{9F74F4C2-9999-4E1D-93DD-413B4E40DE5A}"
EndProject
Project("{FAE04EC0-301F-11D3-BF4B-00C04F79EFBC}") = "TecX.Agile.Planner", "TecX.Agile.Planner\TecX.Agile.Planner.csproj", "{6E53CA3A-29FD-46A5-9110-CE0A3A69BB9D}"
EndProject
Project("{FAE04EC0-301F-11D3-BF4B-00C04F79EFBC}") = "TecX.Agile.Peer.Test", "TecX.Agile.Peer.Test\TecX.Agile.Peer.Test.csproj", "{5C1D555E-0F85-4B00-9410-E4C5404636AA}"
EndProject
Project("{FAE04EC0-301F-11D3-BF4B-00C04F79EFBC}") = "TecX.Agile.Peer", "TecX.Agile.Peer\TecX.Agile.Peer.csproj", "{4C9A3BE9-2E8F-44B1-965B-42AD35D36071}"
EndProject
Project("{FAE04EC0-301F-11D3-BF4B-00C04F79EFBC}") = "TecX.Common.Event", "TecX.Common.Event\TecX.Common.Event.csproj", "{266522EB-9DCB-451A-8CD7-678188DCB5F6}"
EndProject
Project("{FAE04EC0-301F-11D3-BF4B-00C04F79EFBC}") = "TecX.Common.Event.Unity", "TecX.Common.Event.Unity\TecX.Common.Event.Unity.csproj", "{A763CC8F-835E-444C-9A9F-88E7A443C1B2}"
EndProject
Project("{2150E333-8FDC-42A3-9474-1A3956D46DE8}") = "Data", "Data", "{4E870DA1-42F8-4FF2-8172-5676DAB9959B}"
EndProject
Global
	GlobalSection(TeamFoundationVersionControl) = preSolution
		SccNumberOfProjects = 21
		SccEnterpriseProvider = {4CA58AB2-18FA-4F8D-95D4-32DDF27D184C}
		SccTeamFoundationServer = https://tfs.codeplex.com/tfs/tfs04
		SccLocalPath0 = .
		SccProjectUniqueName1 = TecX.Common\\TecX.Common.csproj
		SccProjectTopLevelParentUniqueName1 = TecX.sln
		SccProjectName1 = TecX.Common
		SccLocalPath1 = TecX.Common
		SccProjectUniqueName2 = TecX.Common.Test\\TecX.Common.Test.csproj
		SccProjectTopLevelParentUniqueName2 = TecX.sln
		SccProjectName2 = TecX.Common.Test
		SccLocalPath2 = TecX.Common.Test
		SccProjectUniqueName3 = TecX.TestTools.Test\\TecX.TestTools.Test.csproj
		SccProjectTopLevelParentUniqueName3 = TecX.sln
		SccProjectName3 = TecX.TestTools.Test
		SccLocalPath3 = TecX.TestTools.Test
		SccProjectUniqueName4 = TecX.ServiceModel.AutoMagic\\TecX.ServiceModel.AutoMagic.csproj
		SccProjectTopLevelParentUniqueName4 = TecX.sln
		SccProjectName4 = TecX.ServiceModel.AutoMagic
		SccLocalPath4 = TecX.ServiceModel.AutoMagic
		SccProjectUniqueName5 = TecX.TestTools\\TecX.TestTools.csproj
		SccProjectTopLevelParentUniqueName5 = TecX.sln
		SccProjectName5 = TecX.TestTools
		SccLocalPath5 = TecX.TestTools
		SccProjectUniqueName6 = TecX.ServiceModel.Unity\\TecX.ServiceModel.Unity.csproj
		SccProjectTopLevelParentUniqueName6 = TecX.sln
		SccProjectName6 = TecX.ServiceModel.Unity
		SccLocalPath6 = TecX.ServiceModel.Unity
		SccProjectUniqueName7 = TecX.Agile\\TecX.Agile.csproj
		SccProjectTopLevelParentUniqueName7 = TecX.sln
		SccProjectName7 = TecX.Agile
		SccLocalPath7 = TecX.Agile
		SccProjectUniqueName8 = TecX.Agile.Test\\TecX.Agile.Test.csproj
		SccProjectTopLevelParentUniqueName8 = TecX.sln
		SccProjectName8 = TecX.Agile.Test
		SccLocalPath8 = TecX.Agile.Test
		SccProjectUniqueName9 = TecX.Common.EntLib\\TecX.Common.EntLib.csproj
		SccProjectTopLevelParentUniqueName9 = TecX.sln
		SccProjectName9 = TecX.Common.EntLib
		SccLocalPath9 = TecX.Common.EntLib
		SccProjectUniqueName10 = TecX.Agile.Data.Json\\TecX.Agile.Data.Json.csproj
		SccProjectTopLevelParentUniqueName10 = TecX.sln
		SccProjectName10 = TecX.Agile.Data.Json
		SccLocalPath10 = TecX.Agile.Data.Json
		SccProjectUniqueName11 = TecX.Agile.Data.Xml\\TecX.Agile.Data.Xml.csproj
		SccProjectTopLevelParentUniqueName11 = TecX.sln
		SccProjectName11 = TecX.Agile.Data.Xml
		SccLocalPath11 = TecX.Agile.Data.Xml
		SccProjectUniqueName12 = TecX.Agile.Data.File\\TecX.Agile.Data.File.csproj
		SccProjectTopLevelParentUniqueName12 = TecX.sln
		SccProjectName12 = TecX.Agile.Data.File
		SccLocalPath12 = TecX.Agile.Data.File
		SccProjectUniqueName13 = TecX.Agile.Data.Test\\TecX.Agile.Data.Test.csproj
		SccProjectTopLevelParentUniqueName13 = TecX.sln
		SccProjectName13 = TecX.Agile.Data.Test
		SccLocalPath13 = TecX.Agile.Data.Test
		SccProjectUniqueName14 = TecX.Agile.Error\\TecX.Agile.Error.csproj
		SccProjectTopLevelParentUniqueName14 = TecX.sln
		SccProjectName14 = TecX.Agile.Error
		SccLocalPath14 = TecX.Agile.Error
		SccProjectUniqueName15 = TecX.Agile.Data\\TecX.Agile.Data.csproj
		SccProjectTopLevelParentUniqueName15 = TecX.sln
		SccProjectName15 = TecX.Agile.Data
		SccLocalPath15 = TecX.Agile.Data
		SccProjectUniqueName16 = TecX.Agile.Planner\\TecX.Agile.Planner.csproj
		SccProjectTopLevelParentUniqueName16 = TecX.sln
		SccProjectName16 = TecX.Agile.Planner
		SccLocalPath16 = TecX.Agile.Planner
		SccProjectUniqueName17 = TecX.Agile.Peer.Test\\TecX.Agile.Peer.Test.csproj
		SccProjectTopLevelParentUniqueName17 = TecX.sln
		SccProjectName17 = TecX.Agile.Peer.Test
		SccLocalPath17 = TecX.Agile.Peer.Test
		SccProjectUniqueName18 = TecX.Agile.Peer\\TecX.Agile.Peer.csproj
		SccProjectTopLevelParentUniqueName18 = TecX.sln
		SccProjectName18 = TecX.Agile.Peer
		SccLocalPath18 = TecX.Agile.Peer
		SccProjectUniqueName19 = TecX.Common.Event\\TecX.Common.Event.csproj
		SccProjectTopLevelParentUniqueName19 = TecX.sln
		SccProjectName19 = TecX.Common.Event
		SccLocalPath19 = TecX.Common.Event
		SccProjectUniqueName20 = TecX.Common.Event.Unity\\TecX.Common.Event.Unity.csproj
		SccProjectTopLevelParentUniqueName20 = TecX.sln
		SccProjectName20 = TecX.Common.Event.Unity
		SccLocalPath20 = TecX.Common.Event.Unity
	EndGlobalSection
	GlobalSection(TestCaseManagementSettings) = postSolution
		CategoryFile = TecX.vsmdi
	EndGlobalSection
	GlobalSection(SolutionConfigurationPlatforms) = preSolution
		Debug|Any CPU = Debug|Any CPU
		Debug|Mixed Platforms = Debug|Mixed Platforms
		Debug|x86 = Debug|x86
		Release|Any CPU = Release|Any CPU
		Release|Mixed Platforms = Release|Mixed Platforms
		Release|x86 = Release|x86
	EndGlobalSection
	GlobalSection(ProjectConfigurationPlatforms) = postSolution
		{23E54945-0126-43BE-A3FC-5F61AF5BDFF3}.Debug|Any CPU.ActiveCfg = Debug|Any CPU
		{23E54945-0126-43BE-A3FC-5F61AF5BDFF3}.Debug|Any CPU.Build.0 = Debug|Any CPU
		{23E54945-0126-43BE-A3FC-5F61AF5BDFF3}.Debug|Mixed Platforms.ActiveCfg = Debug|Any CPU
		{23E54945-0126-43BE-A3FC-5F61AF5BDFF3}.Debug|Mixed Platforms.Build.0 = Debug|Any CPU
		{23E54945-0126-43BE-A3FC-5F61AF5BDFF3}.Debug|x86.ActiveCfg = Debug|Any CPU
		{23E54945-0126-43BE-A3FC-5F61AF5BDFF3}.Release|Any CPU.ActiveCfg = Release|Any CPU
		{23E54945-0126-43BE-A3FC-5F61AF5BDFF3}.Release|Any CPU.Build.0 = Release|Any CPU
		{23E54945-0126-43BE-A3FC-5F61AF5BDFF3}.Release|Mixed Platforms.ActiveCfg = Release|Any CPU
		{23E54945-0126-43BE-A3FC-5F61AF5BDFF3}.Release|Mixed Platforms.Build.0 = Release|Any CPU
		{23E54945-0126-43BE-A3FC-5F61AF5BDFF3}.Release|x86.ActiveCfg = Release|Any CPU
		{20E26EB4-2A50-4D6B-B946-EF7E64F497E8}.Debug|Any CPU.ActiveCfg = Debug|Any CPU
		{20E26EB4-2A50-4D6B-B946-EF7E64F497E8}.Debug|Any CPU.Build.0 = Debug|Any CPU
		{20E26EB4-2A50-4D6B-B946-EF7E64F497E8}.Debug|Mixed Platforms.ActiveCfg = Debug|Any CPU
		{20E26EB4-2A50-4D6B-B946-EF7E64F497E8}.Debug|Mixed Platforms.Build.0 = Debug|Any CPU
		{20E26EB4-2A50-4D6B-B946-EF7E64F497E8}.Debug|x86.ActiveCfg = Debug|Any CPU
		{20E26EB4-2A50-4D6B-B946-EF7E64F497E8}.Release|Any CPU.ActiveCfg = Release|Any CPU
		{20E26EB4-2A50-4D6B-B946-EF7E64F497E8}.Release|Any CPU.Build.0 = Release|Any CPU
		{20E26EB4-2A50-4D6B-B946-EF7E64F497E8}.Release|Mixed Platforms.ActiveCfg = Release|Any CPU
		{20E26EB4-2A50-4D6B-B946-EF7E64F497E8}.Release|Mixed Platforms.Build.0 = Release|Any CPU
		{20E26EB4-2A50-4D6B-B946-EF7E64F497E8}.Release|x86.ActiveCfg = Release|Any CPU
		{ADA070F7-75E5-4D33-AA48-534C5F8ABDCC}.Debug|Any CPU.ActiveCfg = Debug|Any CPU
		{ADA070F7-75E5-4D33-AA48-534C5F8ABDCC}.Debug|Any CPU.Build.0 = Debug|Any CPU
		{ADA070F7-75E5-4D33-AA48-534C5F8ABDCC}.Debug|Mixed Platforms.ActiveCfg = Debug|Any CPU
		{ADA070F7-75E5-4D33-AA48-534C5F8ABDCC}.Debug|Mixed Platforms.Build.0 = Debug|Any CPU
		{ADA070F7-75E5-4D33-AA48-534C5F8ABDCC}.Debug|x86.ActiveCfg = Debug|Any CPU
		{ADA070F7-75E5-4D33-AA48-534C5F8ABDCC}.Release|Any CPU.ActiveCfg = Release|Any CPU
		{ADA070F7-75E5-4D33-AA48-534C5F8ABDCC}.Release|Any CPU.Build.0 = Release|Any CPU
		{ADA070F7-75E5-4D33-AA48-534C5F8ABDCC}.Release|Mixed Platforms.ActiveCfg = Release|Any CPU
		{ADA070F7-75E5-4D33-AA48-534C5F8ABDCC}.Release|Mixed Platforms.Build.0 = Release|Any CPU
		{ADA070F7-75E5-4D33-AA48-534C5F8ABDCC}.Release|x86.ActiveCfg = Release|Any CPU
		{41DA2181-3591-447B-A183-E79D34AA7907}.Debug|Any CPU.ActiveCfg = Debug|Any CPU
		{41DA2181-3591-447B-A183-E79D34AA7907}.Debug|Any CPU.Build.0 = Debug|Any CPU
		{41DA2181-3591-447B-A183-E79D34AA7907}.Debug|Mixed Platforms.ActiveCfg = Debug|Any CPU
		{41DA2181-3591-447B-A183-E79D34AA7907}.Debug|Mixed Platforms.Build.0 = Debug|Any CPU
		{41DA2181-3591-447B-A183-E79D34AA7907}.Debug|x86.ActiveCfg = Debug|Any CPU
		{41DA2181-3591-447B-A183-E79D34AA7907}.Release|Any CPU.ActiveCfg = Release|Any CPU
		{41DA2181-3591-447B-A183-E79D34AA7907}.Release|Any CPU.Build.0 = Release|Any CPU
		{41DA2181-3591-447B-A183-E79D34AA7907}.Release|Mixed Platforms.ActiveCfg = Release|Any CPU
		{41DA2181-3591-447B-A183-E79D34AA7907}.Release|Mixed Platforms.Build.0 = Release|Any CPU
		{41DA2181-3591-447B-A183-E79D34AA7907}.Release|x86.ActiveCfg = Release|Any CPU
		{0505E426-7710-4783-8D70-6B6DD1667ADB}.Debug|Any CPU.ActiveCfg = Debug|Any CPU
		{0505E426-7710-4783-8D70-6B6DD1667ADB}.Debug|Any CPU.Build.0 = Debug|Any CPU
		{0505E426-7710-4783-8D70-6B6DD1667ADB}.Debug|Mixed Platforms.ActiveCfg = Debug|Any CPU
		{0505E426-7710-4783-8D70-6B6DD1667ADB}.Debug|Mixed Platforms.Build.0 = Debug|Any CPU
		{0505E426-7710-4783-8D70-6B6DD1667ADB}.Debug|x86.ActiveCfg = Debug|Any CPU
		{0505E426-7710-4783-8D70-6B6DD1667ADB}.Release|Any CPU.ActiveCfg = Release|Any CPU
		{0505E426-7710-4783-8D70-6B6DD1667ADB}.Release|Any CPU.Build.0 = Release|Any CPU
		{0505E426-7710-4783-8D70-6B6DD1667ADB}.Release|Mixed Platforms.ActiveCfg = Release|Any CPU
		{0505E426-7710-4783-8D70-6B6DD1667ADB}.Release|Mixed Platforms.Build.0 = Release|Any CPU
		{0505E426-7710-4783-8D70-6B6DD1667ADB}.Release|x86.ActiveCfg = Release|Any CPU
		{DA32E74A-CC64-45F7-8602-C08FC93BF8B7}.Debug|Any CPU.ActiveCfg = Debug|Any CPU
		{DA32E74A-CC64-45F7-8602-C08FC93BF8B7}.Debug|Any CPU.Build.0 = Debug|Any CPU
		{DA32E74A-CC64-45F7-8602-C08FC93BF8B7}.Debug|Mixed Platforms.ActiveCfg = Debug|Any CPU
		{DA32E74A-CC64-45F7-8602-C08FC93BF8B7}.Debug|Mixed Platforms.Build.0 = Debug|Any CPU
		{DA32E74A-CC64-45F7-8602-C08FC93BF8B7}.Debug|x86.ActiveCfg = Debug|Any CPU
		{DA32E74A-CC64-45F7-8602-C08FC93BF8B7}.Release|Any CPU.ActiveCfg = Release|Any CPU
		{DA32E74A-CC64-45F7-8602-C08FC93BF8B7}.Release|Any CPU.Build.0 = Release|Any CPU
		{DA32E74A-CC64-45F7-8602-C08FC93BF8B7}.Release|Mixed Platforms.ActiveCfg = Release|Any CPU
		{DA32E74A-CC64-45F7-8602-C08FC93BF8B7}.Release|Mixed Platforms.Build.0 = Release|Any CPU
		{DA32E74A-CC64-45F7-8602-C08FC93BF8B7}.Release|x86.ActiveCfg = Release|Any CPU
		{7E01FCA6-DB43-4A18-A38B-7E4BBF1C0300}.Debug|Any CPU.ActiveCfg = Debug|Any CPU
		{7E01FCA6-DB43-4A18-A38B-7E4BBF1C0300}.Debug|Any CPU.Build.0 = Debug|Any CPU
		{7E01FCA6-DB43-4A18-A38B-7E4BBF1C0300}.Debug|Mixed Platforms.ActiveCfg = Debug|Any CPU
		{7E01FCA6-DB43-4A18-A38B-7E4BBF1C0300}.Debug|Mixed Platforms.Build.0 = Debug|Any CPU
		{7E01FCA6-DB43-4A18-A38B-7E4BBF1C0300}.Debug|x86.ActiveCfg = Debug|Any CPU
		{7E01FCA6-DB43-4A18-A38B-7E4BBF1C0300}.Release|Any CPU.ActiveCfg = Release|Any CPU
		{7E01FCA6-DB43-4A18-A38B-7E4BBF1C0300}.Release|Any CPU.Build.0 = Release|Any CPU
		{7E01FCA6-DB43-4A18-A38B-7E4BBF1C0300}.Release|Mixed Platforms.ActiveCfg = Release|Any CPU
		{7E01FCA6-DB43-4A18-A38B-7E4BBF1C0300}.Release|Mixed Platforms.Build.0 = Release|Any CPU
		{7E01FCA6-DB43-4A18-A38B-7E4BBF1C0300}.Release|x86.ActiveCfg = Release|Any CPU
		{16914DD0-5805-4250-879B-26FEB00FA7BD}.Debug|Any CPU.ActiveCfg = Debug|Any CPU
		{16914DD0-5805-4250-879B-26FEB00FA7BD}.Debug|Any CPU.Build.0 = Debug|Any CPU
		{16914DD0-5805-4250-879B-26FEB00FA7BD}.Debug|Mixed Platforms.ActiveCfg = Debug|Any CPU
		{16914DD0-5805-4250-879B-26FEB00FA7BD}.Debug|Mixed Platforms.Build.0 = Debug|Any CPU
		{16914DD0-5805-4250-879B-26FEB00FA7BD}.Debug|x86.ActiveCfg = Debug|Any CPU
		{16914DD0-5805-4250-879B-26FEB00FA7BD}.Release|Any CPU.ActiveCfg = Release|Any CPU
		{16914DD0-5805-4250-879B-26FEB00FA7BD}.Release|Any CPU.Build.0 = Release|Any CPU
		{16914DD0-5805-4250-879B-26FEB00FA7BD}.Release|Mixed Platforms.ActiveCfg = Release|Any CPU
		{16914DD0-5805-4250-879B-26FEB00FA7BD}.Release|Mixed Platforms.Build.0 = Release|Any CPU
		{16914DD0-5805-4250-879B-26FEB00FA7BD}.Release|x86.ActiveCfg = Release|Any CPU
		{45BE1494-E6F4-415F-8206-2856FBD28F66}.Debug|Any CPU.ActiveCfg = Debug|Any CPU
		{45BE1494-E6F4-415F-8206-2856FBD28F66}.Debug|Any CPU.Build.0 = Debug|Any CPU
		{45BE1494-E6F4-415F-8206-2856FBD28F66}.Debug|Mixed Platforms.ActiveCfg = Debug|Any CPU
		{45BE1494-E6F4-415F-8206-2856FBD28F66}.Debug|Mixed Platforms.Build.0 = Debug|Any CPU
		{45BE1494-E6F4-415F-8206-2856FBD28F66}.Debug|x86.ActiveCfg = Debug|Any CPU
		{45BE1494-E6F4-415F-8206-2856FBD28F66}.Release|Any CPU.ActiveCfg = Release|Any CPU
		{45BE1494-E6F4-415F-8206-2856FBD28F66}.Release|Any CPU.Build.0 = Release|Any CPU
		{45BE1494-E6F4-415F-8206-2856FBD28F66}.Release|Mixed Platforms.ActiveCfg = Release|Any CPU
		{45BE1494-E6F4-415F-8206-2856FBD28F66}.Release|Mixed Platforms.Build.0 = Release|Any CPU
		{45BE1494-E6F4-415F-8206-2856FBD28F66}.Release|x86.ActiveCfg = Release|Any CPU
		{6E05A14A-9374-40FD-B8CA-C33B4108CBDB}.Debug|Any CPU.ActiveCfg = Debug|Any CPU
		{6E05A14A-9374-40FD-B8CA-C33B4108CBDB}.Debug|Any CPU.Build.0 = Debug|Any CPU
		{6E05A14A-9374-40FD-B8CA-C33B4108CBDB}.Debug|Mixed Platforms.ActiveCfg = Debug|Any CPU
		{6E05A14A-9374-40FD-B8CA-C33B4108CBDB}.Debug|Mixed Platforms.Build.0 = Debug|Any CPU
		{6E05A14A-9374-40FD-B8CA-C33B4108CBDB}.Debug|x86.ActiveCfg = Debug|Any CPU
		{6E05A14A-9374-40FD-B8CA-C33B4108CBDB}.Release|Any CPU.ActiveCfg = Release|Any CPU
		{6E05A14A-9374-40FD-B8CA-C33B4108CBDB}.Release|Any CPU.Build.0 = Release|Any CPU
		{6E05A14A-9374-40FD-B8CA-C33B4108CBDB}.Release|Mixed Platforms.ActiveCfg = Release|Any CPU
		{6E05A14A-9374-40FD-B8CA-C33B4108CBDB}.Release|Mixed Platforms.Build.0 = Release|Any CPU
		{6E05A14A-9374-40FD-B8CA-C33B4108CBDB}.Release|x86.ActiveCfg = Release|Any CPU
		{7D88B6EE-87D9-4FCC-BC90-91A5A6D7804B}.Debug|Any CPU.ActiveCfg = Debug|Any CPU
		{7D88B6EE-87D9-4FCC-BC90-91A5A6D7804B}.Debug|Any CPU.Build.0 = Debug|Any CPU
		{7D88B6EE-87D9-4FCC-BC90-91A5A6D7804B}.Debug|Mixed Platforms.ActiveCfg = Debug|Any CPU
		{7D88B6EE-87D9-4FCC-BC90-91A5A6D7804B}.Debug|Mixed Platforms.Build.0 = Debug|Any CPU
		{7D88B6EE-87D9-4FCC-BC90-91A5A6D7804B}.Debug|x86.ActiveCfg = Debug|Any CPU
		{7D88B6EE-87D9-4FCC-BC90-91A5A6D7804B}.Release|Any CPU.ActiveCfg = Release|Any CPU
		{7D88B6EE-87D9-4FCC-BC90-91A5A6D7804B}.Release|Any CPU.Build.0 = Release|Any CPU
		{7D88B6EE-87D9-4FCC-BC90-91A5A6D7804B}.Release|Mixed Platforms.ActiveCfg = Release|Any CPU
		{7D88B6EE-87D9-4FCC-BC90-91A5A6D7804B}.Release|Mixed Platforms.Build.0 = Release|Any CPU
		{7D88B6EE-87D9-4FCC-BC90-91A5A6D7804B}.Release|x86.ActiveCfg = Release|Any CPU
		{8B37223D-5BE4-482F-B9E1-99D4F40E40BF}.Debug|Any CPU.ActiveCfg = Debug|Any CPU
		{8B37223D-5BE4-482F-B9E1-99D4F40E40BF}.Debug|Any CPU.Build.0 = Debug|Any CPU
		{8B37223D-5BE4-482F-B9E1-99D4F40E40BF}.Debug|Mixed Platforms.ActiveCfg = Debug|Any CPU
		{8B37223D-5BE4-482F-B9E1-99D4F40E40BF}.Debug|Mixed Platforms.Build.0 = Debug|Any CPU
		{8B37223D-5BE4-482F-B9E1-99D4F40E40BF}.Debug|x86.ActiveCfg = Debug|Any CPU
		{8B37223D-5BE4-482F-B9E1-99D4F40E40BF}.Release|Any CPU.ActiveCfg = Release|Any CPU
		{8B37223D-5BE4-482F-B9E1-99D4F40E40BF}.Release|Any CPU.Build.0 = Release|Any CPU
		{8B37223D-5BE4-482F-B9E1-99D4F40E40BF}.Release|Mixed Platforms.ActiveCfg = Release|Any CPU
		{8B37223D-5BE4-482F-B9E1-99D4F40E40BF}.Release|Mixed Platforms.Build.0 = Release|Any CPU
		{8B37223D-5BE4-482F-B9E1-99D4F40E40BF}.Release|x86.ActiveCfg = Release|Any CPU
		{FE8DE41C-47CE-4DE5-BDAF-8CCF2F8A854E}.Debug|Any CPU.ActiveCfg = Debug|Any CPU
		{FE8DE41C-47CE-4DE5-BDAF-8CCF2F8A854E}.Debug|Any CPU.Build.0 = Debug|Any CPU
		{FE8DE41C-47CE-4DE5-BDAF-8CCF2F8A854E}.Debug|Mixed Platforms.ActiveCfg = Debug|Any CPU
		{FE8DE41C-47CE-4DE5-BDAF-8CCF2F8A854E}.Debug|Mixed Platforms.Build.0 = Debug|Any CPU
		{FE8DE41C-47CE-4DE5-BDAF-8CCF2F8A854E}.Debug|x86.ActiveCfg = Debug|Any CPU
		{FE8DE41C-47CE-4DE5-BDAF-8CCF2F8A854E}.Release|Any CPU.ActiveCfg = Release|Any CPU
		{FE8DE41C-47CE-4DE5-BDAF-8CCF2F8A854E}.Release|Any CPU.Build.0 = Release|Any CPU
		{FE8DE41C-47CE-4DE5-BDAF-8CCF2F8A854E}.Release|Mixed Platforms.ActiveCfg = Release|Any CPU
		{FE8DE41C-47CE-4DE5-BDAF-8CCF2F8A854E}.Release|Mixed Platforms.Build.0 = Release|Any CPU
		{FE8DE41C-47CE-4DE5-BDAF-8CCF2F8A854E}.Release|x86.ActiveCfg = Release|Any CPU
		{24AEC2DE-1132-4FE4-BA35-AD8DE374DB74}.Debug|Any CPU.ActiveCfg = Debug|Any CPU
		{24AEC2DE-1132-4FE4-BA35-AD8DE374DB74}.Debug|Any CPU.Build.0 = Debug|Any CPU
		{24AEC2DE-1132-4FE4-BA35-AD8DE374DB74}.Debug|Mixed Platforms.ActiveCfg = Debug|Any CPU
		{24AEC2DE-1132-4FE4-BA35-AD8DE374DB74}.Debug|Mixed Platforms.Build.0 = Debug|Any CPU
		{24AEC2DE-1132-4FE4-BA35-AD8DE374DB74}.Debug|x86.ActiveCfg = Debug|Any CPU
		{24AEC2DE-1132-4FE4-BA35-AD8DE374DB74}.Release|Any CPU.ActiveCfg = Release|Any CPU
		{24AEC2DE-1132-4FE4-BA35-AD8DE374DB74}.Release|Any CPU.Build.0 = Release|Any CPU
		{24AEC2DE-1132-4FE4-BA35-AD8DE374DB74}.Release|Mixed Platforms.ActiveCfg = Release|Any CPU
		{24AEC2DE-1132-4FE4-BA35-AD8DE374DB74}.Release|Mixed Platforms.Build.0 = Release|Any CPU
		{24AEC2DE-1132-4FE4-BA35-AD8DE374DB74}.Release|x86.ActiveCfg = Release|Any CPU
		{5A6CB6EB-7298-40B9-91FD-0378798D8F7C}.Debug|Any CPU.ActiveCfg = Debug|Any CPU
		{5A6CB6EB-7298-40B9-91FD-0378798D8F7C}.Debug|Any CPU.Build.0 = Debug|Any CPU
		{5A6CB6EB-7298-40B9-91FD-0378798D8F7C}.Debug|Mixed Platforms.ActiveCfg = Debug|Any CPU
		{5A6CB6EB-7298-40B9-91FD-0378798D8F7C}.Debug|Mixed Platforms.Build.0 = Debug|Any CPU
		{5A6CB6EB-7298-40B9-91FD-0378798D8F7C}.Debug|x86.ActiveCfg = Debug|Any CPU
		{5A6CB6EB-7298-40B9-91FD-0378798D8F7C}.Release|Any CPU.ActiveCfg = Release|Any CPU
		{5A6CB6EB-7298-40B9-91FD-0378798D8F7C}.Release|Any CPU.Build.0 = Release|Any CPU
		{5A6CB6EB-7298-40B9-91FD-0378798D8F7C}.Release|Mixed Platforms.ActiveCfg = Release|Any CPU
		{5A6CB6EB-7298-40B9-91FD-0378798D8F7C}.Release|Mixed Platforms.Build.0 = Release|Any CPU
		{5A6CB6EB-7298-40B9-91FD-0378798D8F7C}.Release|x86.ActiveCfg = Release|Any CPU
		{6E53CA3A-29FD-46A5-9110-CE0A3A69BB9D}.Debug|Any CPU.ActiveCfg = Debug|x86
		{6E53CA3A-29FD-46A5-9110-CE0A3A69BB9D}.Debug|Mixed Platforms.ActiveCfg = Debug|x86
		{6E53CA3A-29FD-46A5-9110-CE0A3A69BB9D}.Debug|Mixed Platforms.Build.0 = Debug|x86
		{6E53CA3A-29FD-46A5-9110-CE0A3A69BB9D}.Debug|x86.ActiveCfg = Debug|x86
		{6E53CA3A-29FD-46A5-9110-CE0A3A69BB9D}.Debug|x86.Build.0 = Debug|x86
		{6E53CA3A-29FD-46A5-9110-CE0A3A69BB9D}.Release|Any CPU.ActiveCfg = Release|x86
		{6E53CA3A-29FD-46A5-9110-CE0A3A69BB9D}.Release|Mixed Platforms.ActiveCfg = Release|x86
		{6E53CA3A-29FD-46A5-9110-CE0A3A69BB9D}.Release|Mixed Platforms.Build.0 = Release|x86
		{6E53CA3A-29FD-46A5-9110-CE0A3A69BB9D}.Release|x86.ActiveCfg = Release|x86
		{6E53CA3A-29FD-46A5-9110-CE0A3A69BB9D}.Release|x86.Build.0 = Release|x86
		{5C1D555E-0F85-4B00-9410-E4C5404636AA}.Debug|Any CPU.ActiveCfg = Debug|Any CPU
		{5C1D555E-0F85-4B00-9410-E4C5404636AA}.Debug|Any CPU.Build.0 = Debug|Any CPU
		{5C1D555E-0F85-4B00-9410-E4C5404636AA}.Debug|Mixed Platforms.ActiveCfg = Debug|Any CPU
		{5C1D555E-0F85-4B00-9410-E4C5404636AA}.Debug|Mixed Platforms.Build.0 = Debug|Any CPU
		{5C1D555E-0F85-4B00-9410-E4C5404636AA}.Debug|x86.ActiveCfg = Debug|Any CPU
		{5C1D555E-0F85-4B00-9410-E4C5404636AA}.Release|Any CPU.ActiveCfg = Release|Any CPU
		{5C1D555E-0F85-4B00-9410-E4C5404636AA}.Release|Any CPU.Build.0 = Release|Any CPU
		{5C1D555E-0F85-4B00-9410-E4C5404636AA}.Release|Mixed Platforms.ActiveCfg = Release|Any CPU
		{5C1D555E-0F85-4B00-9410-E4C5404636AA}.Release|Mixed Platforms.Build.0 = Release|Any CPU
		{5C1D555E-0F85-4B00-9410-E4C5404636AA}.Release|x86.ActiveCfg = Release|Any CPU
		{4C9A3BE9-2E8F-44B1-965B-42AD35D36071}.Debug|Any CPU.ActiveCfg = Debug|Any CPU
		{4C9A3BE9-2E8F-44B1-965B-42AD35D36071}.Debug|Any CPU.Build.0 = Debug|Any CPU
		{4C9A3BE9-2E8F-44B1-965B-42AD35D36071}.Debug|Mixed Platforms.ActiveCfg = Debug|Any CPU
		{4C9A3BE9-2E8F-44B1-965B-42AD35D36071}.Debug|Mixed Platforms.Build.0 = Debug|Any CPU
		{4C9A3BE9-2E8F-44B1-965B-42AD35D36071}.Debug|x86.ActiveCfg = Debug|Any CPU
		{4C9A3BE9-2E8F-44B1-965B-42AD35D36071}.Release|Any CPU.ActiveCfg = Release|Any CPU
		{4C9A3BE9-2E8F-44B1-965B-42AD35D36071}.Release|Any CPU.Build.0 = Release|Any CPU
		{4C9A3BE9-2E8F-44B1-965B-42AD35D36071}.Release|Mixed Platforms.ActiveCfg = Release|Any CPU
		{4C9A3BE9-2E8F-44B1-965B-42AD35D36071}.Release|Mixed Platforms.Build.0 = Release|Any CPU
		{4C9A3BE9-2E8F-44B1-965B-42AD35D36071}.Release|x86.ActiveCfg = Release|Any CPU
		{266522EB-9DCB-451A-8CD7-678188DCB5F6}.Debug|Any CPU.ActiveCfg = Debug|Any CPU
		{266522EB-9DCB-451A-8CD7-678188DCB5F6}.Debug|Any CPU.Build.0 = Debug|Any CPU
		{266522EB-9DCB-451A-8CD7-678188DCB5F6}.Debug|Mixed Platforms.ActiveCfg = Debug|Any CPU
		{266522EB-9DCB-451A-8CD7-678188DCB5F6}.Debug|Mixed Platforms.Build.0 = Debug|Any CPU
		{266522EB-9DCB-451A-8CD7-678188DCB5F6}.Debug|x86.ActiveCfg = Debug|Any CPU
		{266522EB-9DCB-451A-8CD7-678188DCB5F6}.Release|Any CPU.ActiveCfg = Release|Any CPU
		{266522EB-9DCB-451A-8CD7-678188DCB5F6}.Release|Any CPU.Build.0 = Release|Any CPU
		{266522EB-9DCB-451A-8CD7-678188DCB5F6}.Release|Mixed Platforms.ActiveCfg = Release|Any CPU
		{266522EB-9DCB-451A-8CD7-678188DCB5F6}.Release|Mixed Platforms.Build.0 = Release|Any CPU
		{266522EB-9DCB-451A-8CD7-678188DCB5F6}.Release|x86.ActiveCfg = Release|Any CPU
		{A763CC8F-835E-444C-9A9F-88E7A443C1B2}.Debug|Any CPU.ActiveCfg = Debug|Any CPU
		{A763CC8F-835E-444C-9A9F-88E7A443C1B2}.Debug|Any CPU.Build.0 = Debug|Any CPU
		{A763CC8F-835E-444C-9A9F-88E7A443C1B2}.Debug|Mixed Platforms.ActiveCfg = Debug|Any CPU
		{A763CC8F-835E-444C-9A9F-88E7A443C1B2}.Debug|Mixed Platforms.Build.0 = Debug|Any CPU
		{A763CC8F-835E-444C-9A9F-88E7A443C1B2}.Debug|x86.ActiveCfg = Debug|Any CPU
		{A763CC8F-835E-444C-9A9F-88E7A443C1B2}.Release|Any CPU.ActiveCfg = Release|Any CPU
		{A763CC8F-835E-444C-9A9F-88E7A443C1B2}.Release|Any CPU.Build.0 = Release|Any CPU
		{A763CC8F-835E-444C-9A9F-88E7A443C1B2}.Release|Mixed Platforms.ActiveCfg = Release|Any CPU
		{A763CC8F-835E-444C-9A9F-88E7A443C1B2}.Release|Mixed Platforms.Build.0 = Release|Any CPU
		{A763CC8F-835E-444C-9A9F-88E7A443C1B2}.Release|x86.ActiveCfg = Release|Any CPU
	EndGlobalSection
	GlobalSection(SolutionProperties) = preSolution
		HideSolutionNode = FALSE
	EndGlobalSection
	GlobalSection(NestedProjects) = preSolution
		{23E54945-0126-43BE-A3FC-5F61AF5BDFF3} = {0F6D840F-1B1D-47DF-9007-C725CB01A384}
		{45BE1494-E6F4-415F-8206-2856FBD28F66} = {0F6D840F-1B1D-47DF-9007-C725CB01A384}
		{266522EB-9DCB-451A-8CD7-678188DCB5F6} = {0F6D840F-1B1D-47DF-9007-C725CB01A384}
		{A763CC8F-835E-444C-9A9F-88E7A443C1B2} = {0F6D840F-1B1D-47DF-9007-C725CB01A384}
		{20E26EB4-2A50-4D6B-B946-EF7E64F497E8} = {3BBD53CF-FD94-413D-B3B8-C2A0D9AAC4DC}
		{41DA2181-3591-447B-A183-E79D34AA7907} = {3BBD53CF-FD94-413D-B3B8-C2A0D9AAC4DC}
		{16914DD0-5805-4250-879B-26FEB00FA7BD} = {3BBD53CF-FD94-413D-B3B8-C2A0D9AAC4DC}
		{FE8DE41C-47CE-4DE5-BDAF-8CCF2F8A854E} = {3BBD53CF-FD94-413D-B3B8-C2A0D9AAC4DC}
		{5C1D555E-0F85-4B00-9410-E4C5404636AA} = {3BBD53CF-FD94-413D-B3B8-C2A0D9AAC4DC}
		{0505E426-7710-4783-8D70-6B6DD1667ADB} = {E1D2BCBC-4FA7-4B80-B80D-1E2FF04F9EB8}
		{DA32E74A-CC64-45F7-8602-C08FC93BF8B7} = {E1D2BCBC-4FA7-4B80-B80D-1E2FF04F9EB8}
		{7E01FCA6-DB43-4A18-A38B-7E4BBF1C0300} = {A2ECBC2B-7305-4326-8B33-5F1F45F60FAE}
		{24AEC2DE-1132-4FE4-BA35-AD8DE374DB74} = {A2ECBC2B-7305-4326-8B33-5F1F45F60FAE}
		{6E53CA3A-29FD-46A5-9110-CE0A3A69BB9D} = {A2ECBC2B-7305-4326-8B33-5F1F45F60FAE}
		{4C9A3BE9-2E8F-44B1-965B-42AD35D36071} = {A2ECBC2B-7305-4326-8B33-5F1F45F60FAE}
		{4E870DA1-42F8-4FF2-8172-5676DAB9959B} = {A2ECBC2B-7305-4326-8B33-5F1F45F60FAE}
		{ADA070F7-75E5-4D33-AA48-534C5F8ABDCC} = {9F74F4C2-9999-4E1D-93DD-413B4E40DE5A}
		{5A6CB6EB-7298-40B9-91FD-0378798D8F7C} = {4E870DA1-42F8-4FF2-8172-5676DAB9959B}
		{8B37223D-5BE4-482F-B9E1-99D4F40E40BF} = {4E870DA1-42F8-4FF2-8172-5676DAB9959B}
		{6E05A14A-9374-40FD-B8CA-C33B4108CBDB} = {4E870DA1-42F8-4FF2-8172-5676DAB9959B}
		{7D88B6EE-87D9-4FCC-BC90-91A5A6D7804B} = {4E870DA1-42F8-4FF2-8172-5676DAB9959B}
	EndGlobalSection
EndGlobal
