
Microsoft Visual Studio Solution File, Format Version 12.00
# Visual Studio 2012
Project("{FAE04EC0-301F-11D3-BF4B-00C04F79EFBC}") = "TecX.Common", "TecX.Common\TecX.Common.csproj", "{F749C03B-EC1A-460E-ACF8-05F70AD7512A}"
EndProject
Project("{FAE04EC0-301F-11D3-BF4B-00C04F79EFBC}") = "TecX.Common.Test", "TecX.Common.Test\TecX.Common.Test.csproj", "{20E26EB4-2A50-4D6B-B946-EF7E64F497E8}"
EndProject
Project("{FAE04EC0-301F-11D3-BF4B-00C04F79EFBC}") = "TecX.TestTools", "TecX.TestTools\TecX.TestTools.csproj", "{ADA070F7-75E5-4D33-AA48-534C5F8ABDCC}"
EndProject
Project("{FAE04EC0-301F-11D3-BF4B-00C04F79EFBC}") = "TecX.TestTools.Test", "TecX.TestTools.Test\TecX.TestTools.Test.csproj", "{41DA2181-3591-447B-A183-E79D34AA7907}"
EndProject
Project("{2150E333-8FDC-42A3-9474-1A3956D46DE8}") = "Solution Items", "Solution Items", "{FB761D15-4518-4694-9D8C-B7BC9C7F5B44}"
	ProjectSection(SolutionItems) = preProject
		Local.testsettings = Local.testsettings
		TecX.Common.vsmdi = TecX.Common.vsmdi
		TraceAndTestImpact.testsettings = TraceAndTestImpact.testsettings
	EndProjectSection
EndProject
Project("{FAE04EC0-301F-11D3-BF4B-00C04F79EFBC}") = "TecX.Import", "TecX.Import\TecX.Import.csproj", "{80A96B15-71FC-44D9-A724-71E9D4268F38}"
EndProject
Project("{FAE04EC0-301F-11D3-BF4B-00C04F79EFBC}") = "TecX.Import.Test", "TecX.Import.Test\TecX.Import.Test.csproj", "{FFFA0403-9C2C-45AC-B411-C9D624281187}"
EndProject
Global
	GlobalSection(MercurialSourceControlSolutionProperties) = preSolution
		SolutionIsControlled = True
		SolutionBindings = <Solution Location In Database>
	EndGlobalSection
	GlobalSection(TestCaseManagementSettings) = postSolution
		CategoryFile = TecX.Common.vsmdi
	EndGlobalSection
	GlobalSection(SolutionConfigurationPlatforms) = preSolution
		Debug|Any CPU = Debug|Any CPU
		Release|Any CPU = Release|Any CPU
	EndGlobalSection
	GlobalSection(ProjectConfigurationPlatforms) = postSolution
		{F749C03B-EC1A-460E-ACF8-05F70AD7512A}.Debug|Any CPU.ActiveCfg = Debug|Any CPU
		{F749C03B-EC1A-460E-ACF8-05F70AD7512A}.Debug|Any CPU.Build.0 = Debug|Any CPU
		{F749C03B-EC1A-460E-ACF8-05F70AD7512A}.Release|Any CPU.ActiveCfg = Release|Any CPU
		{F749C03B-EC1A-460E-ACF8-05F70AD7512A}.Release|Any CPU.Build.0 = Release|Any CPU
		{20E26EB4-2A50-4D6B-B946-EF7E64F497E8}.Debug|Any CPU.ActiveCfg = Debug|Any CPU
		{20E26EB4-2A50-4D6B-B946-EF7E64F497E8}.Debug|Any CPU.Build.0 = Debug|Any CPU
		{20E26EB4-2A50-4D6B-B946-EF7E64F497E8}.Release|Any CPU.ActiveCfg = Release|Any CPU
		{20E26EB4-2A50-4D6B-B946-EF7E64F497E8}.Release|Any CPU.Build.0 = Release|Any CPU
		{ADA070F7-75E5-4D33-AA48-534C5F8ABDCC}.Debug|Any CPU.ActiveCfg = Debug|Any CPU
		{ADA070F7-75E5-4D33-AA48-534C5F8ABDCC}.Debug|Any CPU.Build.0 = Debug|Any CPU
		{ADA070F7-75E5-4D33-AA48-534C5F8ABDCC}.Release|Any CPU.ActiveCfg = Release|Any CPU
		{ADA070F7-75E5-4D33-AA48-534C5F8ABDCC}.Release|Any CPU.Build.0 = Release|Any CPU
		{41DA2181-3591-447B-A183-E79D34AA7907}.Debug|Any CPU.ActiveCfg = Debug|Any CPU
		{41DA2181-3591-447B-A183-E79D34AA7907}.Debug|Any CPU.Build.0 = Debug|Any CPU
		{41DA2181-3591-447B-A183-E79D34AA7907}.Release|Any CPU.ActiveCfg = Release|Any CPU
		{41DA2181-3591-447B-A183-E79D34AA7907}.Release|Any CPU.Build.0 = Release|Any CPU
		{80A96B15-71FC-44D9-A724-71E9D4268F38}.Debug|Any CPU.ActiveCfg = Debug|Any CPU
		{80A96B15-71FC-44D9-A724-71E9D4268F38}.Debug|Any CPU.Build.0 = Debug|Any CPU
		{80A96B15-71FC-44D9-A724-71E9D4268F38}.Release|Any CPU.ActiveCfg = Release|Any CPU
		{80A96B15-71FC-44D9-A724-71E9D4268F38}.Release|Any CPU.Build.0 = Release|Any CPU
		{FFFA0403-9C2C-45AC-B411-C9D624281187}.Debug|Any CPU.ActiveCfg = Debug|Any CPU
		{FFFA0403-9C2C-45AC-B411-C9D624281187}.Debug|Any CPU.Build.0 = Debug|Any CPU
		{FFFA0403-9C2C-45AC-B411-C9D624281187}.Release|Any CPU.ActiveCfg = Release|Any CPU
		{FFFA0403-9C2C-45AC-B411-C9D624281187}.Release|Any CPU.Build.0 = Release|Any CPU
	EndGlobalSection
	GlobalSection(SolutionProperties) = preSolution
		HideSolutionNode = FALSE
	EndGlobalSection
	GlobalSection(ExtensibilityGlobals) = postSolution
		EnterpriseLibraryConfigurationToolBinariesPath = packages\Unity.2.1.505.0\lib\NET35;packages\Unity.Interception.2.1.505.0\lib\NET35;packages\EnterpriseLibrary.Common.5.0.505.0\lib\NET35;packages\EnterpriseLibrary.Logging.5.0.505.1\lib\NET35
	EndGlobalSection
EndGlobal
