
Microsoft Visual Studio Solution File, Format Version 11.00
# Visual Studio 2010
Project("{FAE04EC0-301F-11D3-BF4B-00C04F79EFBC}") = "TecX.Common.Test", "TecX.Common.Test\TecX.Common.Test.csproj", "{20E26EB4-2A50-4D6B-B946-EF7E64F497E8}"
EndProject
Project("{2150E333-8FDC-42A3-9474-1A3956D46DE8}") = "Solution Items", "Solution Items", "{152B0C27-6933-4AD1-8757-0D6C7F087C35}"
	ProjectSection(SolutionItems) = preProject
		CommonFiles\GlobalAssemblyVersion.cs = CommonFiles\GlobalAssemblyVersion.cs
		Local.testsettings = Local.testsettings
		TecX.vsmdi = TecX.vsmdi
		TraceAndTestImpact.testsettings = TraceAndTestImpact.testsettings
	EndProjectSection
EndProject
Project("{2150E333-8FDC-42A3-9474-1A3956D46DE8}") = "01 Common", "01 Common", "{0F6D840F-1B1D-47DF-9007-C725CB01A384}"
EndProject
Project("{2150E333-8FDC-42A3-9474-1A3956D46DE8}") = "99 Tests", "99 Tests", "{3BBD53CF-FD94-413D-B3B8-C2A0D9AAC4DC}"
EndProject
Project("{2150E333-8FDC-42A3-9474-1A3956D46DE8}") = "03 WCF", "03 WCF", "{E1D2BCBC-4FA7-4B80-B80D-1E2FF04F9EB8}"
EndProject
Project("{2150E333-8FDC-42A3-9474-1A3956D46DE8}") = "05 Agile", "05 Agile", "{A2ECBC2B-7305-4326-8B33-5F1F45F60FAE}"
EndProject
Project("{FAE04EC0-301F-11D3-BF4B-00C04F79EFBC}") = "TecX.TestTools", "TecX.TestTools\TecX.TestTools.csproj", "{ADA070F7-75E5-4D33-AA48-534C5F8ABDCC}"
EndProject
Project("{FAE04EC0-301F-11D3-BF4B-00C04F79EFBC}") = "TecX.TestTools.Test", "TecX.TestTools.Test\TecX.TestTools.Test.csproj", "{41DA2181-3591-447B-A183-E79D34AA7907}"
EndProject
Project("{FAE04EC0-301F-11D3-BF4B-00C04F79EFBC}") = "TecX.ServiceModel.Unity", "TecX.ServiceModel.Unity\TecX.ServiceModel.Unity.csproj", "{0505E426-7710-4783-8D70-6B6DD1667ADB}"
EndProject
Project("{FAE04EC0-301F-11D3-BF4B-00C04F79EFBC}") = "TecX.ServiceModel.AutoMagic", "TecX.ServiceModel.AutoMagic\TecX.ServiceModel.AutoMagic.csproj", "{DA32E74A-CC64-45F7-8602-C08FC93BF8B7}"
EndProject
Project("{FAE04EC0-301F-11D3-BF4B-00C04F79EFBC}") = "TecX.Agile", "TecX.Agile\TecX.Agile.csproj", "{7E01FCA6-DB43-4A18-A38B-7E4BBF1C0300}"
EndProject
Project("{FAE04EC0-301F-11D3-BF4B-00C04F79EFBC}") = "TecX.Agile.Test", "TecX.Agile.Test\TecX.Agile.Test.csproj", "{16914DD0-5805-4250-879B-26FEB00FA7BD}"
EndProject
Project("{FAE04EC0-301F-11D3-BF4B-00C04F79EFBC}") = "TecX.Common.EntLib", "TecX.Common.EntLib\TecX.Common.EntLib.csproj", "{45BE1494-E6F4-415F-8206-2856FBD28F66}"
EndProject
Project("{FAE04EC0-301F-11D3-BF4B-00C04F79EFBC}") = "TecX.Agile.Data.Json", "TecX.Agile.Data.Json\TecX.Agile.Data.Json.csproj", "{6E05A14A-9374-40FD-B8CA-C33B4108CBDB}"
EndProject
Project("{FAE04EC0-301F-11D3-BF4B-00C04F79EFBC}") = "TecX.Agile.Data.Xml", "TecX.Agile.Data.Xml\TecX.Agile.Data.Xml.csproj", "{7D88B6EE-87D9-4FCC-BC90-91A5A6D7804B}"
EndProject
Project("{FAE04EC0-301F-11D3-BF4B-00C04F79EFBC}") = "TecX.Agile.Data.File", "TecX.Agile.Data.File\TecX.Agile.Data.File.csproj", "{8B37223D-5BE4-482F-B9E1-99D4F40E40BF}"
EndProject
Project("{FAE04EC0-301F-11D3-BF4B-00C04F79EFBC}") = "TecX.Agile.Data.Test", "TecX.Agile.Data.Test\TecX.Agile.Data.Test.csproj", "{FE8DE41C-47CE-4DE5-BDAF-8CCF2F8A854E}"
EndProject
Project("{FAE04EC0-301F-11D3-BF4B-00C04F79EFBC}") = "TecX.Agile.Error", "TecX.Agile.Error\TecX.Agile.Error.csproj", "{24AEC2DE-1132-4FE4-BA35-AD8DE374DB74}"
EndProject
Project("{FAE04EC0-301F-11D3-BF4B-00C04F79EFBC}") = "TecX.Agile.Data", "TecX.Agile.Data\TecX.Agile.Data.csproj", "{5A6CB6EB-7298-40B9-91FD-0378798D8F7C}"
EndProject
Project("{2150E333-8FDC-42A3-9474-1A3956D46DE8}") = "98 Test Tools", "98 Test Tools", "{9F74F4C2-9999-4E1D-93DD-413B4E40DE5A}"
EndProject
Project("{FAE04EC0-301F-11D3-BF4B-00C04F79EFBC}") = "TecX.Agile.Planner", "TecX.Agile.Planner\TecX.Agile.Planner.csproj", "{6E53CA3A-29FD-46A5-9110-CE0A3A69BB9D}"
EndProject
Project("{FAE04EC0-301F-11D3-BF4B-00C04F79EFBC}") = "TecX.Agile.Peer.Test", "TecX.Agile.Peer.Test\TecX.Agile.Peer.Test.csproj", "{5C1D555E-0F85-4B00-9410-E4C5404636AA}"
EndProject
Project("{FAE04EC0-301F-11D3-BF4B-00C04F79EFBC}") = "TecX.Agile.Peer", "TecX.Agile.Peer\TecX.Agile.Peer.csproj", "{4C9A3BE9-2E8F-44B1-965B-42AD35D36071}"
EndProject
Project("{FAE04EC0-301F-11D3-BF4B-00C04F79EFBC}") = "TecX.Common.Event", "TecX.Common.Event\TecX.Common.Event.csproj", "{266522EB-9DCB-451A-8CD7-678188DCB5F6}"
EndProject
Project("{FAE04EC0-301F-11D3-BF4B-00C04F79EFBC}") = "TecX.Common.Event.Unity", "TecX.Common.Event.Unity\TecX.Common.Event.Unity.csproj", "{A763CC8F-835E-444C-9A9F-88E7A443C1B2}"
EndProject
Project("{2150E333-8FDC-42A3-9474-1A3956D46DE8}") = "Data", "Data", "{4E870DA1-42F8-4FF2-8172-5676DAB9959B}"
EndProject
Project("{FAE04EC0-301F-11D3-BF4B-00C04F79EFBC}") = "TecX.ServiceModel.Test", "TecX.ServiceModel.Test\TecX.ServiceModel.Test.csproj", "{A5CEF853-8C98-4CE6-AD43-E78D86A4235E}"
EndProject
Project("{FAE04EC0-301F-11D3-BF4B-00C04F79EFBC}") = "TecX.Agile.View", "TecX.Agile.View\TecX.Agile.View.csproj", "{09B2D14D-9911-4CDA-A175-43754A2AAAFE}"
EndProject
Project("{FAE04EC0-301F-11D3-BF4B-00C04F79EFBC}") = "TecX.Unity", "TecX.Unity\TecX.Unity.csproj", "{69621991-8933-41FD-8493-87E7FA5A26FE}"
EndProject
Project("{FAE04EC0-301F-11D3-BF4B-00C04F79EFBC}") = "TecX.Unity.Test", "TecX.Unity.Test\TecX.Unity.Test.csproj", "{943AD349-5431-4B9F-9DF4-A6DF5390B484}"
EndProject
Project("{2150E333-8FDC-42A3-9474-1A3956D46DE8}") = "07 Unity", "07 Unity", "{1EAD9709-4A11-4DC2-A8EF-6005BA4E36EA}"
EndProject
Project("{FAE04EC0-301F-11D3-BF4B-00C04F79EFBC}") = "TecX.Common", "TecX.Common\TecX.Common.csproj", "{F749C03B-EC1A-460E-ACF8-05F70AD7512A}"
EndProject
Project("{FAE04EC0-301F-11D3-BF4B-00C04F79EFBC}") = "TecX.Undo", "TecX.Undo\TecX.Undo.csproj", "{692D5946-BFB5-46EC-A012-5FBF853A93EE}"
EndProject
Project("{2150E333-8FDC-42A3-9474-1A3956D46DE8}") = "08 Undo", "08 Undo", "{E6BC7155-A2F0-4353-A57C-36A237193155}"
EndProject
Project("{FAE04EC0-301F-11D3-BF4B-00C04F79EFBC}") = "TecX.Undo.Test", "TecX.Undo.Test\TecX.Undo.Test.csproj", "{148699A6-388F-45A5-A9B5-DA1C2BDDD168}"
EndProject
Project("{2150E333-8FDC-42A3-9474-1A3956D46DE8}") = "09 Prism", "09 Prism", "{BC5057D0-37DD-40FD-98BE-0FF01551FEFE}"
EndProject
Project("{FAE04EC0-301F-11D3-BF4B-00C04F79EFBC}") = "TecX.Prism", "TecX.Prism\TecX.Prism.csproj", "{FA168E91-F953-4C22-9727-4462E9DF74EF}"
EndProject
Project("{FAE04EC0-301F-11D3-BF4B-00C04F79EFBC}") = "TecX.Agile.Infrastructure", "TecX.Agile.Infrastructure\TecX.Agile.Infrastructure.csproj", "{2BF60432-F87E-4D45-8B0D-7EC35F3384D5}"
EndProject
Project("{FAE04EC0-301F-11D3-BF4B-00C04F79EFBC}") = "TecX.Agile.Modules.Main", "TecX.Agile.Modules.Main\TecX.Agile.Modules.Main.csproj", "{1EB35F86-DA6C-4691-A2C5-8587129B520D}"
EndProject
Project("{2150E333-8FDC-42A3-9474-1A3956D46DE8}") = "Modules", "Modules", "{83F73BB7-5B6F-469E-9376-AF196CFFA146}"
EndProject
Project("{FAE04EC0-301F-11D3-BF4B-00C04F79EFBC}") = "TecX.Agile.ViewModel", "TecX.Agile.ViewModel\TecX.Agile.ViewModel.csproj", "{E4698C1F-EF98-480C-B923-BB986C2B7F37}"
EndProject
Project("{FAE04EC0-301F-11D3-BF4B-00C04F79EFBC}") = "TecX.Agile.ViewModel.Test", "TecX.Agile.ViewModel.Test\TecX.Agile.ViewModel.Test.csproj", "{3600E042-48AC-4756-9F36-E8642E81EB61}"
EndProject
Project("{FAE04EC0-301F-11D3-BF4B-00C04F79EFBC}") = "TecX.Unity.ContextualBinding", "TecX.Unity.ContextualBinding\TecX.Unity.ContextualBinding.csproj", "{DC6E218E-4C6C-41DB-A13E-9464985EB6BF}"
EndProject
Project("{FAE04EC0-301F-11D3-BF4B-00C04F79EFBC}") = "Unity.2010", "..\..\lib\Unity2\src\Unity\Unity.2010.csproj", "{EE1F752C-1FAB-41AD-AD63-857D0E62AB6B}"
EndProject
Project("{FAE04EC0-301F-11D3-BF4B-00C04F79EFBC}") = "Unity.Interception.2010", "..\..\lib\Unity2\src\Unity.Interception\Unity.Interception.2010.csproj", "{F8186B23-B0E1-4646-B5F3-14357841E2BA}"
EndProject
Project("{FAE04EC0-301F-11D3-BF4B-00C04F79EFBC}") = "TecX.Unity.ContextualBinding.Test", "TecX.Unity.ContextualBinding.Test\TecX.Unity.ContextualBinding.Test.csproj", "{DE4BB6EE-FF88-4F8D-B19E-AEAE374A0192}"
EndProject
Project("{FAE04EC0-301F-11D3-BF4B-00C04F79EFBC}") = "TecX.Agile.View.Test", "TecX.Agile.View.Test\TecX.Agile.View.Test.csproj", "{8A9CDA60-166B-4B5A-82B7-5B6313C6368A}"
EndProject
Project("{FAE04EC0-301F-11D3-BF4B-00C04F79EFBC}") = "TecX.Agile.ChangeTracking", "TecX.Agile.ChangeTracking\TecX.Agile.ChangeTracking.csproj", "{E7D68497-0BAC-44D6-95DC-F05A7EB203FC}"
EndProject
Project("{FAE04EC0-301F-11D3-BF4B-00C04F79EFBC}") = "TecX.Agile.Remote", "TecX.Agile.Remote\TecX.Agile.Remote.csproj", "{0150B33A-390B-423D-9A2B-59BEDF902A38}"
EndProject
Project("{FAE04EC0-301F-11D3-BF4B-00C04F79EFBC}") = "TecX.Agile.Undo", "TecX.Agile.Undo\TecX.Agile.Undo.csproj", "{61A12638-28BA-4A67-AD53-E94D7EE25675}"
EndProject
Project("{FAE04EC0-301F-11D3-BF4B-00C04F79EFBC}") = "TecX.Agile.Modules.Gestures", "TecX.Agile.Modules.Gestures\TecX.Agile.Modules.Gestures.csproj", "{41785223-CF12-4A54-9D09-E017A5C362E9}"
EndProject
Project("{FAE04EC0-301F-11D3-BF4B-00C04F79EFBC}") = "TecX.Agile.Data.Tfs", "TecX.Agile.Data.Tfs\TecX.Agile.Data.Tfs.csproj", "{1A3E51FF-8DA1-4D8D-B7A3-4E6B3625A955}"
EndProject
Project("{FAE04EC0-301F-11D3-BF4B-00C04F79EFBC}") = "TecX.Agile.Moduls.Speech", "TecX.Agile.Moduls.Speech\TecX.Agile.Moduls.Speech.csproj", "{14949F38-1BE4-4733-9B72-49D7454AF88F}"
EndProject
Project("{FAE04EC0-301F-11D3-BF4B-00C04F79EFBC}") = "TecX.Agile.Modules.SysInfo", "TecX.Agile.Modules.SysInfo\TecX.Agile.Modules.SysInfo.csproj", "{EB3BA3A6-B5B6-48FB-A465-AE8FFC1D88A0}"
EndProject
Global
	GlobalSection(TeamFoundationVersionControl) = preSolution
		SccNumberOfProjects = 44
		SccEnterpriseProvider = {4CA58AB2-18FA-4F8D-95D4-32DDF27D184C}
		SccTeamFoundationServer = https://tfs.codeplex.com/tfs/tfs04
		SccLocalPath0 = .
		SccProjectUniqueName1 = TecX.Common.Test\\TecX.Common.Test.csproj
		SccProjectTopLevelParentUniqueName1 = TecX.sln
		SccProjectName1 = TecX.Common.Test
		SccLocalPath1 = TecX.Common.Test
		SccProjectUniqueName2 = TecX.TestTools\\TecX.TestTools.csproj
		SccProjectTopLevelParentUniqueName2 = TecX.sln
		SccProjectName2 = TecX.TestTools
		SccLocalPath2 = TecX.TestTools
		SccProjectUniqueName3 = TecX.TestTools.Test\\TecX.TestTools.Test.csproj
		SccProjectTopLevelParentUniqueName3 = TecX.sln
		SccProjectName3 = TecX.TestTools.Test
		SccLocalPath3 = TecX.TestTools.Test
		SccProjectUniqueName4 = TecX.ServiceModel.Unity\\TecX.ServiceModel.Unity.csproj
		SccProjectTopLevelParentUniqueName4 = TecX.sln
		SccProjectName4 = TecX.ServiceModel.Unity
		SccLocalPath4 = TecX.ServiceModel.Unity
		SccProjectUniqueName5 = TecX.ServiceModel.AutoMagic\\TecX.ServiceModel.AutoMagic.csproj
		SccProjectTopLevelParentUniqueName5 = TecX.sln
		SccProjectName5 = TecX.ServiceModel.AutoMagic
		SccLocalPath5 = TecX.ServiceModel.AutoMagic
		SccProjectUniqueName6 = TecX.Agile\\TecX.Agile.csproj
		SccProjectTopLevelParentUniqueName6 = TecX.sln
		SccProjectName6 = TecX.Agile
		SccLocalPath6 = TecX.Agile
		SccProjectUniqueName7 = TecX.Agile.Test\\TecX.Agile.Test.csproj
		SccProjectTopLevelParentUniqueName7 = TecX.sln
		SccProjectName7 = TecX.Agile.Test
		SccLocalPath7 = TecX.Agile.Test
		SccProjectUniqueName8 = TecX.Common.EntLib\\TecX.Common.EntLib.csproj
		SccProjectTopLevelParentUniqueName8 = TecX.sln
		SccProjectName8 = TecX.Common.EntLib
		SccLocalPath8 = TecX.Common.EntLib
		SccProjectUniqueName9 = TecX.Agile.Data.Json\\TecX.Agile.Data.Json.csproj
		SccProjectTopLevelParentUniqueName9 = TecX.sln
		SccProjectName9 = TecX.Agile.Data.Json
		SccLocalPath9 = TecX.Agile.Data.Json
		SccProjectUniqueName10 = TecX.Agile.Data.Xml\\TecX.Agile.Data.Xml.csproj
		SccProjectTopLevelParentUniqueName10 = TecX.sln
		SccProjectName10 = TecX.Agile.Data.Xml
		SccLocalPath10 = TecX.Agile.Data.Xml
		SccProjectUniqueName11 = TecX.Agile.Data.File\\TecX.Agile.Data.File.csproj
		SccProjectTopLevelParentUniqueName11 = TecX.sln
		SccProjectName11 = TecX.Agile.Data.File
		SccLocalPath11 = TecX.Agile.Data.File
		SccProjectUniqueName12 = TecX.Agile.Data.Test\\TecX.Agile.Data.Test.csproj
		SccProjectTopLevelParentUniqueName12 = TecX.sln
		SccProjectName12 = TecX.Agile.Data.Test
		SccLocalPath12 = TecX.Agile.Data.Test
		SccProjectUniqueName13 = TecX.Agile.Error\\TecX.Agile.Error.csproj
		SccProjectTopLevelParentUniqueName13 = TecX.sln
		SccProjectName13 = TecX.Agile.Error
		SccLocalPath13 = TecX.Agile.Error
		SccProjectUniqueName14 = TecX.Agile.Data\\TecX.Agile.Data.csproj
		SccProjectTopLevelParentUniqueName14 = TecX.sln
		SccProjectName14 = TecX.Agile.Data
		SccLocalPath14 = TecX.Agile.Data
		SccProjectUniqueName15 = TecX.Agile.Planner\\TecX.Agile.Planner.csproj
		SccProjectTopLevelParentUniqueName15 = TecX.sln
		SccProjectName15 = TecX.Agile.Planner
		SccLocalPath15 = TecX.Agile.Planner
		SccProjectUniqueName16 = TecX.Agile.Peer.Test\\TecX.Agile.Peer.Test.csproj
		SccProjectTopLevelParentUniqueName16 = TecX.sln
		SccProjectName16 = TecX.Agile.Peer.Test
		SccLocalPath16 = TecX.Agile.Peer.Test
		SccProjectUniqueName17 = TecX.Agile.Peer\\TecX.Agile.Peer.csproj
		SccProjectTopLevelParentUniqueName17 = TecX.sln
		SccProjectName17 = TecX.Agile.Peer
		SccLocalPath17 = TecX.Agile.Peer
		SccProjectUniqueName18 = TecX.Common.Event\\TecX.Common.Event.csproj
		SccProjectTopLevelParentUniqueName18 = TecX.sln
		SccProjectName18 = TecX.Common.Event
		SccLocalPath18 = TecX.Common.Event
		SccProjectUniqueName19 = TecX.Common.Event.Unity\\TecX.Common.Event.Unity.csproj
		SccProjectTopLevelParentUniqueName19 = TecX.sln
		SccProjectName19 = TecX.Common.Event.Unity
		SccLocalPath19 = TecX.Common.Event.Unity
		SccProjectUniqueName20 = TecX.ServiceModel.Test\\TecX.ServiceModel.Test.csproj
		SccProjectTopLevelParentUniqueName20 = TecX.sln
		SccProjectName20 = TecX.ServiceModel.Test
		SccLocalPath20 = TecX.ServiceModel.Test
		SccProjectUniqueName21 = TecX.Agile.View\\TecX.Agile.View.csproj
		SccProjectTopLevelParentUniqueName21 = TecX.sln
		SccProjectName21 = TecX.Agile.View
		SccLocalPath21 = TecX.Agile.View
		SccProjectUniqueName22 = TecX.Unity\\TecX.Unity.csproj
		SccProjectTopLevelParentUniqueName22 = TecX.sln
		SccProjectName22 = TecX.Unity
		SccLocalPath22 = TecX.Unity
		SccProjectUniqueName23 = TecX.Unity.Test\\TecX.Unity.Test.csproj
		SccProjectTopLevelParentUniqueName23 = TecX.sln
		SccProjectName23 = TecX.Unity.Test
		SccLocalPath23 = TecX.Unity.Test
		SccProjectUniqueName24 = TecX.Common\\TecX.Common.csproj
		SccProjectTopLevelParentUniqueName24 = TecX.sln
		SccProjectName24 = TecX.Common
		SccLocalPath24 = TecX.Common
		SccProjectUniqueName25 = TecX.Undo\\TecX.Undo.csproj
		SccProjectTopLevelParentUniqueName25 = TecX.sln
		SccProjectName25 = TecX.Undo
		SccLocalPath25 = TecX.Undo
		SccProjectUniqueName26 = TecX.Undo.Test\\TecX.Undo.Test.csproj
		SccProjectTopLevelParentUniqueName26 = TecX.sln
		SccProjectName26 = TecX.Undo.Test
		SccLocalPath26 = TecX.Undo.Test
		SccProjectUniqueName27 = TecX.Prism\\TecX.Prism.csproj
		SccProjectTopLevelParentUniqueName27 = TecX.sln
		SccProjectName27 = TecX.Prism
		SccLocalPath27 = TecX.Prism
		SccProjectUniqueName28 = TecX.Agile.Infrastructure\\TecX.Agile.Infrastructure.csproj
		SccProjectTopLevelParentUniqueName28 = TecX.sln
		SccProjectName28 = TecX.Agile.Infrastructure
		SccLocalPath28 = TecX.Agile.Infrastructure
		SccProjectUniqueName29 = TecX.Agile.Modules.Main\\TecX.Agile.Modules.Main.csproj
		SccProjectTopLevelParentUniqueName29 = TecX.sln
		SccProjectName29 = TecX.Agile.Modules.Main
		SccLocalPath29 = TecX.Agile.Modules.Main
		SccProjectUniqueName30 = TecX.Agile.ViewModel\\TecX.Agile.ViewModel.csproj
		SccProjectTopLevelParentUniqueName30 = TecX.sln
		SccProjectName30 = TecX.Agile.ViewModel
		SccLocalPath30 = TecX.Agile.ViewModel
		SccProjectUniqueName31 = TecX.Agile.ViewModel.Test\\TecX.Agile.ViewModel.Test.csproj
		SccProjectTopLevelParentUniqueName31 = TecX.sln
		SccProjectName31 = TecX.Agile.ViewModel.Test
		SccLocalPath31 = TecX.Agile.ViewModel.Test
		SccProjectUniqueName32 = TecX.Unity.ContextualBinding\\TecX.Unity.ContextualBinding.csproj
		SccProjectTopLevelParentUniqueName32 = TecX.sln
		SccProjectName32 = TecX.Unity.ContextualBinding
		SccLocalPath32 = TecX.Unity.ContextualBinding
		SccProjectUniqueName33 = ..\\..\\lib\\Unity2\\src\\Unity\\Unity.2010.csproj
		SccProjectTopLevelParentUniqueName33 = TecX.sln
		SccProjectName33 = ../../lib/Unity2/src/Unity
		SccLocalPath33 = ..\\..\\lib\\Unity2\\src\\Unity
		SccProjectUniqueName34 = ..\\..\\lib\\Unity2\\src\\Unity.Interception\\Unity.Interception.2010.csproj
		SccProjectTopLevelParentUniqueName34 = TecX.sln
		SccProjectName34 = ../../lib/Unity2/src/Unity.Interception
		SccLocalPath34 = ..\\..\\lib\\Unity2\\src\\Unity.Interception
		SccProjectUniqueName35 = TecX.Unity.ContextualBinding.Test\\TecX.Unity.ContextualBinding.Test.csproj
		SccProjectTopLevelParentUniqueName35 = TecX.sln
		SccProjectName35 = TecX.Unity.ContextualBinding.Test
		SccLocalPath35 = TecX.Unity.ContextualBinding.Test
		SccProjectUniqueName36 = TecX.Agile.View.Test\\TecX.Agile.View.Test.csproj
		SccProjectTopLevelParentUniqueName36 = TecX.sln
		SccProjectName36 = TecX.Agile.View.Test
		SccLocalPath36 = TecX.Agile.View.Test
		SccProjectUniqueName37 = TecX.Agile.ChangeTracking\\TecX.Agile.ChangeTracking.csproj
		SccProjectTopLevelParentUniqueName37 = TecX.sln
		SccProjectName37 = TecX.Agile.ChangeTracking
		SccLocalPath37 = TecX.Agile.ChangeTracking
		SccProjectUniqueName38 = TecX.Agile.Remote\\TecX.Agile.Remote.csproj
		SccProjectTopLevelParentUniqueName38 = TecX.sln
		SccProjectName38 = TecX.Agile.Remote
		SccLocalPath38 = TecX.Agile.Remote
		SccProjectUniqueName39 = TecX.Agile.Undo\\TecX.Agile.Undo.csproj
		SccProjectTopLevelParentUniqueName39 = TecX.sln
		SccProjectName39 = TecX.Agile.Undo
		SccLocalPath39 = TecX.Agile.Undo
		SccProjectUniqueName40 = TecX.Agile.Modules.Gestures\\TecX.Agile.Modules.Gestures.csproj
		SccProjectTopLevelParentUniqueName40 = TecX.sln
		SccProjectName40 = TecX.Agile.Modules.Gestures
		SccLocalPath40 = TecX.Agile.Modules.Gestures
		SccProjectUniqueName41 = TecX.Agile.Data.Tfs\\TecX.Agile.Data.Tfs.csproj
		SccProjectTopLevelParentUniqueName41 = TecX.sln
		SccProjectName41 = TecX.Agile.Data.Tfs
		SccLocalPath41 = TecX.Agile.Data.Tfs
		SccProjectUniqueName42 = TecX.Agile.Moduls.Speech\\TecX.Agile.Moduls.Speech.csproj
		SccProjectTopLevelParentUniqueName42 = TecX.sln
		SccProjectName42 = TecX.Agile.Moduls.Speech
		SccLocalPath42 = TecX.Agile.Moduls.Speech
		SccProjectUniqueName43 = TecX.Agile.Modules.SysInfo\\TecX.Agile.Modules.SysInfo.csproj
		SccProjectTopLevelParentUniqueName43 = TecX.sln
		SccProjectName43 = TecX.Agile.Modules.SysInfo
		SccLocalPath43 = TecX.Agile.Modules.SysInfo
	EndGlobalSection
	GlobalSection(TestCaseManagementSettings) = postSolution
		CategoryFile = TecX.vsmdi
	EndGlobalSection
	GlobalSection(SolutionConfigurationPlatforms) = preSolution
		Debug|Any CPU = Debug|Any CPU
		Debug|Mixed Platforms = Debug|Mixed Platforms
		Debug|x86 = Debug|x86
		Release|Any CPU = Release|Any CPU
		Release|Mixed Platforms = Release|Mixed Platforms
		Release|x86 = Release|x86
	EndGlobalSection
	GlobalSection(ProjectConfigurationPlatforms) = postSolution
		{20E26EB4-2A50-4D6B-B946-EF7E64F497E8}.Debug|Any CPU.ActiveCfg = Debug|Any CPU
		{20E26EB4-2A50-4D6B-B946-EF7E64F497E8}.Debug|Any CPU.Build.0 = Debug|Any CPU
		{20E26EB4-2A50-4D6B-B946-EF7E64F497E8}.Debug|Mixed Platforms.ActiveCfg = Debug|Any CPU
		{20E26EB4-2A50-4D6B-B946-EF7E64F497E8}.Debug|Mixed Platforms.Build.0 = Debug|Any CPU
		{20E26EB4-2A50-4D6B-B946-EF7E64F497E8}.Debug|x86.ActiveCfg = Debug|Any CPU
		{20E26EB4-2A50-4D6B-B946-EF7E64F497E8}.Release|Any CPU.ActiveCfg = Release|Any CPU
		{20E26EB4-2A50-4D6B-B946-EF7E64F497E8}.Release|Any CPU.Build.0 = Release|Any CPU
		{20E26EB4-2A50-4D6B-B946-EF7E64F497E8}.Release|Mixed Platforms.ActiveCfg = Release|Any CPU
		{20E26EB4-2A50-4D6B-B946-EF7E64F497E8}.Release|Mixed Platforms.Build.0 = Release|Any CPU
		{20E26EB4-2A50-4D6B-B946-EF7E64F497E8}.Release|x86.ActiveCfg = Release|Any CPU
		{ADA070F7-75E5-4D33-AA48-534C5F8ABDCC}.Debug|Any CPU.ActiveCfg = Debug|Any CPU
		{ADA070F7-75E5-4D33-AA48-534C5F8ABDCC}.Debug|Any CPU.Build.0 = Debug|Any CPU
		{ADA070F7-75E5-4D33-AA48-534C5F8ABDCC}.Debug|Mixed Platforms.ActiveCfg = Debug|Any CPU
		{ADA070F7-75E5-4D33-AA48-534C5F8ABDCC}.Debug|Mixed Platforms.Build.0 = Debug|Any CPU
		{ADA070F7-75E5-4D33-AA48-534C5F8ABDCC}.Debug|x86.ActiveCfg = Debug|Any CPU
		{ADA070F7-75E5-4D33-AA48-534C5F8ABDCC}.Release|Any CPU.ActiveCfg = Release|Any CPU
		{ADA070F7-75E5-4D33-AA48-534C5F8ABDCC}.Release|Any CPU.Build.0 = Release|Any CPU
		{ADA070F7-75E5-4D33-AA48-534C5F8ABDCC}.Release|Mixed Platforms.ActiveCfg = Release|Any CPU
		{ADA070F7-75E5-4D33-AA48-534C5F8ABDCC}.Release|Mixed Platforms.Build.0 = Release|Any CPU
		{ADA070F7-75E5-4D33-AA48-534C5F8ABDCC}.Release|x86.ActiveCfg = Release|Any CPU
		{41DA2181-3591-447B-A183-E79D34AA7907}.Debug|Any CPU.ActiveCfg = Debug|Any CPU
		{41DA2181-3591-447B-A183-E79D34AA7907}.Debug|Any CPU.Build.0 = Debug|Any CPU
		{41DA2181-3591-447B-A183-E79D34AA7907}.Debug|Mixed Platforms.ActiveCfg = Debug|Any CPU
		{41DA2181-3591-447B-A183-E79D34AA7907}.Debug|Mixed Platforms.Build.0 = Debug|Any CPU
		{41DA2181-3591-447B-A183-E79D34AA7907}.Debug|x86.ActiveCfg = Debug|Any CPU
		{41DA2181-3591-447B-A183-E79D34AA7907}.Release|Any CPU.ActiveCfg = Release|Any CPU
		{41DA2181-3591-447B-A183-E79D34AA7907}.Release|Any CPU.Build.0 = Release|Any CPU
		{41DA2181-3591-447B-A183-E79D34AA7907}.Release|Mixed Platforms.ActiveCfg = Release|Any CPU
		{41DA2181-3591-447B-A183-E79D34AA7907}.Release|Mixed Platforms.Build.0 = Release|Any CPU
		{41DA2181-3591-447B-A183-E79D34AA7907}.Release|x86.ActiveCfg = Release|Any CPU
		{0505E426-7710-4783-8D70-6B6DD1667ADB}.Debug|Any CPU.ActiveCfg = Debug|Any CPU
		{0505E426-7710-4783-8D70-6B6DD1667ADB}.Debug|Any CPU.Build.0 = Debug|Any CPU
		{0505E426-7710-4783-8D70-6B6DD1667ADB}.Debug|Mixed Platforms.ActiveCfg = Debug|Any CPU
		{0505E426-7710-4783-8D70-6B6DD1667ADB}.Debug|Mixed Platforms.Build.0 = Debug|Any CPU
		{0505E426-7710-4783-8D70-6B6DD1667ADB}.Debug|x86.ActiveCfg = Debug|Any CPU
		{0505E426-7710-4783-8D70-6B6DD1667ADB}.Release|Any CPU.ActiveCfg = Release|Any CPU
		{0505E426-7710-4783-8D70-6B6DD1667ADB}.Release|Any CPU.Build.0 = Release|Any CPU
		{0505E426-7710-4783-8D70-6B6DD1667ADB}.Release|Mixed Platforms.ActiveCfg = Release|Any CPU
		{0505E426-7710-4783-8D70-6B6DD1667ADB}.Release|Mixed Platforms.Build.0 = Release|Any CPU
		{0505E426-7710-4783-8D70-6B6DD1667ADB}.Release|x86.ActiveCfg = Release|Any CPU
		{DA32E74A-CC64-45F7-8602-C08FC93BF8B7}.Debug|Any CPU.ActiveCfg = Debug|Any CPU
		{DA32E74A-CC64-45F7-8602-C08FC93BF8B7}.Debug|Any CPU.Build.0 = Debug|Any CPU
		{DA32E74A-CC64-45F7-8602-C08FC93BF8B7}.Debug|Mixed Platforms.ActiveCfg = Debug|Any CPU
		{DA32E74A-CC64-45F7-8602-C08FC93BF8B7}.Debug|Mixed Platforms.Build.0 = Debug|Any CPU
		{DA32E74A-CC64-45F7-8602-C08FC93BF8B7}.Debug|x86.ActiveCfg = Debug|Any CPU
		{DA32E74A-CC64-45F7-8602-C08FC93BF8B7}.Release|Any CPU.ActiveCfg = Release|Any CPU
		{DA32E74A-CC64-45F7-8602-C08FC93BF8B7}.Release|Any CPU.Build.0 = Release|Any CPU
		{DA32E74A-CC64-45F7-8602-C08FC93BF8B7}.Release|Mixed Platforms.ActiveCfg = Release|Any CPU
		{DA32E74A-CC64-45F7-8602-C08FC93BF8B7}.Release|Mixed Platforms.Build.0 = Release|Any CPU
		{DA32E74A-CC64-45F7-8602-C08FC93BF8B7}.Release|x86.ActiveCfg = Release|Any CPU
		{7E01FCA6-DB43-4A18-A38B-7E4BBF1C0300}.Debug|Any CPU.ActiveCfg = Debug|Any CPU
		{7E01FCA6-DB43-4A18-A38B-7E4BBF1C0300}.Debug|Any CPU.Build.0 = Debug|Any CPU
		{7E01FCA6-DB43-4A18-A38B-7E4BBF1C0300}.Debug|Mixed Platforms.ActiveCfg = Debug|Any CPU
		{7E01FCA6-DB43-4A18-A38B-7E4BBF1C0300}.Debug|Mixed Platforms.Build.0 = Debug|Any CPU
		{7E01FCA6-DB43-4A18-A38B-7E4BBF1C0300}.Debug|x86.ActiveCfg = Debug|Any CPU
		{7E01FCA6-DB43-4A18-A38B-7E4BBF1C0300}.Release|Any CPU.ActiveCfg = Release|Any CPU
		{7E01FCA6-DB43-4A18-A38B-7E4BBF1C0300}.Release|Any CPU.Build.0 = Release|Any CPU
		{7E01FCA6-DB43-4A18-A38B-7E4BBF1C0300}.Release|Mixed Platforms.ActiveCfg = Release|Any CPU
		{7E01FCA6-DB43-4A18-A38B-7E4BBF1C0300}.Release|Mixed Platforms.Build.0 = Release|Any CPU
		{7E01FCA6-DB43-4A18-A38B-7E4BBF1C0300}.Release|x86.ActiveCfg = Release|Any CPU
		{16914DD0-5805-4250-879B-26FEB00FA7BD}.Debug|Any CPU.ActiveCfg = Debug|Any CPU
		{16914DD0-5805-4250-879B-26FEB00FA7BD}.Debug|Any CPU.Build.0 = Debug|Any CPU
		{16914DD0-5805-4250-879B-26FEB00FA7BD}.Debug|Mixed Platforms.ActiveCfg = Debug|Any CPU
		{16914DD0-5805-4250-879B-26FEB00FA7BD}.Debug|Mixed Platforms.Build.0 = Debug|Any CPU
		{16914DD0-5805-4250-879B-26FEB00FA7BD}.Debug|x86.ActiveCfg = Debug|Any CPU
		{16914DD0-5805-4250-879B-26FEB00FA7BD}.Release|Any CPU.ActiveCfg = Release|Any CPU
		{16914DD0-5805-4250-879B-26FEB00FA7BD}.Release|Any CPU.Build.0 = Release|Any CPU
		{16914DD0-5805-4250-879B-26FEB00FA7BD}.Release|Mixed Platforms.ActiveCfg = Release|Any CPU
		{16914DD0-5805-4250-879B-26FEB00FA7BD}.Release|Mixed Platforms.Build.0 = Release|Any CPU
		{16914DD0-5805-4250-879B-26FEB00FA7BD}.Release|x86.ActiveCfg = Release|Any CPU
		{45BE1494-E6F4-415F-8206-2856FBD28F66}.Debug|Any CPU.ActiveCfg = Debug|Any CPU
		{45BE1494-E6F4-415F-8206-2856FBD28F66}.Debug|Any CPU.Build.0 = Debug|Any CPU
		{45BE1494-E6F4-415F-8206-2856FBD28F66}.Debug|Mixed Platforms.ActiveCfg = Debug|Any CPU
		{45BE1494-E6F4-415F-8206-2856FBD28F66}.Debug|Mixed Platforms.Build.0 = Debug|Any CPU
		{45BE1494-E6F4-415F-8206-2856FBD28F66}.Debug|x86.ActiveCfg = Debug|Any CPU
		{45BE1494-E6F4-415F-8206-2856FBD28F66}.Release|Any CPU.ActiveCfg = Release|Any CPU
		{45BE1494-E6F4-415F-8206-2856FBD28F66}.Release|Any CPU.Build.0 = Release|Any CPU
		{45BE1494-E6F4-415F-8206-2856FBD28F66}.Release|Mixed Platforms.ActiveCfg = Release|Any CPU
		{45BE1494-E6F4-415F-8206-2856FBD28F66}.Release|Mixed Platforms.Build.0 = Release|Any CPU
		{45BE1494-E6F4-415F-8206-2856FBD28F66}.Release|x86.ActiveCfg = Release|Any CPU
		{6E05A14A-9374-40FD-B8CA-C33B4108CBDB}.Debug|Any CPU.ActiveCfg = Debug|Any CPU
		{6E05A14A-9374-40FD-B8CA-C33B4108CBDB}.Debug|Any CPU.Build.0 = Debug|Any CPU
		{6E05A14A-9374-40FD-B8CA-C33B4108CBDB}.Debug|Mixed Platforms.ActiveCfg = Debug|Any CPU
		{6E05A14A-9374-40FD-B8CA-C33B4108CBDB}.Debug|Mixed Platforms.Build.0 = Debug|Any CPU
		{6E05A14A-9374-40FD-B8CA-C33B4108CBDB}.Debug|x86.ActiveCfg = Debug|Any CPU
		{6E05A14A-9374-40FD-B8CA-C33B4108CBDB}.Release|Any CPU.ActiveCfg = Release|Any CPU
		{6E05A14A-9374-40FD-B8CA-C33B4108CBDB}.Release|Any CPU.Build.0 = Release|Any CPU
		{6E05A14A-9374-40FD-B8CA-C33B4108CBDB}.Release|Mixed Platforms.ActiveCfg = Release|Any CPU
		{6E05A14A-9374-40FD-B8CA-C33B4108CBDB}.Release|Mixed Platforms.Build.0 = Release|Any CPU
		{6E05A14A-9374-40FD-B8CA-C33B4108CBDB}.Release|x86.ActiveCfg = Release|Any CPU
		{7D88B6EE-87D9-4FCC-BC90-91A5A6D7804B}.Debug|Any CPU.ActiveCfg = Debug|Any CPU
		{7D88B6EE-87D9-4FCC-BC90-91A5A6D7804B}.Debug|Any CPU.Build.0 = Debug|Any CPU
		{7D88B6EE-87D9-4FCC-BC90-91A5A6D7804B}.Debug|Mixed Platforms.ActiveCfg = Debug|Any CPU
		{7D88B6EE-87D9-4FCC-BC90-91A5A6D7804B}.Debug|Mixed Platforms.Build.0 = Debug|Any CPU
		{7D88B6EE-87D9-4FCC-BC90-91A5A6D7804B}.Debug|x86.ActiveCfg = Debug|Any CPU
		{7D88B6EE-87D9-4FCC-BC90-91A5A6D7804B}.Release|Any CPU.ActiveCfg = Release|Any CPU
		{7D88B6EE-87D9-4FCC-BC90-91A5A6D7804B}.Release|Any CPU.Build.0 = Release|Any CPU
		{7D88B6EE-87D9-4FCC-BC90-91A5A6D7804B}.Release|Mixed Platforms.ActiveCfg = Release|Any CPU
		{7D88B6EE-87D9-4FCC-BC90-91A5A6D7804B}.Release|Mixed Platforms.Build.0 = Release|Any CPU
		{7D88B6EE-87D9-4FCC-BC90-91A5A6D7804B}.Release|x86.ActiveCfg = Release|Any CPU
		{8B37223D-5BE4-482F-B9E1-99D4F40E40BF}.Debug|Any CPU.ActiveCfg = Debug|Any CPU
		{8B37223D-5BE4-482F-B9E1-99D4F40E40BF}.Debug|Any CPU.Build.0 = Debug|Any CPU
		{8B37223D-5BE4-482F-B9E1-99D4F40E40BF}.Debug|Mixed Platforms.ActiveCfg = Debug|Any CPU
		{8B37223D-5BE4-482F-B9E1-99D4F40E40BF}.Debug|Mixed Platforms.Build.0 = Debug|Any CPU
		{8B37223D-5BE4-482F-B9E1-99D4F40E40BF}.Debug|x86.ActiveCfg = Debug|Any CPU
		{8B37223D-5BE4-482F-B9E1-99D4F40E40BF}.Release|Any CPU.ActiveCfg = Release|Any CPU
		{8B37223D-5BE4-482F-B9E1-99D4F40E40BF}.Release|Any CPU.Build.0 = Release|Any CPU
		{8B37223D-5BE4-482F-B9E1-99D4F40E40BF}.Release|Mixed Platforms.ActiveCfg = Release|Any CPU
		{8B37223D-5BE4-482F-B9E1-99D4F40E40BF}.Release|Mixed Platforms.Build.0 = Release|Any CPU
		{8B37223D-5BE4-482F-B9E1-99D4F40E40BF}.Release|x86.ActiveCfg = Release|Any CPU
		{FE8DE41C-47CE-4DE5-BDAF-8CCF2F8A854E}.Debug|Any CPU.ActiveCfg = Debug|Any CPU
		{FE8DE41C-47CE-4DE5-BDAF-8CCF2F8A854E}.Debug|Any CPU.Build.0 = Debug|Any CPU
		{FE8DE41C-47CE-4DE5-BDAF-8CCF2F8A854E}.Debug|Mixed Platforms.ActiveCfg = Debug|Any CPU
		{FE8DE41C-47CE-4DE5-BDAF-8CCF2F8A854E}.Debug|Mixed Platforms.Build.0 = Debug|Any CPU
		{FE8DE41C-47CE-4DE5-BDAF-8CCF2F8A854E}.Debug|x86.ActiveCfg = Debug|Any CPU
		{FE8DE41C-47CE-4DE5-BDAF-8CCF2F8A854E}.Release|Any CPU.ActiveCfg = Release|Any CPU
		{FE8DE41C-47CE-4DE5-BDAF-8CCF2F8A854E}.Release|Any CPU.Build.0 = Release|Any CPU
		{FE8DE41C-47CE-4DE5-BDAF-8CCF2F8A854E}.Release|Mixed Platforms.ActiveCfg = Release|Any CPU
		{FE8DE41C-47CE-4DE5-BDAF-8CCF2F8A854E}.Release|Mixed Platforms.Build.0 = Release|Any CPU
		{FE8DE41C-47CE-4DE5-BDAF-8CCF2F8A854E}.Release|x86.ActiveCfg = Release|Any CPU
		{24AEC2DE-1132-4FE4-BA35-AD8DE374DB74}.Debug|Any CPU.ActiveCfg = Debug|Any CPU
		{24AEC2DE-1132-4FE4-BA35-AD8DE374DB74}.Debug|Any CPU.Build.0 = Debug|Any CPU
		{24AEC2DE-1132-4FE4-BA35-AD8DE374DB74}.Debug|Mixed Platforms.ActiveCfg = Debug|Any CPU
		{24AEC2DE-1132-4FE4-BA35-AD8DE374DB74}.Debug|Mixed Platforms.Build.0 = Debug|Any CPU
		{24AEC2DE-1132-4FE4-BA35-AD8DE374DB74}.Debug|x86.ActiveCfg = Debug|Any CPU
		{24AEC2DE-1132-4FE4-BA35-AD8DE374DB74}.Release|Any CPU.ActiveCfg = Release|Any CPU
		{24AEC2DE-1132-4FE4-BA35-AD8DE374DB74}.Release|Any CPU.Build.0 = Release|Any CPU
		{24AEC2DE-1132-4FE4-BA35-AD8DE374DB74}.Release|Mixed Platforms.ActiveCfg = Release|Any CPU
		{24AEC2DE-1132-4FE4-BA35-AD8DE374DB74}.Release|Mixed Platforms.Build.0 = Release|Any CPU
		{24AEC2DE-1132-4FE4-BA35-AD8DE374DB74}.Release|x86.ActiveCfg = Release|Any CPU
		{5A6CB6EB-7298-40B9-91FD-0378798D8F7C}.Debug|Any CPU.ActiveCfg = Debug|Any CPU
		{5A6CB6EB-7298-40B9-91FD-0378798D8F7C}.Debug|Any CPU.Build.0 = Debug|Any CPU
		{5A6CB6EB-7298-40B9-91FD-0378798D8F7C}.Debug|Mixed Platforms.ActiveCfg = Debug|Any CPU
		{5A6CB6EB-7298-40B9-91FD-0378798D8F7C}.Debug|Mixed Platforms.Build.0 = Debug|Any CPU
		{5A6CB6EB-7298-40B9-91FD-0378798D8F7C}.Debug|x86.ActiveCfg = Debug|Any CPU
		{5A6CB6EB-7298-40B9-91FD-0378798D8F7C}.Release|Any CPU.ActiveCfg = Release|Any CPU
		{5A6CB6EB-7298-40B9-91FD-0378798D8F7C}.Release|Any CPU.Build.0 = Release|Any CPU
		{5A6CB6EB-7298-40B9-91FD-0378798D8F7C}.Release|Mixed Platforms.ActiveCfg = Release|Any CPU
		{5A6CB6EB-7298-40B9-91FD-0378798D8F7C}.Release|Mixed Platforms.Build.0 = Release|Any CPU
		{5A6CB6EB-7298-40B9-91FD-0378798D8F7C}.Release|x86.ActiveCfg = Release|Any CPU
		{6E53CA3A-29FD-46A5-9110-CE0A3A69BB9D}.Debug|Any CPU.ActiveCfg = Debug|x86
		{6E53CA3A-29FD-46A5-9110-CE0A3A69BB9D}.Debug|Mixed Platforms.ActiveCfg = Debug|x86
		{6E53CA3A-29FD-46A5-9110-CE0A3A69BB9D}.Debug|Mixed Platforms.Build.0 = Debug|x86
		{6E53CA3A-29FD-46A5-9110-CE0A3A69BB9D}.Debug|x86.ActiveCfg = Debug|x86
		{6E53CA3A-29FD-46A5-9110-CE0A3A69BB9D}.Debug|x86.Build.0 = Debug|x86
		{6E53CA3A-29FD-46A5-9110-CE0A3A69BB9D}.Release|Any CPU.ActiveCfg = Release|x86
		{6E53CA3A-29FD-46A5-9110-CE0A3A69BB9D}.Release|Mixed Platforms.ActiveCfg = Release|x86
		{6E53CA3A-29FD-46A5-9110-CE0A3A69BB9D}.Release|Mixed Platforms.Build.0 = Release|x86
		{6E53CA3A-29FD-46A5-9110-CE0A3A69BB9D}.Release|x86.ActiveCfg = Release|x86
		{6E53CA3A-29FD-46A5-9110-CE0A3A69BB9D}.Release|x86.Build.0 = Release|x86
		{5C1D555E-0F85-4B00-9410-E4C5404636AA}.Debug|Any CPU.ActiveCfg = Debug|Any CPU
		{5C1D555E-0F85-4B00-9410-E4C5404636AA}.Debug|Any CPU.Build.0 = Debug|Any CPU
		{5C1D555E-0F85-4B00-9410-E4C5404636AA}.Debug|Mixed Platforms.ActiveCfg = Debug|Any CPU
		{5C1D555E-0F85-4B00-9410-E4C5404636AA}.Debug|Mixed Platforms.Build.0 = Debug|Any CPU
		{5C1D555E-0F85-4B00-9410-E4C5404636AA}.Debug|x86.ActiveCfg = Debug|Any CPU
		{5C1D555E-0F85-4B00-9410-E4C5404636AA}.Release|Any CPU.ActiveCfg = Release|Any CPU
		{5C1D555E-0F85-4B00-9410-E4C5404636AA}.Release|Any CPU.Build.0 = Release|Any CPU
		{5C1D555E-0F85-4B00-9410-E4C5404636AA}.Release|Mixed Platforms.ActiveCfg = Release|Any CPU
		{5C1D555E-0F85-4B00-9410-E4C5404636AA}.Release|Mixed Platforms.Build.0 = Release|Any CPU
		{5C1D555E-0F85-4B00-9410-E4C5404636AA}.Release|x86.ActiveCfg = Release|Any CPU
		{4C9A3BE9-2E8F-44B1-965B-42AD35D36071}.Debug|Any CPU.ActiveCfg = Debug|Any CPU
		{4C9A3BE9-2E8F-44B1-965B-42AD35D36071}.Debug|Any CPU.Build.0 = Debug|Any CPU
		{4C9A3BE9-2E8F-44B1-965B-42AD35D36071}.Debug|Mixed Platforms.ActiveCfg = Debug|Any CPU
		{4C9A3BE9-2E8F-44B1-965B-42AD35D36071}.Debug|Mixed Platforms.Build.0 = Debug|Any CPU
		{4C9A3BE9-2E8F-44B1-965B-42AD35D36071}.Debug|x86.ActiveCfg = Debug|Any CPU
		{4C9A3BE9-2E8F-44B1-965B-42AD35D36071}.Release|Any CPU.ActiveCfg = Release|Any CPU
		{4C9A3BE9-2E8F-44B1-965B-42AD35D36071}.Release|Any CPU.Build.0 = Release|Any CPU
		{4C9A3BE9-2E8F-44B1-965B-42AD35D36071}.Release|Mixed Platforms.ActiveCfg = Release|Any CPU
		{4C9A3BE9-2E8F-44B1-965B-42AD35D36071}.Release|Mixed Platforms.Build.0 = Release|Any CPU
		{4C9A3BE9-2E8F-44B1-965B-42AD35D36071}.Release|x86.ActiveCfg = Release|Any CPU
		{266522EB-9DCB-451A-8CD7-678188DCB5F6}.Debug|Any CPU.ActiveCfg = Debug|Any CPU
		{266522EB-9DCB-451A-8CD7-678188DCB5F6}.Debug|Any CPU.Build.0 = Debug|Any CPU
		{266522EB-9DCB-451A-8CD7-678188DCB5F6}.Debug|Mixed Platforms.ActiveCfg = Debug|Any CPU
		{266522EB-9DCB-451A-8CD7-678188DCB5F6}.Debug|Mixed Platforms.Build.0 = Debug|Any CPU
		{266522EB-9DCB-451A-8CD7-678188DCB5F6}.Debug|x86.ActiveCfg = Debug|Any CPU
		{266522EB-9DCB-451A-8CD7-678188DCB5F6}.Release|Any CPU.ActiveCfg = Release|Any CPU
		{266522EB-9DCB-451A-8CD7-678188DCB5F6}.Release|Any CPU.Build.0 = Release|Any CPU
		{266522EB-9DCB-451A-8CD7-678188DCB5F6}.Release|Mixed Platforms.ActiveCfg = Release|Any CPU
		{266522EB-9DCB-451A-8CD7-678188DCB5F6}.Release|Mixed Platforms.Build.0 = Release|Any CPU
		{266522EB-9DCB-451A-8CD7-678188DCB5F6}.Release|x86.ActiveCfg = Release|Any CPU
		{A763CC8F-835E-444C-9A9F-88E7A443C1B2}.Debug|Any CPU.ActiveCfg = Debug|Any CPU
		{A763CC8F-835E-444C-9A9F-88E7A443C1B2}.Debug|Any CPU.Build.0 = Debug|Any CPU
		{A763CC8F-835E-444C-9A9F-88E7A443C1B2}.Debug|Mixed Platforms.ActiveCfg = Debug|Any CPU
		{A763CC8F-835E-444C-9A9F-88E7A443C1B2}.Debug|Mixed Platforms.Build.0 = Debug|Any CPU
		{A763CC8F-835E-444C-9A9F-88E7A443C1B2}.Debug|x86.ActiveCfg = Debug|Any CPU
		{A763CC8F-835E-444C-9A9F-88E7A443C1B2}.Release|Any CPU.ActiveCfg = Release|Any CPU
		{A763CC8F-835E-444C-9A9F-88E7A443C1B2}.Release|Any CPU.Build.0 = Release|Any CPU
		{A763CC8F-835E-444C-9A9F-88E7A443C1B2}.Release|Mixed Platforms.ActiveCfg = Release|Any CPU
		{A763CC8F-835E-444C-9A9F-88E7A443C1B2}.Release|Mixed Platforms.Build.0 = Release|Any CPU
		{A763CC8F-835E-444C-9A9F-88E7A443C1B2}.Release|x86.ActiveCfg = Release|Any CPU
		{A5CEF853-8C98-4CE6-AD43-E78D86A4235E}.Debug|Any CPU.ActiveCfg = Debug|Any CPU
		{A5CEF853-8C98-4CE6-AD43-E78D86A4235E}.Debug|Any CPU.Build.0 = Debug|Any CPU
		{A5CEF853-8C98-4CE6-AD43-E78D86A4235E}.Debug|Mixed Platforms.ActiveCfg = Debug|Any CPU
		{A5CEF853-8C98-4CE6-AD43-E78D86A4235E}.Debug|Mixed Platforms.Build.0 = Debug|Any CPU
		{A5CEF853-8C98-4CE6-AD43-E78D86A4235E}.Debug|x86.ActiveCfg = Debug|Any CPU
		{A5CEF853-8C98-4CE6-AD43-E78D86A4235E}.Release|Any CPU.ActiveCfg = Release|Any CPU
		{A5CEF853-8C98-4CE6-AD43-E78D86A4235E}.Release|Any CPU.Build.0 = Release|Any CPU
		{A5CEF853-8C98-4CE6-AD43-E78D86A4235E}.Release|Mixed Platforms.ActiveCfg = Release|Any CPU
		{A5CEF853-8C98-4CE6-AD43-E78D86A4235E}.Release|Mixed Platforms.Build.0 = Release|Any CPU
		{A5CEF853-8C98-4CE6-AD43-E78D86A4235E}.Release|x86.ActiveCfg = Release|Any CPU
		{09B2D14D-9911-4CDA-A175-43754A2AAAFE}.Debug|Any CPU.ActiveCfg = Debug|Any CPU
		{09B2D14D-9911-4CDA-A175-43754A2AAAFE}.Debug|Any CPU.Build.0 = Debug|Any CPU
		{09B2D14D-9911-4CDA-A175-43754A2AAAFE}.Debug|Mixed Platforms.ActiveCfg = Debug|Any CPU
		{09B2D14D-9911-4CDA-A175-43754A2AAAFE}.Debug|Mixed Platforms.Build.0 = Debug|Any CPU
		{09B2D14D-9911-4CDA-A175-43754A2AAAFE}.Debug|x86.ActiveCfg = Debug|Any CPU
		{09B2D14D-9911-4CDA-A175-43754A2AAAFE}.Release|Any CPU.ActiveCfg = Release|Any CPU
		{09B2D14D-9911-4CDA-A175-43754A2AAAFE}.Release|Any CPU.Build.0 = Release|Any CPU
		{09B2D14D-9911-4CDA-A175-43754A2AAAFE}.Release|Mixed Platforms.ActiveCfg = Release|Any CPU
		{09B2D14D-9911-4CDA-A175-43754A2AAAFE}.Release|Mixed Platforms.Build.0 = Release|Any CPU
		{09B2D14D-9911-4CDA-A175-43754A2AAAFE}.Release|x86.ActiveCfg = Release|Any CPU
		{69621991-8933-41FD-8493-87E7FA5A26FE}.Debug|Any CPU.ActiveCfg = Debug|Any CPU
		{69621991-8933-41FD-8493-87E7FA5A26FE}.Debug|Any CPU.Build.0 = Debug|Any CPU
		{69621991-8933-41FD-8493-87E7FA5A26FE}.Debug|Mixed Platforms.ActiveCfg = Debug|Any CPU
		{69621991-8933-41FD-8493-87E7FA5A26FE}.Debug|Mixed Platforms.Build.0 = Debug|Any CPU
		{69621991-8933-41FD-8493-87E7FA5A26FE}.Debug|x86.ActiveCfg = Debug|Any CPU
		{69621991-8933-41FD-8493-87E7FA5A26FE}.Release|Any CPU.ActiveCfg = Release|Any CPU
		{69621991-8933-41FD-8493-87E7FA5A26FE}.Release|Any CPU.Build.0 = Release|Any CPU
		{69621991-8933-41FD-8493-87E7FA5A26FE}.Release|Mixed Platforms.ActiveCfg = Release|Any CPU
		{69621991-8933-41FD-8493-87E7FA5A26FE}.Release|Mixed Platforms.Build.0 = Release|Any CPU
		{69621991-8933-41FD-8493-87E7FA5A26FE}.Release|x86.ActiveCfg = Release|Any CPU
		{943AD349-5431-4B9F-9DF4-A6DF5390B484}.Debug|Any CPU.ActiveCfg = Debug|Any CPU
		{943AD349-5431-4B9F-9DF4-A6DF5390B484}.Debug|Any CPU.Build.0 = Debug|Any CPU
		{943AD349-5431-4B9F-9DF4-A6DF5390B484}.Debug|Mixed Platforms.ActiveCfg = Debug|Any CPU
		{943AD349-5431-4B9F-9DF4-A6DF5390B484}.Debug|Mixed Platforms.Build.0 = Debug|Any CPU
		{943AD349-5431-4B9F-9DF4-A6DF5390B484}.Debug|x86.ActiveCfg = Debug|Any CPU
		{943AD349-5431-4B9F-9DF4-A6DF5390B484}.Release|Any CPU.ActiveCfg = Release|Any CPU
		{943AD349-5431-4B9F-9DF4-A6DF5390B484}.Release|Any CPU.Build.0 = Release|Any CPU
		{943AD349-5431-4B9F-9DF4-A6DF5390B484}.Release|Mixed Platforms.ActiveCfg = Release|Any CPU
		{943AD349-5431-4B9F-9DF4-A6DF5390B484}.Release|Mixed Platforms.Build.0 = Release|Any CPU
		{943AD349-5431-4B9F-9DF4-A6DF5390B484}.Release|x86.ActiveCfg = Release|Any CPU
		{F749C03B-EC1A-460E-ACF8-05F70AD7512A}.Debug|Any CPU.ActiveCfg = Debug|Any CPU
		{F749C03B-EC1A-460E-ACF8-05F70AD7512A}.Debug|Any CPU.Build.0 = Debug|Any CPU
		{F749C03B-EC1A-460E-ACF8-05F70AD7512A}.Debug|Mixed Platforms.ActiveCfg = Debug|Any CPU
		{F749C03B-EC1A-460E-ACF8-05F70AD7512A}.Debug|Mixed Platforms.Build.0 = Debug|Any CPU
		{F749C03B-EC1A-460E-ACF8-05F70AD7512A}.Debug|x86.ActiveCfg = Debug|Any CPU
		{F749C03B-EC1A-460E-ACF8-05F70AD7512A}.Release|Any CPU.ActiveCfg = Release|Any CPU
		{F749C03B-EC1A-460E-ACF8-05F70AD7512A}.Release|Any CPU.Build.0 = Release|Any CPU
		{F749C03B-EC1A-460E-ACF8-05F70AD7512A}.Release|Mixed Platforms.ActiveCfg = Release|Any CPU
		{F749C03B-EC1A-460E-ACF8-05F70AD7512A}.Release|Mixed Platforms.Build.0 = Release|Any CPU
		{F749C03B-EC1A-460E-ACF8-05F70AD7512A}.Release|x86.ActiveCfg = Release|Any CPU
		{692D5946-BFB5-46EC-A012-5FBF853A93EE}.Debug|Any CPU.ActiveCfg = Debug|Any CPU
		{692D5946-BFB5-46EC-A012-5FBF853A93EE}.Debug|Any CPU.Build.0 = Debug|Any CPU
		{692D5946-BFB5-46EC-A012-5FBF853A93EE}.Debug|Mixed Platforms.ActiveCfg = Debug|Any CPU
		{692D5946-BFB5-46EC-A012-5FBF853A93EE}.Debug|Mixed Platforms.Build.0 = Debug|Any CPU
		{692D5946-BFB5-46EC-A012-5FBF853A93EE}.Debug|x86.ActiveCfg = Debug|Any CPU
		{692D5946-BFB5-46EC-A012-5FBF853A93EE}.Release|Any CPU.ActiveCfg = Release|Any CPU
		{692D5946-BFB5-46EC-A012-5FBF853A93EE}.Release|Any CPU.Build.0 = Release|Any CPU
		{692D5946-BFB5-46EC-A012-5FBF853A93EE}.Release|Mixed Platforms.ActiveCfg = Release|Any CPU
		{692D5946-BFB5-46EC-A012-5FBF853A93EE}.Release|Mixed Platforms.Build.0 = Release|Any CPU
		{692D5946-BFB5-46EC-A012-5FBF853A93EE}.Release|x86.ActiveCfg = Release|Any CPU
		{148699A6-388F-45A5-A9B5-DA1C2BDDD168}.Debug|Any CPU.ActiveCfg = Debug|Any CPU
		{148699A6-388F-45A5-A9B5-DA1C2BDDD168}.Debug|Any CPU.Build.0 = Debug|Any CPU
		{148699A6-388F-45A5-A9B5-DA1C2BDDD168}.Debug|Mixed Platforms.ActiveCfg = Debug|Any CPU
		{148699A6-388F-45A5-A9B5-DA1C2BDDD168}.Debug|Mixed Platforms.Build.0 = Debug|Any CPU
		{148699A6-388F-45A5-A9B5-DA1C2BDDD168}.Debug|x86.ActiveCfg = Debug|Any CPU
		{148699A6-388F-45A5-A9B5-DA1C2BDDD168}.Release|Any CPU.ActiveCfg = Release|Any CPU
		{148699A6-388F-45A5-A9B5-DA1C2BDDD168}.Release|Any CPU.Build.0 = Release|Any CPU
		{148699A6-388F-45A5-A9B5-DA1C2BDDD168}.Release|Mixed Platforms.ActiveCfg = Release|Any CPU
		{148699A6-388F-45A5-A9B5-DA1C2BDDD168}.Release|Mixed Platforms.Build.0 = Release|Any CPU
		{148699A6-388F-45A5-A9B5-DA1C2BDDD168}.Release|x86.ActiveCfg = Release|Any CPU
		{FA168E91-F953-4C22-9727-4462E9DF74EF}.Debug|Any CPU.ActiveCfg = Debug|Any CPU
		{FA168E91-F953-4C22-9727-4462E9DF74EF}.Debug|Any CPU.Build.0 = Debug|Any CPU
		{FA168E91-F953-4C22-9727-4462E9DF74EF}.Debug|Mixed Platforms.ActiveCfg = Debug|Any CPU
		{FA168E91-F953-4C22-9727-4462E9DF74EF}.Debug|Mixed Platforms.Build.0 = Debug|Any CPU
		{FA168E91-F953-4C22-9727-4462E9DF74EF}.Debug|x86.ActiveCfg = Debug|Any CPU
		{FA168E91-F953-4C22-9727-4462E9DF74EF}.Release|Any CPU.ActiveCfg = Release|Any CPU
		{FA168E91-F953-4C22-9727-4462E9DF74EF}.Release|Any CPU.Build.0 = Release|Any CPU
		{FA168E91-F953-4C22-9727-4462E9DF74EF}.Release|Mixed Platforms.ActiveCfg = Release|Any CPU
		{FA168E91-F953-4C22-9727-4462E9DF74EF}.Release|Mixed Platforms.Build.0 = Release|Any CPU
		{FA168E91-F953-4C22-9727-4462E9DF74EF}.Release|x86.ActiveCfg = Release|Any CPU
		{2BF60432-F87E-4D45-8B0D-7EC35F3384D5}.Debug|Any CPU.ActiveCfg = Debug|Any CPU
		{2BF60432-F87E-4D45-8B0D-7EC35F3384D5}.Debug|Any CPU.Build.0 = Debug|Any CPU
		{2BF60432-F87E-4D45-8B0D-7EC35F3384D5}.Debug|Mixed Platforms.ActiveCfg = Debug|Any CPU
		{2BF60432-F87E-4D45-8B0D-7EC35F3384D5}.Debug|Mixed Platforms.Build.0 = Debug|Any CPU
		{2BF60432-F87E-4D45-8B0D-7EC35F3384D5}.Debug|x86.ActiveCfg = Debug|Any CPU
		{2BF60432-F87E-4D45-8B0D-7EC35F3384D5}.Release|Any CPU.ActiveCfg = Release|Any CPU
		{2BF60432-F87E-4D45-8B0D-7EC35F3384D5}.Release|Any CPU.Build.0 = Release|Any CPU
		{2BF60432-F87E-4D45-8B0D-7EC35F3384D5}.Release|Mixed Platforms.ActiveCfg = Release|Any CPU
		{2BF60432-F87E-4D45-8B0D-7EC35F3384D5}.Release|Mixed Platforms.Build.0 = Release|Any CPU
		{2BF60432-F87E-4D45-8B0D-7EC35F3384D5}.Release|x86.ActiveCfg = Release|Any CPU
		{1EB35F86-DA6C-4691-A2C5-8587129B520D}.Debug|Any CPU.ActiveCfg = Debug|Any CPU
		{1EB35F86-DA6C-4691-A2C5-8587129B520D}.Debug|Any CPU.Build.0 = Debug|Any CPU
		{1EB35F86-DA6C-4691-A2C5-8587129B520D}.Debug|Mixed Platforms.ActiveCfg = Debug|Any CPU
		{1EB35F86-DA6C-4691-A2C5-8587129B520D}.Debug|Mixed Platforms.Build.0 = Debug|Any CPU
		{1EB35F86-DA6C-4691-A2C5-8587129B520D}.Debug|x86.ActiveCfg = Debug|Any CPU
		{1EB35F86-DA6C-4691-A2C5-8587129B520D}.Release|Any CPU.ActiveCfg = Release|Any CPU
		{1EB35F86-DA6C-4691-A2C5-8587129B520D}.Release|Any CPU.Build.0 = Release|Any CPU
		{1EB35F86-DA6C-4691-A2C5-8587129B520D}.Release|Mixed Platforms.ActiveCfg = Release|Any CPU
		{1EB35F86-DA6C-4691-A2C5-8587129B520D}.Release|Mixed Platforms.Build.0 = Release|Any CPU
		{1EB35F86-DA6C-4691-A2C5-8587129B520D}.Release|x86.ActiveCfg = Release|Any CPU
		{E4698C1F-EF98-480C-B923-BB986C2B7F37}.Debug|Any CPU.ActiveCfg = Debug|Any CPU
		{E4698C1F-EF98-480C-B923-BB986C2B7F37}.Debug|Any CPU.Build.0 = Debug|Any CPU
		{E4698C1F-EF98-480C-B923-BB986C2B7F37}.Debug|Mixed Platforms.ActiveCfg = Debug|Any CPU
		{E4698C1F-EF98-480C-B923-BB986C2B7F37}.Debug|Mixed Platforms.Build.0 = Debug|Any CPU
		{E4698C1F-EF98-480C-B923-BB986C2B7F37}.Debug|x86.ActiveCfg = Debug|Any CPU
		{E4698C1F-EF98-480C-B923-BB986C2B7F37}.Release|Any CPU.ActiveCfg = Release|Any CPU
		{E4698C1F-EF98-480C-B923-BB986C2B7F37}.Release|Any CPU.Build.0 = Release|Any CPU
		{E4698C1F-EF98-480C-B923-BB986C2B7F37}.Release|Mixed Platforms.ActiveCfg = Release|Any CPU
		{E4698C1F-EF98-480C-B923-BB986C2B7F37}.Release|Mixed Platforms.Build.0 = Release|Any CPU
		{E4698C1F-EF98-480C-B923-BB986C2B7F37}.Release|x86.ActiveCfg = Release|Any CPU
		{3600E042-48AC-4756-9F36-E8642E81EB61}.Debug|Any CPU.ActiveCfg = Debug|Any CPU
		{3600E042-48AC-4756-9F36-E8642E81EB61}.Debug|Any CPU.Build.0 = Debug|Any CPU
		{3600E042-48AC-4756-9F36-E8642E81EB61}.Debug|Mixed Platforms.ActiveCfg = Debug|Any CPU
		{3600E042-48AC-4756-9F36-E8642E81EB61}.Debug|Mixed Platforms.Build.0 = Debug|Any CPU
		{3600E042-48AC-4756-9F36-E8642E81EB61}.Debug|x86.ActiveCfg = Debug|Any CPU
		{3600E042-48AC-4756-9F36-E8642E81EB61}.Release|Any CPU.ActiveCfg = Release|Any CPU
		{3600E042-48AC-4756-9F36-E8642E81EB61}.Release|Any CPU.Build.0 = Release|Any CPU
		{3600E042-48AC-4756-9F36-E8642E81EB61}.Release|Mixed Platforms.ActiveCfg = Release|Any CPU
		{3600E042-48AC-4756-9F36-E8642E81EB61}.Release|Mixed Platforms.Build.0 = Release|Any CPU
		{3600E042-48AC-4756-9F36-E8642E81EB61}.Release|x86.ActiveCfg = Release|Any CPU
		{DC6E218E-4C6C-41DB-A13E-9464985EB6BF}.Debug|Any CPU.ActiveCfg = Debug|Any CPU
		{DC6E218E-4C6C-41DB-A13E-9464985EB6BF}.Debug|Any CPU.Build.0 = Debug|Any CPU
		{DC6E218E-4C6C-41DB-A13E-9464985EB6BF}.Debug|Mixed Platforms.ActiveCfg = Debug|Any CPU
		{DC6E218E-4C6C-41DB-A13E-9464985EB6BF}.Debug|Mixed Platforms.Build.0 = Debug|Any CPU
		{DC6E218E-4C6C-41DB-A13E-9464985EB6BF}.Debug|x86.ActiveCfg = Debug|Any CPU
		{DC6E218E-4C6C-41DB-A13E-9464985EB6BF}.Release|Any CPU.ActiveCfg = Release|Any CPU
		{DC6E218E-4C6C-41DB-A13E-9464985EB6BF}.Release|Any CPU.Build.0 = Release|Any CPU
		{DC6E218E-4C6C-41DB-A13E-9464985EB6BF}.Release|Mixed Platforms.ActiveCfg = Release|Any CPU
		{DC6E218E-4C6C-41DB-A13E-9464985EB6BF}.Release|Mixed Platforms.Build.0 = Release|Any CPU
		{DC6E218E-4C6C-41DB-A13E-9464985EB6BF}.Release|x86.ActiveCfg = Release|Any CPU
		{EE1F752C-1FAB-41AD-AD63-857D0E62AB6B}.Debug|Any CPU.ActiveCfg = Debug|Any CPU
		{EE1F752C-1FAB-41AD-AD63-857D0E62AB6B}.Debug|Any CPU.Build.0 = Debug|Any CPU
		{EE1F752C-1FAB-41AD-AD63-857D0E62AB6B}.Debug|Mixed Platforms.ActiveCfg = Debug|Any CPU
		{EE1F752C-1FAB-41AD-AD63-857D0E62AB6B}.Debug|Mixed Platforms.Build.0 = Debug|Any CPU
		{EE1F752C-1FAB-41AD-AD63-857D0E62AB6B}.Debug|x86.ActiveCfg = Debug|Any CPU
		{EE1F752C-1FAB-41AD-AD63-857D0E62AB6B}.Release|Any CPU.ActiveCfg = Release|Any CPU
		{EE1F752C-1FAB-41AD-AD63-857D0E62AB6B}.Release|Any CPU.Build.0 = Release|Any CPU
		{EE1F752C-1FAB-41AD-AD63-857D0E62AB6B}.Release|Mixed Platforms.ActiveCfg = Release|Any CPU
		{EE1F752C-1FAB-41AD-AD63-857D0E62AB6B}.Release|Mixed Platforms.Build.0 = Release|Any CPU
		{EE1F752C-1FAB-41AD-AD63-857D0E62AB6B}.Release|x86.ActiveCfg = Release|Any CPU
		{F8186B23-B0E1-4646-B5F3-14357841E2BA}.Debug|Any CPU.ActiveCfg = Debug|Any CPU
		{F8186B23-B0E1-4646-B5F3-14357841E2BA}.Debug|Any CPU.Build.0 = Debug|Any CPU
		{F8186B23-B0E1-4646-B5F3-14357841E2BA}.Debug|Mixed Platforms.ActiveCfg = Debug|Any CPU
		{F8186B23-B0E1-4646-B5F3-14357841E2BA}.Debug|Mixed Platforms.Build.0 = Debug|Any CPU
		{F8186B23-B0E1-4646-B5F3-14357841E2BA}.Debug|x86.ActiveCfg = Debug|Any CPU
		{F8186B23-B0E1-4646-B5F3-14357841E2BA}.Release|Any CPU.ActiveCfg = Release|Any CPU
		{F8186B23-B0E1-4646-B5F3-14357841E2BA}.Release|Any CPU.Build.0 = Release|Any CPU
		{F8186B23-B0E1-4646-B5F3-14357841E2BA}.Release|Mixed Platforms.ActiveCfg = Release|Any CPU
		{F8186B23-B0E1-4646-B5F3-14357841E2BA}.Release|Mixed Platforms.Build.0 = Release|Any CPU
		{F8186B23-B0E1-4646-B5F3-14357841E2BA}.Release|x86.ActiveCfg = Release|Any CPU
		{DE4BB6EE-FF88-4F8D-B19E-AEAE374A0192}.Debug|Any CPU.ActiveCfg = Debug|Any CPU
		{DE4BB6EE-FF88-4F8D-B19E-AEAE374A0192}.Debug|Any CPU.Build.0 = Debug|Any CPU
		{DE4BB6EE-FF88-4F8D-B19E-AEAE374A0192}.Debug|Mixed Platforms.ActiveCfg = Debug|Any CPU
		{DE4BB6EE-FF88-4F8D-B19E-AEAE374A0192}.Debug|Mixed Platforms.Build.0 = Debug|Any CPU
		{DE4BB6EE-FF88-4F8D-B19E-AEAE374A0192}.Debug|x86.ActiveCfg = Debug|Any CPU
		{DE4BB6EE-FF88-4F8D-B19E-AEAE374A0192}.Release|Any CPU.ActiveCfg = Release|Any CPU
		{DE4BB6EE-FF88-4F8D-B19E-AEAE374A0192}.Release|Any CPU.Build.0 = Release|Any CPU
		{DE4BB6EE-FF88-4F8D-B19E-AEAE374A0192}.Release|Mixed Platforms.ActiveCfg = Release|Any CPU
		{DE4BB6EE-FF88-4F8D-B19E-AEAE374A0192}.Release|Mixed Platforms.Build.0 = Release|Any CPU
		{DE4BB6EE-FF88-4F8D-B19E-AEAE374A0192}.Release|x86.ActiveCfg = Release|Any CPU
		{8A9CDA60-166B-4B5A-82B7-5B6313C6368A}.Debug|Any CPU.ActiveCfg = Debug|Any CPU
		{8A9CDA60-166B-4B5A-82B7-5B6313C6368A}.Debug|Any CPU.Build.0 = Debug|Any CPU
		{8A9CDA60-166B-4B5A-82B7-5B6313C6368A}.Debug|Mixed Platforms.ActiveCfg = Debug|Any CPU
		{8A9CDA60-166B-4B5A-82B7-5B6313C6368A}.Debug|Mixed Platforms.Build.0 = Debug|Any CPU
		{8A9CDA60-166B-4B5A-82B7-5B6313C6368A}.Debug|x86.ActiveCfg = Debug|Any CPU
		{8A9CDA60-166B-4B5A-82B7-5B6313C6368A}.Release|Any CPU.ActiveCfg = Release|Any CPU
		{8A9CDA60-166B-4B5A-82B7-5B6313C6368A}.Release|Any CPU.Build.0 = Release|Any CPU
		{8A9CDA60-166B-4B5A-82B7-5B6313C6368A}.Release|Mixed Platforms.ActiveCfg = Release|Any CPU
		{8A9CDA60-166B-4B5A-82B7-5B6313C6368A}.Release|Mixed Platforms.Build.0 = Release|Any CPU
		{8A9CDA60-166B-4B5A-82B7-5B6313C6368A}.Release|x86.ActiveCfg = Release|Any CPU
		{E7D68497-0BAC-44D6-95DC-F05A7EB203FC}.Debug|Any CPU.ActiveCfg = Debug|Any CPU
		{E7D68497-0BAC-44D6-95DC-F05A7EB203FC}.Debug|Any CPU.Build.0 = Debug|Any CPU
		{E7D68497-0BAC-44D6-95DC-F05A7EB203FC}.Debug|Mixed Platforms.ActiveCfg = Debug|Any CPU
		{E7D68497-0BAC-44D6-95DC-F05A7EB203FC}.Debug|Mixed Platforms.Build.0 = Debug|Any CPU
		{E7D68497-0BAC-44D6-95DC-F05A7EB203FC}.Debug|x86.ActiveCfg = Debug|Any CPU
		{E7D68497-0BAC-44D6-95DC-F05A7EB203FC}.Release|Any CPU.ActiveCfg = Release|Any CPU
		{E7D68497-0BAC-44D6-95DC-F05A7EB203FC}.Release|Any CPU.Build.0 = Release|Any CPU
		{E7D68497-0BAC-44D6-95DC-F05A7EB203FC}.Release|Mixed Platforms.ActiveCfg = Release|Any CPU
		{E7D68497-0BAC-44D6-95DC-F05A7EB203FC}.Release|Mixed Platforms.Build.0 = Release|Any CPU
		{E7D68497-0BAC-44D6-95DC-F05A7EB203FC}.Release|x86.ActiveCfg = Release|Any CPU
		{0150B33A-390B-423D-9A2B-59BEDF902A38}.Debug|Any CPU.ActiveCfg = Debug|Any CPU
		{0150B33A-390B-423D-9A2B-59BEDF902A38}.Debug|Any CPU.Build.0 = Debug|Any CPU
		{0150B33A-390B-423D-9A2B-59BEDF902A38}.Debug|Mixed Platforms.ActiveCfg = Debug|Any CPU
		{0150B33A-390B-423D-9A2B-59BEDF902A38}.Debug|Mixed Platforms.Build.0 = Debug|Any CPU
		{0150B33A-390B-423D-9A2B-59BEDF902A38}.Debug|x86.ActiveCfg = Debug|Any CPU
		{0150B33A-390B-423D-9A2B-59BEDF902A38}.Release|Any CPU.ActiveCfg = Release|Any CPU
		{0150B33A-390B-423D-9A2B-59BEDF902A38}.Release|Any CPU.Build.0 = Release|Any CPU
		{0150B33A-390B-423D-9A2B-59BEDF902A38}.Release|Mixed Platforms.ActiveCfg = Release|Any CPU
		{0150B33A-390B-423D-9A2B-59BEDF902A38}.Release|Mixed Platforms.Build.0 = Release|Any CPU
		{0150B33A-390B-423D-9A2B-59BEDF902A38}.Release|x86.ActiveCfg = Release|Any CPU
		{61A12638-28BA-4A67-AD53-E94D7EE25675}.Debug|Any CPU.ActiveCfg = Debug|Any CPU
		{61A12638-28BA-4A67-AD53-E94D7EE25675}.Debug|Any CPU.Build.0 = Debug|Any CPU
		{61A12638-28BA-4A67-AD53-E94D7EE25675}.Debug|Mixed Platforms.ActiveCfg = Debug|Any CPU
		{61A12638-28BA-4A67-AD53-E94D7EE25675}.Debug|Mixed Platforms.Build.0 = Debug|Any CPU
		{61A12638-28BA-4A67-AD53-E94D7EE25675}.Debug|x86.ActiveCfg = Debug|Any CPU
		{61A12638-28BA-4A67-AD53-E94D7EE25675}.Release|Any CPU.ActiveCfg = Release|Any CPU
		{61A12638-28BA-4A67-AD53-E94D7EE25675}.Release|Any CPU.Build.0 = Release|Any CPU
		{61A12638-28BA-4A67-AD53-E94D7EE25675}.Release|Mixed Platforms.ActiveCfg = Release|Any CPU
		{61A12638-28BA-4A67-AD53-E94D7EE25675}.Release|Mixed Platforms.Build.0 = Release|Any CPU
		{61A12638-28BA-4A67-AD53-E94D7EE25675}.Release|x86.ActiveCfg = Release|Any CPU
		{41785223-CF12-4A54-9D09-E017A5C362E9}.Debug|Any CPU.ActiveCfg = Debug|Any CPU
		{41785223-CF12-4A54-9D09-E017A5C362E9}.Debug|Any CPU.Build.0 = Debug|Any CPU
		{41785223-CF12-4A54-9D09-E017A5C362E9}.Debug|Mixed Platforms.ActiveCfg = Debug|Any CPU
		{41785223-CF12-4A54-9D09-E017A5C362E9}.Debug|Mixed Platforms.Build.0 = Debug|Any CPU
		{41785223-CF12-4A54-9D09-E017A5C362E9}.Debug|x86.ActiveCfg = Debug|Any CPU
		{41785223-CF12-4A54-9D09-E017A5C362E9}.Release|Any CPU.ActiveCfg = Release|Any CPU
		{41785223-CF12-4A54-9D09-E017A5C362E9}.Release|Any CPU.Build.0 = Release|Any CPU
		{41785223-CF12-4A54-9D09-E017A5C362E9}.Release|Mixed Platforms.ActiveCfg = Release|Any CPU
		{41785223-CF12-4A54-9D09-E017A5C362E9}.Release|Mixed Platforms.Build.0 = Release|Any CPU
		{41785223-CF12-4A54-9D09-E017A5C362E9}.Release|x86.ActiveCfg = Release|Any CPU
		{1A3E51FF-8DA1-4D8D-B7A3-4E6B3625A955}.Debug|Any CPU.ActiveCfg = Debug|Any CPU
		{1A3E51FF-8DA1-4D8D-B7A3-4E6B3625A955}.Debug|Any CPU.Build.0 = Debug|Any CPU
		{1A3E51FF-8DA1-4D8D-B7A3-4E6B3625A955}.Debug|Mixed Platforms.ActiveCfg = Debug|Any CPU
		{1A3E51FF-8DA1-4D8D-B7A3-4E6B3625A955}.Debug|Mixed Platforms.Build.0 = Debug|Any CPU
		{1A3E51FF-8DA1-4D8D-B7A3-4E6B3625A955}.Debug|x86.ActiveCfg = Debug|Any CPU
		{1A3E51FF-8DA1-4D8D-B7A3-4E6B3625A955}.Release|Any CPU.ActiveCfg = Release|Any CPU
		{1A3E51FF-8DA1-4D8D-B7A3-4E6B3625A955}.Release|Any CPU.Build.0 = Release|Any CPU
		{1A3E51FF-8DA1-4D8D-B7A3-4E6B3625A955}.Release|Mixed Platforms.ActiveCfg = Release|Any CPU
		{1A3E51FF-8DA1-4D8D-B7A3-4E6B3625A955}.Release|Mixed Platforms.Build.0 = Release|Any CPU
		{1A3E51FF-8DA1-4D8D-B7A3-4E6B3625A955}.Release|x86.ActiveCfg = Release|Any CPU
		{14949F38-1BE4-4733-9B72-49D7454AF88F}.Debug|Any CPU.ActiveCfg = Debug|Any CPU
		{14949F38-1BE4-4733-9B72-49D7454AF88F}.Debug|Any CPU.Build.0 = Debug|Any CPU
		{14949F38-1BE4-4733-9B72-49D7454AF88F}.Debug|Mixed Platforms.ActiveCfg = Debug|Any CPU
		{14949F38-1BE4-4733-9B72-49D7454AF88F}.Debug|Mixed Platforms.Build.0 = Debug|Any CPU
		{14949F38-1BE4-4733-9B72-49D7454AF88F}.Debug|x86.ActiveCfg = Debug|Any CPU
		{14949F38-1BE4-4733-9B72-49D7454AF88F}.Release|Any CPU.ActiveCfg = Release|Any CPU
		{14949F38-1BE4-4733-9B72-49D7454AF88F}.Release|Any CPU.Build.0 = Release|Any CPU
		{14949F38-1BE4-4733-9B72-49D7454AF88F}.Release|Mixed Platforms.ActiveCfg = Release|Any CPU
		{14949F38-1BE4-4733-9B72-49D7454AF88F}.Release|Mixed Platforms.Build.0 = Release|Any CPU
		{14949F38-1BE4-4733-9B72-49D7454AF88F}.Release|x86.ActiveCfg = Release|Any CPU
		{EB3BA3A6-B5B6-48FB-A465-AE8FFC1D88A0}.Debug|Any CPU.ActiveCfg = Debug|Any CPU
		{EB3BA3A6-B5B6-48FB-A465-AE8FFC1D88A0}.Debug|Any CPU.Build.0 = Debug|Any CPU
		{EB3BA3A6-B5B6-48FB-A465-AE8FFC1D88A0}.Debug|Mixed Platforms.ActiveCfg = Debug|Any CPU
		{EB3BA3A6-B5B6-48FB-A465-AE8FFC1D88A0}.Debug|Mixed Platforms.Build.0 = Debug|Any CPU
		{EB3BA3A6-B5B6-48FB-A465-AE8FFC1D88A0}.Debug|x86.ActiveCfg = Debug|Any CPU
		{EB3BA3A6-B5B6-48FB-A465-AE8FFC1D88A0}.Release|Any CPU.ActiveCfg = Release|Any CPU
		{EB3BA3A6-B5B6-48FB-A465-AE8FFC1D88A0}.Release|Any CPU.Build.0 = Release|Any CPU
		{EB3BA3A6-B5B6-48FB-A465-AE8FFC1D88A0}.Release|Mixed Platforms.ActiveCfg = Release|Any CPU
		{EB3BA3A6-B5B6-48FB-A465-AE8FFC1D88A0}.Release|Mixed Platforms.Build.0 = Release|Any CPU
		{EB3BA3A6-B5B6-48FB-A465-AE8FFC1D88A0}.Release|x86.ActiveCfg = Release|Any CPU
	EndGlobalSection
	GlobalSection(SolutionProperties) = preSolution
		HideSolutionNode = FALSE
	EndGlobalSection
	GlobalSection(NestedProjects) = preSolution
		{20E26EB4-2A50-4D6B-B946-EF7E64F497E8} = {3BBD53CF-FD94-413D-B3B8-C2A0D9AAC4DC}
		{41DA2181-3591-447B-A183-E79D34AA7907} = {3BBD53CF-FD94-413D-B3B8-C2A0D9AAC4DC}
		{16914DD0-5805-4250-879B-26FEB00FA7BD} = {3BBD53CF-FD94-413D-B3B8-C2A0D9AAC4DC}
		{FE8DE41C-47CE-4DE5-BDAF-8CCF2F8A854E} = {3BBD53CF-FD94-413D-B3B8-C2A0D9AAC4DC}
		{5C1D555E-0F85-4B00-9410-E4C5404636AA} = {3BBD53CF-FD94-413D-B3B8-C2A0D9AAC4DC}
		{A5CEF853-8C98-4CE6-AD43-E78D86A4235E} = {3BBD53CF-FD94-413D-B3B8-C2A0D9AAC4DC}
		{943AD349-5431-4B9F-9DF4-A6DF5390B484} = {3BBD53CF-FD94-413D-B3B8-C2A0D9AAC4DC}
		{148699A6-388F-45A5-A9B5-DA1C2BDDD168} = {3BBD53CF-FD94-413D-B3B8-C2A0D9AAC4DC}
		{3600E042-48AC-4756-9F36-E8642E81EB61} = {3BBD53CF-FD94-413D-B3B8-C2A0D9AAC4DC}
		{DE4BB6EE-FF88-4F8D-B19E-AEAE374A0192} = {3BBD53CF-FD94-413D-B3B8-C2A0D9AAC4DC}
		{8A9CDA60-166B-4B5A-82B7-5B6313C6368A} = {3BBD53CF-FD94-413D-B3B8-C2A0D9AAC4DC}
		{45BE1494-E6F4-415F-8206-2856FBD28F66} = {0F6D840F-1B1D-47DF-9007-C725CB01A384}
		{266522EB-9DCB-451A-8CD7-678188DCB5F6} = {0F6D840F-1B1D-47DF-9007-C725CB01A384}
		{F749C03B-EC1A-460E-ACF8-05F70AD7512A} = {0F6D840F-1B1D-47DF-9007-C725CB01A384}
		{0505E426-7710-4783-8D70-6B6DD1667ADB} = {E1D2BCBC-4FA7-4B80-B80D-1E2FF04F9EB8}
		{DA32E74A-CC64-45F7-8602-C08FC93BF8B7} = {E1D2BCBC-4FA7-4B80-B80D-1E2FF04F9EB8}
		{7E01FCA6-DB43-4A18-A38B-7E4BBF1C0300} = {A2ECBC2B-7305-4326-8B33-5F1F45F60FAE}
		{4E870DA1-42F8-4FF2-8172-5676DAB9959B} = {A2ECBC2B-7305-4326-8B33-5F1F45F60FAE}
		{24AEC2DE-1132-4FE4-BA35-AD8DE374DB74} = {A2ECBC2B-7305-4326-8B33-5F1F45F60FAE}
		{6E53CA3A-29FD-46A5-9110-CE0A3A69BB9D} = {A2ECBC2B-7305-4326-8B33-5F1F45F60FAE}
		{4C9A3BE9-2E8F-44B1-965B-42AD35D36071} = {A2ECBC2B-7305-4326-8B33-5F1F45F60FAE}
		{09B2D14D-9911-4CDA-A175-43754A2AAAFE} = {A2ECBC2B-7305-4326-8B33-5F1F45F60FAE}
		{2BF60432-F87E-4D45-8B0D-7EC35F3384D5} = {A2ECBC2B-7305-4326-8B33-5F1F45F60FAE}
		{83F73BB7-5B6F-469E-9376-AF196CFFA146} = {A2ECBC2B-7305-4326-8B33-5F1F45F60FAE}
		{E4698C1F-EF98-480C-B923-BB986C2B7F37} = {A2ECBC2B-7305-4326-8B33-5F1F45F60FAE}
		{E7D68497-0BAC-44D6-95DC-F05A7EB203FC} = {A2ECBC2B-7305-4326-8B33-5F1F45F60FAE}
		{0150B33A-390B-423D-9A2B-59BEDF902A38} = {A2ECBC2B-7305-4326-8B33-5F1F45F60FAE}
		{61A12638-28BA-4A67-AD53-E94D7EE25675} = {A2ECBC2B-7305-4326-8B33-5F1F45F60FAE}
		{ADA070F7-75E5-4D33-AA48-534C5F8ABDCC} = {9F74F4C2-9999-4E1D-93DD-413B4E40DE5A}
		{7D88B6EE-87D9-4FCC-BC90-91A5A6D7804B} = {4E870DA1-42F8-4FF2-8172-5676DAB9959B}
		{8B37223D-5BE4-482F-B9E1-99D4F40E40BF} = {4E870DA1-42F8-4FF2-8172-5676DAB9959B}
		{5A6CB6EB-7298-40B9-91FD-0378798D8F7C} = {4E870DA1-42F8-4FF2-8172-5676DAB9959B}
		{6E05A14A-9374-40FD-B8CA-C33B4108CBDB} = {4E870DA1-42F8-4FF2-8172-5676DAB9959B}
		{1A3E51FF-8DA1-4D8D-B7A3-4E6B3625A955} = {4E870DA1-42F8-4FF2-8172-5676DAB9959B}
		{69621991-8933-41FD-8493-87E7FA5A26FE} = {1EAD9709-4A11-4DC2-A8EF-6005BA4E36EA}
		{A763CC8F-835E-444C-9A9F-88E7A443C1B2} = {1EAD9709-4A11-4DC2-A8EF-6005BA4E36EA}
		{DC6E218E-4C6C-41DB-A13E-9464985EB6BF} = {1EAD9709-4A11-4DC2-A8EF-6005BA4E36EA}
		{EE1F752C-1FAB-41AD-AD63-857D0E62AB6B} = {1EAD9709-4A11-4DC2-A8EF-6005BA4E36EA}
		{F8186B23-B0E1-4646-B5F3-14357841E2BA} = {1EAD9709-4A11-4DC2-A8EF-6005BA4E36EA}
		{692D5946-BFB5-46EC-A012-5FBF853A93EE} = {E6BC7155-A2F0-4353-A57C-36A237193155}
		{FA168E91-F953-4C22-9727-4462E9DF74EF} = {BC5057D0-37DD-40FD-98BE-0FF01551FEFE}
		{1EB35F86-DA6C-4691-A2C5-8587129B520D} = {83F73BB7-5B6F-469E-9376-AF196CFFA146}
		{41785223-CF12-4A54-9D09-E017A5C362E9} = {83F73BB7-5B6F-469E-9376-AF196CFFA146}
		{14949F38-1BE4-4733-9B72-49D7454AF88F} = {83F73BB7-5B6F-469E-9376-AF196CFFA146}
		{EB3BA3A6-B5B6-48FB-A465-AE8FFC1D88A0} = {83F73BB7-5B6F-469E-9376-AF196CFFA146}
	EndGlobalSection
EndGlobal
