
Microsoft Visual Studio Solution File, Format Version 11.00
# Visual Studio 2010
Project("{FAE04EC0-301F-11D3-BF4B-00C04F79EFBC}") = "TecX.Common", "TecX.Common\TecX.Common.csproj", "{23E54945-0126-43BE-A3FC-5F61AF5BDFF3}"
EndProject
Project("{FAE04EC0-301F-11D3-BF4B-00C04F79EFBC}") = "TecX.Common.Test", "TecX.Common.Test\TecX.Common.Test.csproj", "{20E26EB4-2A50-4D6B-B946-EF7E64F497E8}"
EndProject
Project("{2150E333-8FDC-42A3-9474-1A3956D46DE8}") = "Solution Items", "Solution Items", "{152B0C27-6933-4AD1-8757-0D6C7F087C35}"
	ProjectSection(SolutionItems) = preProject
		CommonFiles\GlobalAssemblyVersion.cs = CommonFiles\GlobalAssemblyVersion.cs
		Local.testsettings = Local.testsettings
		TecX.vsmdi = TecX.vsmdi
		TraceAndTestImpact.testsettings = TraceAndTestImpact.testsettings
	EndProjectSection
EndProject
Project("{2150E333-8FDC-42A3-9474-1A3956D46DE8}") = "01 Common", "01 Common", "{0F6D840F-1B1D-47DF-9007-C725CB01A384}"
EndProject
Project("{2150E333-8FDC-42A3-9474-1A3956D46DE8}") = "99 Tests", "99 Tests", "{3BBD53CF-FD94-413D-B3B8-C2A0D9AAC4DC}"
EndProject
Project("{2150E333-8FDC-42A3-9474-1A3956D46DE8}") = "02 Visual Studio", "02 Visual Studio", "{C02AB11F-1B5F-4803-9B13-5A21000AE5D7}"
EndProject
Project("{2150E333-8FDC-42A3-9474-1A3956D46DE8}") = "03 WCF", "03 WCF", "{E1D2BCBC-4FA7-4B80-B80D-1E2FF04F9EB8}"
EndProject
Project("{2150E333-8FDC-42A3-9474-1A3956D46DE8}") = "04 Geneva", "04 Geneva", "{69923832-7A15-43F7-9842-46EC401E28D4}"
EndProject
Project("{2150E333-8FDC-42A3-9474-1A3956D46DE8}") = "05 Agile", "05 Agile", "{A2ECBC2B-7305-4326-8B33-5F1F45F60FAE}"
EndProject
Project("{FAE04EC0-301F-11D3-BF4B-00C04F79EFBC}") = "TecX.TestTools", "TecX.TestTools\TecX.TestTools.csproj", "{ADA070F7-75E5-4D33-AA48-534C5F8ABDCC}"
EndProject
Project("{FAE04EC0-301F-11D3-BF4B-00C04F79EFBC}") = "TecX.TestTools.Test", "TecX.TestTools.Test\TecX.TestTools.Test.csproj", "{41DA2181-3591-447B-A183-E79D34AA7907}"
EndProject
Project("{FAE04EC0-301F-11D3-BF4B-00C04F79EFBC}") = "TecX.ServiceModel.Unity", "TecX.ServiceModel.Unity\TecX.ServiceModel.Unity.csproj", "{0505E426-7710-4783-8D70-6B6DD1667ADB}"
EndProject
Project("{FAE04EC0-301F-11D3-BF4B-00C04F79EFBC}") = "TecX.ServiceModel.AutoMagic", "TecX.ServiceModel.AutoMagic\TecX.ServiceModel.AutoMagic.csproj", "{DA32E74A-CC64-45F7-8602-C08FC93BF8B7}"
EndProject
Project("{FAE04EC0-301F-11D3-BF4B-00C04F79EFBC}") = "TecX.Agile", "TecX.Agile\TecX.Agile.csproj", "{7E01FCA6-DB43-4A18-A38B-7E4BBF1C0300}"
EndProject
Project("{FAE04EC0-301F-11D3-BF4B-00C04F79EFBC}") = "TecX.Agile.Test", "TecX.Agile.Test\TecX.Agile.Test.csproj", "{16914DD0-5805-4250-879B-26FEB00FA7BD}"
EndProject
Project("{FAE04EC0-301F-11D3-BF4B-00C04F79EFBC}") = "TecX.Common.EntLib", "TecX.Common.EntLib\TecX.Common.EntLib.csproj", "{45BE1494-E6F4-415F-8206-2856FBD28F66}"
EndProject
Global
	GlobalSection(TeamFoundationVersionControl) = preSolution
		SccNumberOfProjects = 10
		SccEnterpriseProvider = {4CA58AB2-18FA-4F8D-95D4-32DDF27D184C}
		SccTeamFoundationServer = https://tfs.codeplex.com/tfs/tfs04
		SccLocalPath0 = .
		SccProjectUniqueName1 = TecX.Common\\TecX.Common.csproj
		SccProjectTopLevelParentUniqueName1 = TecX.sln
		SccProjectName1 = TecX.Common
		SccLocalPath1 = TecX.Common
		SccProjectUniqueName2 = TecX.Common.Test\\TecX.Common.Test.csproj
		SccProjectTopLevelParentUniqueName2 = TecX.sln
		SccProjectName2 = TecX.Common.Test
		SccLocalPath2 = TecX.Common.Test
		SccProjectUniqueName3 = TecX.TestTools.Test\\TecX.TestTools.Test.csproj
		SccProjectTopLevelParentUniqueName3 = TecX.sln
		SccProjectName3 = TecX.TestTools.Test
		SccLocalPath3 = TecX.TestTools.Test
		SccProjectUniqueName4 = TecX.ServiceModel.AutoMagic\\TecX.ServiceModel.AutoMagic.csproj
		SccProjectTopLevelParentUniqueName4 = TecX.sln
		SccProjectName4 = TecX.ServiceModel.AutoMagic
		SccLocalPath4 = TecX.ServiceModel.AutoMagic
		SccProjectUniqueName5 = TecX.TestTools\\TecX.TestTools.csproj
		SccProjectTopLevelParentUniqueName5 = TecX.sln
		SccProjectName5 = TecX.TestTools
		SccLocalPath5 = TecX.TestTools
		SccProjectUniqueName6 = TecX.ServiceModel.Unity\\TecX.ServiceModel.Unity.csproj
		SccProjectTopLevelParentUniqueName6 = TecX.sln
		SccProjectName6 = TecX.ServiceModel.Unity
		SccLocalPath6 = TecX.ServiceModel.Unity
		SccProjectUniqueName7 = TecX.Agile\\TecX.Agile.csproj
		SccProjectTopLevelParentUniqueName7 = TecX.sln
		SccProjectName7 = TecX.Agile
		SccLocalPath7 = TecX.Agile
		SccProjectUniqueName8 = TecX.Agile.Test\\TecX.Agile.Test.csproj
		SccProjectTopLevelParentUniqueName8 = TecX.sln
		SccProjectName8 = TecX.Agile.Test
		SccLocalPath8 = TecX.Agile.Test
		SccProjectUniqueName9 = TecX.Common.EntLib\\TecX.Common.EntLib.csproj
		SccProjectTopLevelParentUniqueName9 = TecX.sln
		SccProjectName9 = TecX.Common.EntLib
		SccLocalPath9 = TecX.Common.EntLib
	EndGlobalSection
	GlobalSection(TestCaseManagementSettings) = postSolution
		CategoryFile = TecX.vsmdi
	EndGlobalSection
	GlobalSection(SolutionConfigurationPlatforms) = preSolution
		Debug|Any CPU = Debug|Any CPU
		Release|Any CPU = Release|Any CPU
	EndGlobalSection
	GlobalSection(ProjectConfigurationPlatforms) = postSolution
		{23E54945-0126-43BE-A3FC-5F61AF5BDFF3}.Debug|Any CPU.ActiveCfg = Debug|Any CPU
		{23E54945-0126-43BE-A3FC-5F61AF5BDFF3}.Debug|Any CPU.Build.0 = Debug|Any CPU
		{23E54945-0126-43BE-A3FC-5F61AF5BDFF3}.Release|Any CPU.ActiveCfg = Release|Any CPU
		{23E54945-0126-43BE-A3FC-5F61AF5BDFF3}.Release|Any CPU.Build.0 = Release|Any CPU
		{20E26EB4-2A50-4D6B-B946-EF7E64F497E8}.Debug|Any CPU.ActiveCfg = Debug|Any CPU
		{20E26EB4-2A50-4D6B-B946-EF7E64F497E8}.Debug|Any CPU.Build.0 = Debug|Any CPU
		{20E26EB4-2A50-4D6B-B946-EF7E64F497E8}.Release|Any CPU.ActiveCfg = Release|Any CPU
		{20E26EB4-2A50-4D6B-B946-EF7E64F497E8}.Release|Any CPU.Build.0 = Release|Any CPU
		{ADA070F7-75E5-4D33-AA48-534C5F8ABDCC}.Debug|Any CPU.ActiveCfg = Debug|Any CPU
		{ADA070F7-75E5-4D33-AA48-534C5F8ABDCC}.Debug|Any CPU.Build.0 = Debug|Any CPU
		{ADA070F7-75E5-4D33-AA48-534C5F8ABDCC}.Release|Any CPU.ActiveCfg = Release|Any CPU
		{ADA070F7-75E5-4D33-AA48-534C5F8ABDCC}.Release|Any CPU.Build.0 = Release|Any CPU
		{41DA2181-3591-447B-A183-E79D34AA7907}.Debug|Any CPU.ActiveCfg = Debug|Any CPU
		{41DA2181-3591-447B-A183-E79D34AA7907}.Debug|Any CPU.Build.0 = Debug|Any CPU
		{41DA2181-3591-447B-A183-E79D34AA7907}.Release|Any CPU.ActiveCfg = Release|Any CPU
		{41DA2181-3591-447B-A183-E79D34AA7907}.Release|Any CPU.Build.0 = Release|Any CPU
		{0505E426-7710-4783-8D70-6B6DD1667ADB}.Debug|Any CPU.ActiveCfg = Debug|Any CPU
		{0505E426-7710-4783-8D70-6B6DD1667ADB}.Debug|Any CPU.Build.0 = Debug|Any CPU
		{0505E426-7710-4783-8D70-6B6DD1667ADB}.Release|Any CPU.ActiveCfg = Release|Any CPU
		{0505E426-7710-4783-8D70-6B6DD1667ADB}.Release|Any CPU.Build.0 = Release|Any CPU
		{DA32E74A-CC64-45F7-8602-C08FC93BF8B7}.Debug|Any CPU.ActiveCfg = Debug|Any CPU
		{DA32E74A-CC64-45F7-8602-C08FC93BF8B7}.Debug|Any CPU.Build.0 = Debug|Any CPU
		{DA32E74A-CC64-45F7-8602-C08FC93BF8B7}.Release|Any CPU.ActiveCfg = Release|Any CPU
		{DA32E74A-CC64-45F7-8602-C08FC93BF8B7}.Release|Any CPU.Build.0 = Release|Any CPU
		{7E01FCA6-DB43-4A18-A38B-7E4BBF1C0300}.Debug|Any CPU.ActiveCfg = Debug|Any CPU
		{7E01FCA6-DB43-4A18-A38B-7E4BBF1C0300}.Debug|Any CPU.Build.0 = Debug|Any CPU
		{7E01FCA6-DB43-4A18-A38B-7E4BBF1C0300}.Release|Any CPU.ActiveCfg = Release|Any CPU
		{7E01FCA6-DB43-4A18-A38B-7E4BBF1C0300}.Release|Any CPU.Build.0 = Release|Any CPU
		{16914DD0-5805-4250-879B-26FEB00FA7BD}.Debug|Any CPU.ActiveCfg = Debug|Any CPU
		{16914DD0-5805-4250-879B-26FEB00FA7BD}.Debug|Any CPU.Build.0 = Debug|Any CPU
		{16914DD0-5805-4250-879B-26FEB00FA7BD}.Release|Any CPU.ActiveCfg = Release|Any CPU
		{16914DD0-5805-4250-879B-26FEB00FA7BD}.Release|Any CPU.Build.0 = Release|Any CPU
		{45BE1494-E6F4-415F-8206-2856FBD28F66}.Debug|Any CPU.ActiveCfg = Debug|Any CPU
		{45BE1494-E6F4-415F-8206-2856FBD28F66}.Debug|Any CPU.Build.0 = Debug|Any CPU
		{45BE1494-E6F4-415F-8206-2856FBD28F66}.Release|Any CPU.ActiveCfg = Release|Any CPU
		{45BE1494-E6F4-415F-8206-2856FBD28F66}.Release|Any CPU.Build.0 = Release|Any CPU
	EndGlobalSection
	GlobalSection(SolutionProperties) = preSolution
		HideSolutionNode = FALSE
	EndGlobalSection
	GlobalSection(NestedProjects) = preSolution
		{23E54945-0126-43BE-A3FC-5F61AF5BDFF3} = {0F6D840F-1B1D-47DF-9007-C725CB01A384}
		{45BE1494-E6F4-415F-8206-2856FBD28F66} = {0F6D840F-1B1D-47DF-9007-C725CB01A384}
		{20E26EB4-2A50-4D6B-B946-EF7E64F497E8} = {3BBD53CF-FD94-413D-B3B8-C2A0D9AAC4DC}
		{ADA070F7-75E5-4D33-AA48-534C5F8ABDCC} = {3BBD53CF-FD94-413D-B3B8-C2A0D9AAC4DC}
		{41DA2181-3591-447B-A183-E79D34AA7907} = {3BBD53CF-FD94-413D-B3B8-C2A0D9AAC4DC}
		{16914DD0-5805-4250-879B-26FEB00FA7BD} = {3BBD53CF-FD94-413D-B3B8-C2A0D9AAC4DC}
		{0505E426-7710-4783-8D70-6B6DD1667ADB} = {E1D2BCBC-4FA7-4B80-B80D-1E2FF04F9EB8}
		{DA32E74A-CC64-45F7-8602-C08FC93BF8B7} = {E1D2BCBC-4FA7-4B80-B80D-1E2FF04F9EB8}
		{7E01FCA6-DB43-4A18-A38B-7E4BBF1C0300} = {A2ECBC2B-7305-4326-8B33-5F1F45F60FAE}
	EndGlobalSection
EndGlobal
