
Microsoft Visual Studio Solution File, Format Version 11.00
# Visual Studio 2010
Project("{FAE04EC0-301F-11D3-BF4B-00C04F79EFBC}") = "TecX.Common.Test", "TecX.Common.Test\TecX.Common.Test.csproj", "{20E26EB4-2A50-4D6B-B946-EF7E64F497E8}"
EndProject
Project("{2150E333-8FDC-42A3-9474-1A3956D46DE8}") = "Solution Items", "Solution Items", "{152B0C27-6933-4AD1-8757-0D6C7F087C35}"
	ProjectSection(SolutionItems) = preProject
		CommonFiles\GlobalAssemblyVersion.cs = CommonFiles\GlobalAssemblyVersion.cs
		Local.testsettings = Local.testsettings
		TecX.vsmdi = TecX.vsmdi
		TraceAndTestImpact.testsettings = TraceAndTestImpact.testsettings
	EndProjectSection
EndProject
Project("{2150E333-8FDC-42A3-9474-1A3956D46DE8}") = "01 Common", "01 Common", "{0F6D840F-1B1D-47DF-9007-C725CB01A384}"
EndProject
Project("{2150E333-8FDC-42A3-9474-1A3956D46DE8}") = "99 Tests", "99 Tests", "{3BBD53CF-FD94-413D-B3B8-C2A0D9AAC4DC}"
EndProject
Project("{2150E333-8FDC-42A3-9474-1A3956D46DE8}") = "05 Agile", "05 Agile", "{A2ECBC2B-7305-4326-8B33-5F1F45F60FAE}"
EndProject
Project("{FAE04EC0-301F-11D3-BF4B-00C04F79EFBC}") = "TecX.TestTools", "TecX.TestTools\TecX.TestTools.csproj", "{ADA070F7-75E5-4D33-AA48-534C5F8ABDCC}"
EndProject
Project("{FAE04EC0-301F-11D3-BF4B-00C04F79EFBC}") = "TecX.TestTools.Test", "TecX.TestTools.Test\TecX.TestTools.Test.csproj", "{41DA2181-3591-447B-A183-E79D34AA7907}"
EndProject
Project("{FAE04EC0-301F-11D3-BF4B-00C04F79EFBC}") = "TecX.Agile.Test", "TecX.Agile.Test\TecX.Agile.Test.csproj", "{16914DD0-5805-4250-879B-26FEB00FA7BD}"
EndProject
Project("{2150E333-8FDC-42A3-9474-1A3956D46DE8}") = "98 Test Tools", "98 Test Tools", "{9F74F4C2-9999-4E1D-93DD-413B4E40DE5A}"
EndProject
Project("{FAE04EC0-301F-11D3-BF4B-00C04F79EFBC}") = "TecX.Unity", "TecX.Unity\TecX.Unity.csproj", "{69621991-8933-41FD-8493-87E7FA5A26FE}"
EndProject
Project("{FAE04EC0-301F-11D3-BF4B-00C04F79EFBC}") = "TecX.Unity.Test", "TecX.Unity.Test\TecX.Unity.Test.csproj", "{943AD349-5431-4B9F-9DF4-A6DF5390B484}"
EndProject
Project("{2150E333-8FDC-42A3-9474-1A3956D46DE8}") = "07 Unity", "07 Unity", "{1EAD9709-4A11-4DC2-A8EF-6005BA4E36EA}"
EndProject
Project("{FAE04EC0-301F-11D3-BF4B-00C04F79EFBC}") = "TecX.Common", "TecX.Common\TecX.Common.csproj", "{F749C03B-EC1A-460E-ACF8-05F70AD7512A}"
EndProject
Project("{FAE04EC0-301F-11D3-BF4B-00C04F79EFBC}") = "TecX.Agile.Infrastructure", "TecX.Agile.Infrastructure\TecX.Agile.Infrastructure.csproj", "{2BF60432-F87E-4D45-8B0D-7EC35F3384D5}"
EndProject
Project("{FAE04EC0-301F-11D3-BF4B-00C04F79EFBC}") = "TecX.Logging", "TecX.Logging\TecX.Logging.csproj", "{DEDCDF0F-15B1-4E90-B0A3-5FC5331C5436}"
EndProject
Project("{FAE04EC0-301F-11D3-BF4B-00C04F79EFBC}") = "TecX.Logging.Test", "TecX.Logging.Test\TecX.Logging.Test.csproj", "{9623BDA9-937A-4888-8970-BEBBE7FEC131}"
EndProject
Project("{FAE04EC0-301F-11D3-BF4B-00C04F79EFBC}") = "TecX.Agile", "TecX.Agile\TecX.Agile.csproj", "{D1D13473-4D5E-409D-9C95-35750985378E}"
EndProject
Project("{FAE04EC0-301F-11D3-BF4B-00C04F79EFBC}") = "TecX.Unity.Configuration", "TecX.Unity.Configuration\TecX.Unity.Configuration.csproj", "{EDEA27F9-7BBB-499E-A06F-5E23F8804A62}"
EndProject
Project("{FAE04EC0-301F-11D3-BF4B-00C04F79EFBC}") = "TecX.Unity.Configuration.Test", "TecX.Unity.Configuration.Test\TecX.Unity.Configuration.Test.csproj", "{DC8B63B8-7788-4B97-A610-89C5E2ADDDA2}"
EndProject
Project("{FAE04EC0-301F-11D3-BF4B-00C04F79EFBC}") = "TecX.Agile.Modules.Main", "TecX.Agile.Modules.Main\TecX.Agile.Modules.Main.csproj", "{1EB35F86-DA6C-4691-A2C5-8587129B520D}"
EndProject
Project("{FAE04EC0-301F-11D3-BF4B-00C04F79EFBC}") = "TecX.Unity.TypedFactory", "TecX.Unity.TypedFactory\TecX.Unity.TypedFactory.csproj", "{2BF97DAC-6DEC-4576-B994-813686F5B0CA}"
EndProject
Project("{FAE04EC0-301F-11D3-BF4B-00C04F79EFBC}") = "TecX.Agile.Modules.Gestures", "TecX.Agile.Modules.Gestures\TecX.Agile.Modules.Gestures.csproj", "{41785223-CF12-4A54-9D09-E017A5C362E9}"
EndProject
Project("{FAE04EC0-301F-11D3-BF4B-00C04F79EFBC}") = "TecX.Event", "TecX.Event\TecX.Event.csproj", "{F1B1FD4F-F40F-4739-8EE4-D683440396DA}"
EndProject
Project("{FAE04EC0-301F-11D3-BF4B-00C04F79EFBC}") = "TecX.Event.Unity", "TecX.Event.Unity\TecX.Event.Unity.csproj", "{A763CC8F-835E-444C-9A9F-88E7A443C1B2}"
EndProject
Project("{FAE04EC0-301F-11D3-BF4B-00C04F79EFBC}") = "TecX.Agile.Messaging", "TecX.Agile.Messaging\TecX.Agile.Messaging.csproj", "{C955D066-015D-40A4-B8AD-921888D1DA95}"
EndProject
Project("{FAE04EC0-301F-11D3-BF4B-00C04F79EFBC}") = "TecX.Agile.Messaging.Test", "TecX.Agile.Messaging.Test\TecX.Agile.Messaging.Test.csproj", "{8600AA6F-79D2-4BE2-89AD-4CAEDFC182D4}"
EndProject
Project("{FAE04EC0-301F-11D3-BF4B-00C04F79EFBC}") = "TecX.CaliburnEx", "TecX.CaliburnEx\TecX.CaliburnEx.csproj", "{4244D026-9657-41AD-8CFB-AA70E2372CF5}"
EndProject
Global
	GlobalSection(MercurialSourceControlSolutionProperties) = preSolution
		SolutionIsControlled = True
		SolutionBindings = <Solution Location In Database>
	EndGlobalSection
	GlobalSection(TestCaseManagementSettings) = postSolution
		CategoryFile = TecX.vsmdi
	EndGlobalSection
	GlobalSection(SolutionConfigurationPlatforms) = preSolution
		Debug|Any CPU = Debug|Any CPU
		Debug|Mixed Platforms = Debug|Mixed Platforms
		Debug|x86 = Debug|x86
		Release|Any CPU = Release|Any CPU
		Release|Mixed Platforms = Release|Mixed Platforms
		Release|x86 = Release|x86
	EndGlobalSection
	GlobalSection(ProjectConfigurationPlatforms) = postSolution
		{20E26EB4-2A50-4D6B-B946-EF7E64F497E8}.Debug|Any CPU.ActiveCfg = Debug|Any CPU
		{20E26EB4-2A50-4D6B-B946-EF7E64F497E8}.Debug|Any CPU.Build.0 = Debug|Any CPU
		{20E26EB4-2A50-4D6B-B946-EF7E64F497E8}.Debug|Mixed Platforms.ActiveCfg = Debug|Any CPU
		{20E26EB4-2A50-4D6B-B946-EF7E64F497E8}.Debug|Mixed Platforms.Build.0 = Debug|Any CPU
		{20E26EB4-2A50-4D6B-B946-EF7E64F497E8}.Debug|x86.ActiveCfg = Debug|Any CPU
		{20E26EB4-2A50-4D6B-B946-EF7E64F497E8}.Release|Any CPU.ActiveCfg = Release|Any CPU
		{20E26EB4-2A50-4D6B-B946-EF7E64F497E8}.Release|Any CPU.Build.0 = Release|Any CPU
		{20E26EB4-2A50-4D6B-B946-EF7E64F497E8}.Release|Mixed Platforms.ActiveCfg = Release|Any CPU
		{20E26EB4-2A50-4D6B-B946-EF7E64F497E8}.Release|Mixed Platforms.Build.0 = Release|Any CPU
		{20E26EB4-2A50-4D6B-B946-EF7E64F497E8}.Release|x86.ActiveCfg = Release|Any CPU
		{ADA070F7-75E5-4D33-AA48-534C5F8ABDCC}.Debug|Any CPU.ActiveCfg = Debug|Any CPU
		{ADA070F7-75E5-4D33-AA48-534C5F8ABDCC}.Debug|Any CPU.Build.0 = Debug|Any CPU
		{ADA070F7-75E5-4D33-AA48-534C5F8ABDCC}.Debug|Mixed Platforms.ActiveCfg = Debug|Any CPU
		{ADA070F7-75E5-4D33-AA48-534C5F8ABDCC}.Debug|Mixed Platforms.Build.0 = Debug|Any CPU
		{ADA070F7-75E5-4D33-AA48-534C5F8ABDCC}.Debug|x86.ActiveCfg = Debug|Any CPU
		{ADA070F7-75E5-4D33-AA48-534C5F8ABDCC}.Release|Any CPU.ActiveCfg = Release|Any CPU
		{ADA070F7-75E5-4D33-AA48-534C5F8ABDCC}.Release|Any CPU.Build.0 = Release|Any CPU
		{ADA070F7-75E5-4D33-AA48-534C5F8ABDCC}.Release|Mixed Platforms.ActiveCfg = Release|Any CPU
		{ADA070F7-75E5-4D33-AA48-534C5F8ABDCC}.Release|Mixed Platforms.Build.0 = Release|Any CPU
		{ADA070F7-75E5-4D33-AA48-534C5F8ABDCC}.Release|x86.ActiveCfg = Release|Any CPU
		{41DA2181-3591-447B-A183-E79D34AA7907}.Debug|Any CPU.ActiveCfg = Debug|Any CPU
		{41DA2181-3591-447B-A183-E79D34AA7907}.Debug|Any CPU.Build.0 = Debug|Any CPU
		{41DA2181-3591-447B-A183-E79D34AA7907}.Debug|Mixed Platforms.ActiveCfg = Debug|Any CPU
		{41DA2181-3591-447B-A183-E79D34AA7907}.Debug|Mixed Platforms.Build.0 = Debug|Any CPU
		{41DA2181-3591-447B-A183-E79D34AA7907}.Debug|x86.ActiveCfg = Debug|Any CPU
		{41DA2181-3591-447B-A183-E79D34AA7907}.Release|Any CPU.ActiveCfg = Release|Any CPU
		{41DA2181-3591-447B-A183-E79D34AA7907}.Release|Any CPU.Build.0 = Release|Any CPU
		{41DA2181-3591-447B-A183-E79D34AA7907}.Release|Mixed Platforms.ActiveCfg = Release|Any CPU
		{41DA2181-3591-447B-A183-E79D34AA7907}.Release|Mixed Platforms.Build.0 = Release|Any CPU
		{41DA2181-3591-447B-A183-E79D34AA7907}.Release|x86.ActiveCfg = Release|Any CPU
		{16914DD0-5805-4250-879B-26FEB00FA7BD}.Debug|Any CPU.ActiveCfg = Debug|Any CPU
		{16914DD0-5805-4250-879B-26FEB00FA7BD}.Debug|Any CPU.Build.0 = Debug|Any CPU
		{16914DD0-5805-4250-879B-26FEB00FA7BD}.Debug|Mixed Platforms.ActiveCfg = Debug|Any CPU
		{16914DD0-5805-4250-879B-26FEB00FA7BD}.Debug|Mixed Platforms.Build.0 = Debug|Any CPU
		{16914DD0-5805-4250-879B-26FEB00FA7BD}.Debug|x86.ActiveCfg = Debug|Any CPU
		{16914DD0-5805-4250-879B-26FEB00FA7BD}.Release|Any CPU.ActiveCfg = Release|Any CPU
		{16914DD0-5805-4250-879B-26FEB00FA7BD}.Release|Any CPU.Build.0 = Release|Any CPU
		{16914DD0-5805-4250-879B-26FEB00FA7BD}.Release|Mixed Platforms.ActiveCfg = Release|Any CPU
		{16914DD0-5805-4250-879B-26FEB00FA7BD}.Release|Mixed Platforms.Build.0 = Release|Any CPU
		{16914DD0-5805-4250-879B-26FEB00FA7BD}.Release|x86.ActiveCfg = Release|Any CPU
		{69621991-8933-41FD-8493-87E7FA5A26FE}.Debug|Any CPU.ActiveCfg = Debug|Any CPU
		{69621991-8933-41FD-8493-87E7FA5A26FE}.Debug|Any CPU.Build.0 = Debug|Any CPU
		{69621991-8933-41FD-8493-87E7FA5A26FE}.Debug|Mixed Platforms.ActiveCfg = Debug|Any CPU
		{69621991-8933-41FD-8493-87E7FA5A26FE}.Debug|Mixed Platforms.Build.0 = Debug|Any CPU
		{69621991-8933-41FD-8493-87E7FA5A26FE}.Debug|x86.ActiveCfg = Debug|Any CPU
		{69621991-8933-41FD-8493-87E7FA5A26FE}.Release|Any CPU.ActiveCfg = Release|Any CPU
		{69621991-8933-41FD-8493-87E7FA5A26FE}.Release|Any CPU.Build.0 = Release|Any CPU
		{69621991-8933-41FD-8493-87E7FA5A26FE}.Release|Mixed Platforms.ActiveCfg = Release|Any CPU
		{69621991-8933-41FD-8493-87E7FA5A26FE}.Release|Mixed Platforms.Build.0 = Release|Any CPU
		{69621991-8933-41FD-8493-87E7FA5A26FE}.Release|x86.ActiveCfg = Release|Any CPU
		{943AD349-5431-4B9F-9DF4-A6DF5390B484}.Debug|Any CPU.ActiveCfg = Debug|Any CPU
		{943AD349-5431-4B9F-9DF4-A6DF5390B484}.Debug|Any CPU.Build.0 = Debug|Any CPU
		{943AD349-5431-4B9F-9DF4-A6DF5390B484}.Debug|Mixed Platforms.ActiveCfg = Debug|Any CPU
		{943AD349-5431-4B9F-9DF4-A6DF5390B484}.Debug|Mixed Platforms.Build.0 = Debug|Any CPU
		{943AD349-5431-4B9F-9DF4-A6DF5390B484}.Debug|x86.ActiveCfg = Debug|Any CPU
		{943AD349-5431-4B9F-9DF4-A6DF5390B484}.Release|Any CPU.ActiveCfg = Release|Any CPU
		{943AD349-5431-4B9F-9DF4-A6DF5390B484}.Release|Any CPU.Build.0 = Release|Any CPU
		{943AD349-5431-4B9F-9DF4-A6DF5390B484}.Release|Mixed Platforms.ActiveCfg = Release|Any CPU
		{943AD349-5431-4B9F-9DF4-A6DF5390B484}.Release|Mixed Platforms.Build.0 = Release|Any CPU
		{943AD349-5431-4B9F-9DF4-A6DF5390B484}.Release|x86.ActiveCfg = Release|Any CPU
		{F749C03B-EC1A-460E-ACF8-05F70AD7512A}.Debug|Any CPU.ActiveCfg = Debug|Any CPU
		{F749C03B-EC1A-460E-ACF8-05F70AD7512A}.Debug|Any CPU.Build.0 = Debug|Any CPU
		{F749C03B-EC1A-460E-ACF8-05F70AD7512A}.Debug|Mixed Platforms.ActiveCfg = Debug|Any CPU
		{F749C03B-EC1A-460E-ACF8-05F70AD7512A}.Debug|Mixed Platforms.Build.0 = Debug|Any CPU
		{F749C03B-EC1A-460E-ACF8-05F70AD7512A}.Debug|x86.ActiveCfg = Debug|Any CPU
		{F749C03B-EC1A-460E-ACF8-05F70AD7512A}.Release|Any CPU.ActiveCfg = Release|Any CPU
		{F749C03B-EC1A-460E-ACF8-05F70AD7512A}.Release|Any CPU.Build.0 = Release|Any CPU
		{F749C03B-EC1A-460E-ACF8-05F70AD7512A}.Release|Mixed Platforms.ActiveCfg = Release|Any CPU
		{F749C03B-EC1A-460E-ACF8-05F70AD7512A}.Release|Mixed Platforms.Build.0 = Release|Any CPU
		{F749C03B-EC1A-460E-ACF8-05F70AD7512A}.Release|x86.ActiveCfg = Release|Any CPU
		{2BF60432-F87E-4D45-8B0D-7EC35F3384D5}.Debug|Any CPU.ActiveCfg = Debug|Any CPU
		{2BF60432-F87E-4D45-8B0D-7EC35F3384D5}.Debug|Any CPU.Build.0 = Debug|Any CPU
		{2BF60432-F87E-4D45-8B0D-7EC35F3384D5}.Debug|Mixed Platforms.ActiveCfg = Debug|Any CPU
		{2BF60432-F87E-4D45-8B0D-7EC35F3384D5}.Debug|Mixed Platforms.Build.0 = Debug|Any CPU
		{2BF60432-F87E-4D45-8B0D-7EC35F3384D5}.Debug|x86.ActiveCfg = Debug|Any CPU
		{2BF60432-F87E-4D45-8B0D-7EC35F3384D5}.Release|Any CPU.ActiveCfg = Release|Any CPU
		{2BF60432-F87E-4D45-8B0D-7EC35F3384D5}.Release|Any CPU.Build.0 = Release|Any CPU
		{2BF60432-F87E-4D45-8B0D-7EC35F3384D5}.Release|Mixed Platforms.ActiveCfg = Release|Any CPU
		{2BF60432-F87E-4D45-8B0D-7EC35F3384D5}.Release|Mixed Platforms.Build.0 = Release|Any CPU
		{2BF60432-F87E-4D45-8B0D-7EC35F3384D5}.Release|x86.ActiveCfg = Release|Any CPU
		{DEDCDF0F-15B1-4E90-B0A3-5FC5331C5436}.Debug|Any CPU.ActiveCfg = Debug|Any CPU
		{DEDCDF0F-15B1-4E90-B0A3-5FC5331C5436}.Debug|Any CPU.Build.0 = Debug|Any CPU
		{DEDCDF0F-15B1-4E90-B0A3-5FC5331C5436}.Debug|Mixed Platforms.ActiveCfg = Debug|Any CPU
		{DEDCDF0F-15B1-4E90-B0A3-5FC5331C5436}.Debug|Mixed Platforms.Build.0 = Debug|Any CPU
		{DEDCDF0F-15B1-4E90-B0A3-5FC5331C5436}.Debug|x86.ActiveCfg = Debug|Any CPU
		{DEDCDF0F-15B1-4E90-B0A3-5FC5331C5436}.Release|Any CPU.ActiveCfg = Release|Any CPU
		{DEDCDF0F-15B1-4E90-B0A3-5FC5331C5436}.Release|Any CPU.Build.0 = Release|Any CPU
		{DEDCDF0F-15B1-4E90-B0A3-5FC5331C5436}.Release|Mixed Platforms.ActiveCfg = Release|Any CPU
		{DEDCDF0F-15B1-4E90-B0A3-5FC5331C5436}.Release|Mixed Platforms.Build.0 = Release|Any CPU
		{DEDCDF0F-15B1-4E90-B0A3-5FC5331C5436}.Release|x86.ActiveCfg = Release|Any CPU
		{9623BDA9-937A-4888-8970-BEBBE7FEC131}.Debug|Any CPU.ActiveCfg = Debug|Any CPU
		{9623BDA9-937A-4888-8970-BEBBE7FEC131}.Debug|Any CPU.Build.0 = Debug|Any CPU
		{9623BDA9-937A-4888-8970-BEBBE7FEC131}.Debug|Mixed Platforms.ActiveCfg = Debug|Any CPU
		{9623BDA9-937A-4888-8970-BEBBE7FEC131}.Debug|Mixed Platforms.Build.0 = Debug|Any CPU
		{9623BDA9-937A-4888-8970-BEBBE7FEC131}.Debug|x86.ActiveCfg = Debug|Any CPU
		{9623BDA9-937A-4888-8970-BEBBE7FEC131}.Release|Any CPU.ActiveCfg = Release|Any CPU
		{9623BDA9-937A-4888-8970-BEBBE7FEC131}.Release|Any CPU.Build.0 = Release|Any CPU
		{9623BDA9-937A-4888-8970-BEBBE7FEC131}.Release|Mixed Platforms.ActiveCfg = Release|Any CPU
		{9623BDA9-937A-4888-8970-BEBBE7FEC131}.Release|Mixed Platforms.Build.0 = Release|Any CPU
		{9623BDA9-937A-4888-8970-BEBBE7FEC131}.Release|x86.ActiveCfg = Release|Any CPU
		{D1D13473-4D5E-409D-9C95-35750985378E}.Debug|Any CPU.ActiveCfg = Debug|x86
		{D1D13473-4D5E-409D-9C95-35750985378E}.Debug|Mixed Platforms.ActiveCfg = Debug|x86
		{D1D13473-4D5E-409D-9C95-35750985378E}.Debug|Mixed Platforms.Build.0 = Debug|x86
		{D1D13473-4D5E-409D-9C95-35750985378E}.Debug|x86.ActiveCfg = Debug|x86
		{D1D13473-4D5E-409D-9C95-35750985378E}.Debug|x86.Build.0 = Debug|x86
		{D1D13473-4D5E-409D-9C95-35750985378E}.Release|Any CPU.ActiveCfg = Release|x86
		{D1D13473-4D5E-409D-9C95-35750985378E}.Release|Mixed Platforms.ActiveCfg = Release|x86
		{D1D13473-4D5E-409D-9C95-35750985378E}.Release|Mixed Platforms.Build.0 = Release|x86
		{D1D13473-4D5E-409D-9C95-35750985378E}.Release|x86.ActiveCfg = Release|x86
		{D1D13473-4D5E-409D-9C95-35750985378E}.Release|x86.Build.0 = Release|x86
		{EDEA27F9-7BBB-499E-A06F-5E23F8804A62}.Debug|Any CPU.ActiveCfg = Debug|Any CPU
		{EDEA27F9-7BBB-499E-A06F-5E23F8804A62}.Debug|Any CPU.Build.0 = Debug|Any CPU
		{EDEA27F9-7BBB-499E-A06F-5E23F8804A62}.Debug|Mixed Platforms.ActiveCfg = Debug|Any CPU
		{EDEA27F9-7BBB-499E-A06F-5E23F8804A62}.Debug|Mixed Platforms.Build.0 = Debug|Any CPU
		{EDEA27F9-7BBB-499E-A06F-5E23F8804A62}.Debug|x86.ActiveCfg = Debug|Any CPU
		{EDEA27F9-7BBB-499E-A06F-5E23F8804A62}.Release|Any CPU.ActiveCfg = Release|Any CPU
		{EDEA27F9-7BBB-499E-A06F-5E23F8804A62}.Release|Any CPU.Build.0 = Release|Any CPU
		{EDEA27F9-7BBB-499E-A06F-5E23F8804A62}.Release|Mixed Platforms.ActiveCfg = Release|Any CPU
		{EDEA27F9-7BBB-499E-A06F-5E23F8804A62}.Release|Mixed Platforms.Build.0 = Release|Any CPU
		{EDEA27F9-7BBB-499E-A06F-5E23F8804A62}.Release|x86.ActiveCfg = Release|Any CPU
		{DC8B63B8-7788-4B97-A610-89C5E2ADDDA2}.Debug|Any CPU.ActiveCfg = Debug|Any CPU
		{DC8B63B8-7788-4B97-A610-89C5E2ADDDA2}.Debug|Any CPU.Build.0 = Debug|Any CPU
		{DC8B63B8-7788-4B97-A610-89C5E2ADDDA2}.Debug|Mixed Platforms.ActiveCfg = Debug|Any CPU
		{DC8B63B8-7788-4B97-A610-89C5E2ADDDA2}.Debug|Mixed Platforms.Build.0 = Debug|Any CPU
		{DC8B63B8-7788-4B97-A610-89C5E2ADDDA2}.Debug|x86.ActiveCfg = Debug|Any CPU
		{DC8B63B8-7788-4B97-A610-89C5E2ADDDA2}.Release|Any CPU.ActiveCfg = Release|Any CPU
		{DC8B63B8-7788-4B97-A610-89C5E2ADDDA2}.Release|Any CPU.Build.0 = Release|Any CPU
		{DC8B63B8-7788-4B97-A610-89C5E2ADDDA2}.Release|Mixed Platforms.ActiveCfg = Release|Any CPU
		{DC8B63B8-7788-4B97-A610-89C5E2ADDDA2}.Release|Mixed Platforms.Build.0 = Release|Any CPU
		{DC8B63B8-7788-4B97-A610-89C5E2ADDDA2}.Release|x86.ActiveCfg = Release|Any CPU
		{1EB35F86-DA6C-4691-A2C5-8587129B520D}.Debug|Any CPU.ActiveCfg = Debug|Any CPU
		{1EB35F86-DA6C-4691-A2C5-8587129B520D}.Debug|Any CPU.Build.0 = Debug|Any CPU
		{1EB35F86-DA6C-4691-A2C5-8587129B520D}.Debug|Mixed Platforms.ActiveCfg = Debug|Any CPU
		{1EB35F86-DA6C-4691-A2C5-8587129B520D}.Debug|Mixed Platforms.Build.0 = Debug|Any CPU
		{1EB35F86-DA6C-4691-A2C5-8587129B520D}.Debug|x86.ActiveCfg = Debug|Any CPU
		{1EB35F86-DA6C-4691-A2C5-8587129B520D}.Release|Any CPU.ActiveCfg = Release|Any CPU
		{1EB35F86-DA6C-4691-A2C5-8587129B520D}.Release|Any CPU.Build.0 = Release|Any CPU
		{1EB35F86-DA6C-4691-A2C5-8587129B520D}.Release|Mixed Platforms.ActiveCfg = Release|Any CPU
		{1EB35F86-DA6C-4691-A2C5-8587129B520D}.Release|Mixed Platforms.Build.0 = Release|Any CPU
		{1EB35F86-DA6C-4691-A2C5-8587129B520D}.Release|x86.ActiveCfg = Release|Any CPU
		{2BF97DAC-6DEC-4576-B994-813686F5B0CA}.Debug|Any CPU.ActiveCfg = Debug|Any CPU
		{2BF97DAC-6DEC-4576-B994-813686F5B0CA}.Debug|Any CPU.Build.0 = Debug|Any CPU
		{2BF97DAC-6DEC-4576-B994-813686F5B0CA}.Debug|Mixed Platforms.ActiveCfg = Debug|Any CPU
		{2BF97DAC-6DEC-4576-B994-813686F5B0CA}.Debug|Mixed Platforms.Build.0 = Debug|Any CPU
		{2BF97DAC-6DEC-4576-B994-813686F5B0CA}.Debug|x86.ActiveCfg = Debug|Any CPU
		{2BF97DAC-6DEC-4576-B994-813686F5B0CA}.Release|Any CPU.ActiveCfg = Release|Any CPU
		{2BF97DAC-6DEC-4576-B994-813686F5B0CA}.Release|Any CPU.Build.0 = Release|Any CPU
		{2BF97DAC-6DEC-4576-B994-813686F5B0CA}.Release|Mixed Platforms.ActiveCfg = Release|Any CPU
		{2BF97DAC-6DEC-4576-B994-813686F5B0CA}.Release|Mixed Platforms.Build.0 = Release|Any CPU
		{2BF97DAC-6DEC-4576-B994-813686F5B0CA}.Release|x86.ActiveCfg = Release|Any CPU
		{41785223-CF12-4A54-9D09-E017A5C362E9}.Debug|Any CPU.ActiveCfg = Debug|Any CPU
		{41785223-CF12-4A54-9D09-E017A5C362E9}.Debug|Any CPU.Build.0 = Debug|Any CPU
		{41785223-CF12-4A54-9D09-E017A5C362E9}.Debug|Mixed Platforms.ActiveCfg = Debug|Any CPU
		{41785223-CF12-4A54-9D09-E017A5C362E9}.Debug|Mixed Platforms.Build.0 = Debug|Any CPU
		{41785223-CF12-4A54-9D09-E017A5C362E9}.Debug|x86.ActiveCfg = Debug|Any CPU
		{41785223-CF12-4A54-9D09-E017A5C362E9}.Release|Any CPU.ActiveCfg = Release|Any CPU
		{41785223-CF12-4A54-9D09-E017A5C362E9}.Release|Any CPU.Build.0 = Release|Any CPU
		{41785223-CF12-4A54-9D09-E017A5C362E9}.Release|Mixed Platforms.ActiveCfg = Release|Any CPU
		{41785223-CF12-4A54-9D09-E017A5C362E9}.Release|Mixed Platforms.Build.0 = Release|Any CPU
		{41785223-CF12-4A54-9D09-E017A5C362E9}.Release|x86.ActiveCfg = Release|Any CPU
		{F1B1FD4F-F40F-4739-8EE4-D683440396DA}.Debug|Any CPU.ActiveCfg = Debug|Any CPU
		{F1B1FD4F-F40F-4739-8EE4-D683440396DA}.Debug|Any CPU.Build.0 = Debug|Any CPU
		{F1B1FD4F-F40F-4739-8EE4-D683440396DA}.Debug|Mixed Platforms.ActiveCfg = Debug|Any CPU
		{F1B1FD4F-F40F-4739-8EE4-D683440396DA}.Debug|Mixed Platforms.Build.0 = Debug|Any CPU
		{F1B1FD4F-F40F-4739-8EE4-D683440396DA}.Debug|x86.ActiveCfg = Debug|Any CPU
		{F1B1FD4F-F40F-4739-8EE4-D683440396DA}.Release|Any CPU.ActiveCfg = Release|Any CPU
		{F1B1FD4F-F40F-4739-8EE4-D683440396DA}.Release|Any CPU.Build.0 = Release|Any CPU
		{F1B1FD4F-F40F-4739-8EE4-D683440396DA}.Release|Mixed Platforms.ActiveCfg = Release|Any CPU
		{F1B1FD4F-F40F-4739-8EE4-D683440396DA}.Release|Mixed Platforms.Build.0 = Release|Any CPU
		{F1B1FD4F-F40F-4739-8EE4-D683440396DA}.Release|x86.ActiveCfg = Release|Any CPU
		{A763CC8F-835E-444C-9A9F-88E7A443C1B2}.Debug|Any CPU.ActiveCfg = Debug|Any CPU
		{A763CC8F-835E-444C-9A9F-88E7A443C1B2}.Debug|Any CPU.Build.0 = Debug|Any CPU
		{A763CC8F-835E-444C-9A9F-88E7A443C1B2}.Debug|Mixed Platforms.ActiveCfg = Debug|Any CPU
		{A763CC8F-835E-444C-9A9F-88E7A443C1B2}.Debug|Mixed Platforms.Build.0 = Debug|Any CPU
		{A763CC8F-835E-444C-9A9F-88E7A443C1B2}.Debug|x86.ActiveCfg = Debug|Any CPU
		{A763CC8F-835E-444C-9A9F-88E7A443C1B2}.Release|Any CPU.ActiveCfg = Release|Any CPU
		{A763CC8F-835E-444C-9A9F-88E7A443C1B2}.Release|Any CPU.Build.0 = Release|Any CPU
		{A763CC8F-835E-444C-9A9F-88E7A443C1B2}.Release|Mixed Platforms.ActiveCfg = Release|Any CPU
		{A763CC8F-835E-444C-9A9F-88E7A443C1B2}.Release|Mixed Platforms.Build.0 = Release|Any CPU
		{A763CC8F-835E-444C-9A9F-88E7A443C1B2}.Release|x86.ActiveCfg = Release|Any CPU
		{C955D066-015D-40A4-B8AD-921888D1DA95}.Debug|Any CPU.ActiveCfg = Debug|Any CPU
		{C955D066-015D-40A4-B8AD-921888D1DA95}.Debug|Any CPU.Build.0 = Debug|Any CPU
		{C955D066-015D-40A4-B8AD-921888D1DA95}.Debug|Mixed Platforms.ActiveCfg = Debug|Any CPU
		{C955D066-015D-40A4-B8AD-921888D1DA95}.Debug|Mixed Platforms.Build.0 = Debug|Any CPU
		{C955D066-015D-40A4-B8AD-921888D1DA95}.Debug|x86.ActiveCfg = Debug|Any CPU
		{C955D066-015D-40A4-B8AD-921888D1DA95}.Release|Any CPU.ActiveCfg = Release|Any CPU
		{C955D066-015D-40A4-B8AD-921888D1DA95}.Release|Any CPU.Build.0 = Release|Any CPU
		{C955D066-015D-40A4-B8AD-921888D1DA95}.Release|Mixed Platforms.ActiveCfg = Release|Any CPU
		{C955D066-015D-40A4-B8AD-921888D1DA95}.Release|Mixed Platforms.Build.0 = Release|Any CPU
		{C955D066-015D-40A4-B8AD-921888D1DA95}.Release|x86.ActiveCfg = Release|Any CPU
		{8600AA6F-79D2-4BE2-89AD-4CAEDFC182D4}.Debug|Any CPU.ActiveCfg = Debug|Any CPU
		{8600AA6F-79D2-4BE2-89AD-4CAEDFC182D4}.Debug|Any CPU.Build.0 = Debug|Any CPU
		{8600AA6F-79D2-4BE2-89AD-4CAEDFC182D4}.Debug|Mixed Platforms.ActiveCfg = Debug|Any CPU
		{8600AA6F-79D2-4BE2-89AD-4CAEDFC182D4}.Debug|Mixed Platforms.Build.0 = Debug|Any CPU
		{8600AA6F-79D2-4BE2-89AD-4CAEDFC182D4}.Debug|x86.ActiveCfg = Debug|Any CPU
		{8600AA6F-79D2-4BE2-89AD-4CAEDFC182D4}.Release|Any CPU.ActiveCfg = Release|Any CPU
		{8600AA6F-79D2-4BE2-89AD-4CAEDFC182D4}.Release|Any CPU.Build.0 = Release|Any CPU
		{8600AA6F-79D2-4BE2-89AD-4CAEDFC182D4}.Release|Mixed Platforms.ActiveCfg = Release|Any CPU
		{8600AA6F-79D2-4BE2-89AD-4CAEDFC182D4}.Release|Mixed Platforms.Build.0 = Release|Any CPU
		{8600AA6F-79D2-4BE2-89AD-4CAEDFC182D4}.Release|x86.ActiveCfg = Release|Any CPU
		{4244D026-9657-41AD-8CFB-AA70E2372CF5}.Debug|Any CPU.ActiveCfg = Debug|Any CPU
		{4244D026-9657-41AD-8CFB-AA70E2372CF5}.Debug|Any CPU.Build.0 = Debug|Any CPU
		{4244D026-9657-41AD-8CFB-AA70E2372CF5}.Debug|Mixed Platforms.ActiveCfg = Debug|Any CPU
		{4244D026-9657-41AD-8CFB-AA70E2372CF5}.Debug|Mixed Platforms.Build.0 = Debug|Any CPU
		{4244D026-9657-41AD-8CFB-AA70E2372CF5}.Debug|x86.ActiveCfg = Debug|Any CPU
		{4244D026-9657-41AD-8CFB-AA70E2372CF5}.Release|Any CPU.ActiveCfg = Release|Any CPU
		{4244D026-9657-41AD-8CFB-AA70E2372CF5}.Release|Any CPU.Build.0 = Release|Any CPU
		{4244D026-9657-41AD-8CFB-AA70E2372CF5}.Release|Mixed Platforms.ActiveCfg = Release|Any CPU
		{4244D026-9657-41AD-8CFB-AA70E2372CF5}.Release|Mixed Platforms.Build.0 = Release|Any CPU
		{4244D026-9657-41AD-8CFB-AA70E2372CF5}.Release|x86.ActiveCfg = Release|Any CPU
	EndGlobalSection
	GlobalSection(SolutionProperties) = preSolution
		HideSolutionNode = FALSE
	EndGlobalSection
	GlobalSection(NestedProjects) = preSolution
		{20E26EB4-2A50-4D6B-B946-EF7E64F497E8} = {3BBD53CF-FD94-413D-B3B8-C2A0D9AAC4DC}
		{41DA2181-3591-447B-A183-E79D34AA7907} = {3BBD53CF-FD94-413D-B3B8-C2A0D9AAC4DC}
		{16914DD0-5805-4250-879B-26FEB00FA7BD} = {3BBD53CF-FD94-413D-B3B8-C2A0D9AAC4DC}
		{943AD349-5431-4B9F-9DF4-A6DF5390B484} = {3BBD53CF-FD94-413D-B3B8-C2A0D9AAC4DC}
		{9623BDA9-937A-4888-8970-BEBBE7FEC131} = {3BBD53CF-FD94-413D-B3B8-C2A0D9AAC4DC}
		{DC8B63B8-7788-4B97-A610-89C5E2ADDDA2} = {3BBD53CF-FD94-413D-B3B8-C2A0D9AAC4DC}
		{8600AA6F-79D2-4BE2-89AD-4CAEDFC182D4} = {3BBD53CF-FD94-413D-B3B8-C2A0D9AAC4DC}
		{F749C03B-EC1A-460E-ACF8-05F70AD7512A} = {0F6D840F-1B1D-47DF-9007-C725CB01A384}
		{DEDCDF0F-15B1-4E90-B0A3-5FC5331C5436} = {0F6D840F-1B1D-47DF-9007-C725CB01A384}
		{F1B1FD4F-F40F-4739-8EE4-D683440396DA} = {0F6D840F-1B1D-47DF-9007-C725CB01A384}
		{2BF60432-F87E-4D45-8B0D-7EC35F3384D5} = {A2ECBC2B-7305-4326-8B33-5F1F45F60FAE}
		{D1D13473-4D5E-409D-9C95-35750985378E} = {A2ECBC2B-7305-4326-8B33-5F1F45F60FAE}
		{1EB35F86-DA6C-4691-A2C5-8587129B520D} = {A2ECBC2B-7305-4326-8B33-5F1F45F60FAE}
		{41785223-CF12-4A54-9D09-E017A5C362E9} = {A2ECBC2B-7305-4326-8B33-5F1F45F60FAE}
		{C955D066-015D-40A4-B8AD-921888D1DA95} = {A2ECBC2B-7305-4326-8B33-5F1F45F60FAE}
		{4244D026-9657-41AD-8CFB-AA70E2372CF5} = {A2ECBC2B-7305-4326-8B33-5F1F45F60FAE}
		{ADA070F7-75E5-4D33-AA48-534C5F8ABDCC} = {9F74F4C2-9999-4E1D-93DD-413B4E40DE5A}
		{69621991-8933-41FD-8493-87E7FA5A26FE} = {1EAD9709-4A11-4DC2-A8EF-6005BA4E36EA}
		{EDEA27F9-7BBB-499E-A06F-5E23F8804A62} = {1EAD9709-4A11-4DC2-A8EF-6005BA4E36EA}
		{2BF97DAC-6DEC-4576-B994-813686F5B0CA} = {1EAD9709-4A11-4DC2-A8EF-6005BA4E36EA}
		{A763CC8F-835E-444C-9A9F-88E7A443C1B2} = {1EAD9709-4A11-4DC2-A8EF-6005BA4E36EA}
	EndGlobalSection
	GlobalSection(ExtensibilityGlobals) = postSolution
		EnterpriseLibraryConfigurationToolBinariesPath = packages\Unity.2.1.505.0\lib\NET35;packages\Unity.Interception.2.1.505.0\lib\NET35;packages\EnterpriseLibrary.Common.5.0.505.0\lib\NET35;packages\EnterpriseLibrary.Logging.5.0.505.1\lib\NET35;packages\EnterpriseLibrary.ExceptionHandling.5.0.505.0\lib\NET35
	EndGlobalSection
EndGlobal
